{
  "version": 4,
  "terraform_version": "0.14.4",
  "serial": 60,
  "lineage": "3b56fc49-b440-8a00-d7b9-8ed3ce2ae757",
  "outputs": {
    "load_balancer_dns": {
      "value": "vault-2021062822472728170000000f-1579797275.us-east-1.elb.amazonaws.com",
      "type": "string"
    },
    "vpc_id": {
      "value": "vpc-015a1f8408c55ec30",
      "type": "string"
    },
    "vpc_ipv4_cidr": {
      "value": "10.255.0.0/20",
      "type": "string"
    },
    "vpc_ipv6_cidr": {
      "value": "2600:1f18:ca2::/56",
      "type": "string"
    }
  },
  "resources": [
    {
      "mode": "data",
      "type": "aws_acm_certificate",
      "name": "vault_alb_cert",
      "provider": "provider[\"registry.terraform.io/hashicorp/aws\"]",
      "instances": [
        {
          "schema_version": 0,
          "attributes": {
            "arn": "arn:aws:acm:us-east-1:029094599989:certificate/fefbea18-98fc-42ce-8baf-acc9e26f2ff7",
            "domain": "stage.vault.n3twork.com",
            "id": "arn:aws:acm:us-east-1:029094599989:certificate/fefbea18-98fc-42ce-8baf-acc9e26f2ff7",
            "key_types": null,
            "most_recent": false,
            "statuses": null,
            "tags": {},
            "types": null
          },
          "sensitive_attributes": []
        }
      ]
    },
    {
      "mode": "data",
      "type": "aws_availability_zones",
      "name": "available",
      "provider": "provider[\"registry.terraform.io/hashicorp/aws\"]",
      "instances": [
        {
          "schema_version": 0,
          "attributes": {
            "all_availability_zones": null,
            "exclude_names": null,
            "exclude_zone_ids": null,
            "filter": null,
            "group_names": [
              "us-east-1"
            ],
            "id": "us-east-1",
            "names": [
              "us-east-1a",
              "us-east-1b",
              "us-east-1c",
              "us-east-1d",
              "us-east-1e",
              "us-east-1f"
            ],
            "state": "available",
            "zone_ids": [
              "use1-az1",
              "use1-az2",
              "use1-az4",
              "use1-az6",
              "use1-az3",
              "use1-az5"
            ]
          },
          "sensitive_attributes": []
        }
      ]
    },
    {
      "mode": "data",
      "type": "aws_caller_identity",
      "name": "current",
      "provider": "provider[\"registry.terraform.io/hashicorp/aws\"]",
      "instances": [
        {
          "schema_version": 0,
          "attributes": {
            "account_id": "029094599989",
            "arn": "arn:aws:sts::029094599989:assumed-role/OneLogin_Admin/mark@n3twork.com",
            "id": "029094599989",
            "user_id": "AROAJ4DMMXXAQDIQXV2WW:mark@n3twork.com"
          },
          "sensitive_attributes": []
        }
      ]
    },
    {
      "mode": "data",
      "type": "aws_iam_policy_document",
      "name": "asg_trust_policy",
      "provider": "provider[\"registry.terraform.io/hashicorp/aws\"]",
      "instances": [
        {
          "schema_version": 0,
          "attributes": {
            "id": "1903849331",
            "json": "{\n  \"Version\": \"2012-10-17\",\n  \"Statement\": [\n    {\n      \"Sid\": \"\",\n      \"Effect\": \"Allow\",\n      \"Action\": \"sts:AssumeRole\",\n      \"Principal\": {\n        \"Service\": \"ec2.amazonaws.com\"\n      }\n    }\n  ]\n}",
            "override_json": null,
            "override_policy_documents": null,
            "policy_id": null,
            "source_json": null,
            "source_policy_documents": null,
            "statement": [
              {
                "actions": [
                  "sts:AssumeRole"
                ],
                "condition": [],
                "effect": "Allow",
                "not_actions": [],
                "not_principals": [],
                "not_resources": [],
                "principals": [
                  {
                    "identifiers": [
                      "ec2.amazonaws.com"
                    ],
                    "type": "Service"
                  }
                ],
                "resources": [],
                "sid": ""
              }
            ],
            "version": "2012-10-17"
          },
          "sensitive_attributes": []
        }
      ]
    },
    {
      "mode": "data",
      "type": "aws_iam_policy_document",
      "name": "dynamodb_vault_policy",
      "provider": "provider[\"registry.terraform.io/hashicorp/aws\"]",
      "instances": [
        {
          "schema_version": 0,
          "attributes": {
            "id": "2516715467",
            "json": "{\n  \"Version\": \"2012-10-17\",\n  \"Statement\": [\n    {\n      \"Sid\": \"ManageTable\",\n      \"Effect\": \"Allow\",\n      \"Action\": [\n        \"dynamodb:UpdateItem\",\n        \"dynamodb:PutItem\",\n        \"dynamodb:ListTagsOfResource\",\n        \"dynamodb:GetItem\",\n        \"dynamodb:DescribeTimeToLive\",\n        \"dynamodb:DescribeTable\",\n        \"dynamodb:DeleteItem\",\n        \"dynamodb:BatchWriteItem\",\n        \"dynamodb:BatchGetItem\"\n      ],\n      \"Resource\": \"arn:aws:dynamodb:us-east-1:029094599989:table/vault_storage\"\n    },\n    {\n      \"Sid\": \"GetStreamRecords\",\n      \"Effect\": \"Allow\",\n      \"Action\": \"dynamodb:GetRecords\",\n      \"Resource\": \"arn:aws:dynamodb:us-east-1:029094599989:table/vault_storage/stream/*\"\n    },\n    {\n      \"Sid\": \"QueryAndScanTable\",\n      \"Effect\": \"Allow\",\n      \"Action\": [\n        \"dynamodb:Scan\",\n        \"dynamodb:Query\"\n      ],\n      \"Resource\": [\n        \"arn:aws:dynamodb:us-east-1:029094599989:table/vault_storage/index/*\",\n        \"arn:aws:dynamodb:us-east-1:029094599989:table/vault_storage\"\n      ]\n    }\n  ]\n}",
            "override_json": null,
            "override_policy_documents": null,
            "policy_id": null,
            "source_json": null,
            "source_policy_documents": null,
            "statement": [
              {
                "actions": [
                  "dynamodb:BatchGetItem",
                  "dynamodb:BatchWriteItem",
                  "dynamodb:DeleteItem",
                  "dynamodb:DescribeTable",
                  "dynamodb:DescribeTimeToLive",
                  "dynamodb:GetItem",
                  "dynamodb:ListTagsOfResource",
                  "dynamodb:PutItem",
                  "dynamodb:UpdateItem"
                ],
                "condition": [],
                "effect": "Allow",
                "not_actions": [],
                "not_principals": [],
                "not_resources": [],
                "principals": [],
                "resources": [
                  "arn:aws:dynamodb:us-east-1:029094599989:table/vault_storage"
                ],
                "sid": "ManageTable"
              },
              {
                "actions": [
                  "dynamodb:GetRecords"
                ],
                "condition": [],
                "effect": "Allow",
                "not_actions": [],
                "not_principals": [],
                "not_resources": [],
                "principals": [],
                "resources": [
                  "arn:aws:dynamodb:us-east-1:029094599989:table/vault_storage/stream/*"
                ],
                "sid": "GetStreamRecords"
              },
              {
                "actions": [
                  "dynamodb:Query",
                  "dynamodb:Scan"
                ],
                "condition": [],
                "effect": "Allow",
                "not_actions": [],
                "not_principals": [],
                "not_resources": [],
                "principals": [],
                "resources": [
                  "arn:aws:dynamodb:us-east-1:029094599989:table/vault_storage",
                  "arn:aws:dynamodb:us-east-1:029094599989:table/vault_storage/index/*"
                ],
                "sid": "QueryAndScanTable"
              }
            ],
            "version": "2012-10-17"
          },
          "sensitive_attributes": []
        }
      ]
    },
    {
      "mode": "data",
      "type": "aws_iam_policy_document",
      "name": "kms_vault_policy",
      "provider": "provider[\"registry.terraform.io/hashicorp/aws\"]",
      "instances": [
        {
          "schema_version": 0,
          "attributes": {
            "id": "3024281756",
            "json": "{\n  \"Version\": \"2012-10-17\",\n  \"Statement\": [\n    {\n      \"Sid\": \"EncryptDecryptAndDescribe\",\n      \"Effect\": \"Allow\",\n      \"Action\": [\n        \"kms:Encrypt\",\n        \"kms:DescribeKey\",\n        \"kms:Decrypt\"\n      ],\n      \"Resource\": \"arn:aws:kms:us-east-1:029094599989:key/9c02f9e2-76a9-4469-acbe-4e065015aecf\"\n    }\n  ]\n}",
            "override_json": null,
            "override_policy_documents": null,
            "policy_id": null,
            "source_json": null,
            "source_policy_documents": null,
            "statement": [
              {
                "actions": [
                  "kms:Decrypt",
                  "kms:DescribeKey",
                  "kms:Encrypt"
                ],
                "condition": [],
                "effect": "Allow",
                "not_actions": [],
                "not_principals": [],
                "not_resources": [],
                "principals": [],
                "resources": [
                  "arn:aws:kms:us-east-1:029094599989:key/9c02f9e2-76a9-4469-acbe-4e065015aecf"
                ],
                "sid": "EncryptDecryptAndDescribe"
              }
            ],
            "version": "2012-10-17"
          },
          "sensitive_attributes": []
        }
      ]
    },
    {
      "mode": "data",
      "type": "aws_iam_policy_document",
      "name": "s3_vault_policy",
      "provider": "provider[\"registry.terraform.io/hashicorp/aws\"]",
      "instances": [
        {
          "schema_version": 0,
          "attributes": {
            "id": "538948551",
            "json": "{\n  \"Version\": \"2012-10-17\",\n  \"Statement\": [\n    {\n      \"Sid\": \"PutObjects\",\n      \"Effect\": \"Allow\",\n      \"Action\": \"s3:PutObject\",\n      \"Resource\": \"arn:aws:s3:::vault-deployment-20210628224656636200000002/*\"\n    }\n  ]\n}",
            "override_json": null,
            "override_policy_documents": null,
            "policy_id": null,
            "source_json": null,
            "source_policy_documents": null,
            "statement": [
              {
                "actions": [
                  "s3:PutObject"
                ],
                "condition": [],
                "effect": "Allow",
                "not_actions": [],
                "not_principals": [],
                "not_resources": [],
                "principals": [],
                "resources": [
                  "arn:aws:s3:::vault-deployment-20210628224656636200000002/*"
                ],
                "sid": "PutObjects"
              }
            ],
            "version": "2012-10-17"
          },
          "sensitive_attributes": []
        }
      ]
    },
    {
      "mode": "data",
      "type": "aws_region",
      "name": "current",
      "provider": "provider[\"registry.terraform.io/hashicorp/aws\"]",
      "instances": [
        {
          "schema_version": 0,
          "attributes": {
            "description": "US East (N. Virginia)",
            "endpoint": "ec2.us-east-1.amazonaws.com",
            "id": "us-east-1",
            "name": "us-east-1"
          },
          "sensitive_attributes": []
        }
      ]
    },
    {
      "mode": "data",
      "type": "aws_ssm_parameter",
      "name": "latest_ami",
      "provider": "provider[\"registry.terraform.io/hashicorp/aws\"]",
      "instances": [
        {
          "schema_version": 0,
          "attributes": {
            "arn": "arn:aws:ssm:us-east-1::parameter/aws/service/ami-amazon-linux-latest/amzn2-ami-hvm-x86_64-gp2",
            "id": "/aws/service/ami-amazon-linux-latest/amzn2-ami-hvm-x86_64-gp2",
            "name": "/aws/service/ami-amazon-linux-latest/amzn2-ami-hvm-x86_64-gp2",
            "type": "String",
            "value": "ami-0ab4d1e9cf9a1215a",
            "version": 48,
            "with_decryption": true
          },
          "sensitive_attributes": []
        }
      ]
    },
    {
      "mode": "data",
      "type": "aws_vpc_endpoint_service",
      "name": "dynamodb",
      "provider": "provider[\"registry.terraform.io/hashicorp/aws\"]",
      "instances": [
        {
          "schema_version": 0,
          "attributes": {
            "acceptance_required": false,
            "arn": "arn:aws:ec2:us-east-1:029094599989:vpc-endpoint-service/vpce-svc-099eb39957ebe7ecc",
            "availability_zones": [
              "us-east-1a",
              "us-east-1b",
              "us-east-1c",
              "us-east-1d",
              "us-east-1e",
              "us-east-1f"
            ],
            "base_endpoint_dns_names": [
              "dynamodb.us-east-1.amazonaws.com"
            ],
            "filter": null,
            "id": "2816157640",
            "manages_vpc_endpoints": false,
            "owner": "amazon",
            "private_dns_name": "",
            "service": "dynamodb",
            "service_id": "vpce-svc-099eb39957ebe7ecc",
            "service_name": "com.amazonaws.us-east-1.dynamodb",
            "service_type": "Gateway",
            "tags": {},
            "vpc_endpoint_policy_supported": true
          },
          "sensitive_attributes": []
        }
      ]
    },
    {
      "mode": "data",
      "type": "aws_vpc_endpoint_service",
      "name": "kms",
      "provider": "provider[\"registry.terraform.io/hashicorp/aws\"]",
      "instances": [
        {
          "schema_version": 0,
          "attributes": {
            "acceptance_required": false,
            "arn": "arn:aws:ec2:us-east-1:029094599989:vpc-endpoint-service/vpce-svc-06e89c5fa1e953a07",
            "availability_zones": [
              "us-east-1a",
              "us-east-1b",
              "us-east-1c",
              "us-east-1d",
              "us-east-1e",
              "us-east-1f"
            ],
            "base_endpoint_dns_names": [
              "kms.us-east-1.vpce.amazonaws.com"
            ],
            "filter": null,
            "id": "140981279",
            "manages_vpc_endpoints": false,
            "owner": "amazon",
            "private_dns_name": "kms.us-east-1.amazonaws.com",
            "service": "kms",
            "service_id": "vpce-svc-06e89c5fa1e953a07",
            "service_name": "com.amazonaws.us-east-1.kms",
            "service_type": "Interface",
            "tags": {},
            "vpc_endpoint_policy_supported": true
          },
          "sensitive_attributes": []
        }
      ]
    },
    {
      "mode": "managed",
      "type": "aws_autoscaling_group",
      "name": "vault-asg",
      "provider": "provider[\"registry.terraform.io/hashicorp/aws\"]",
      "instances": [
        {
          "schema_version": 0,
          "attributes": {
            "arn": "arn:aws:autoscaling:us-east-1:029094599989:autoScalingGroup:56f70a2e-be2b-4270-83a2-d264cba20913:autoScalingGroupName/vault-deployment-asg-20210628225732532700000001",
            "availability_zones": [
              "us-east-1a",
              "us-east-1b"
            ],
            "capacity_rebalance": false,
            "default_cooldown": 300,
            "desired_capacity": 2,
            "enabled_metrics": [
              "GroupDesiredCapacity",
              "GroupInServiceCapacity",
              "GroupInServiceInstances",
              "GroupMaxSize",
              "GroupMinSize",
              "GroupPendingCapacity",
              "GroupPendingInstances",
              "GroupStandbyCapacity",
              "GroupStandbyInstances",
              "GroupTerminatingCapacity",
              "GroupTerminatingInstances",
              "GroupTotalCapacity",
              "GroupTotalInstances"
            ],
            "force_delete": false,
            "force_delete_warm_pool": false,
            "health_check_grace_period": 300,
            "health_check_type": "EC2",
            "id": "vault-deployment-asg-20210628225732532700000001",
            "initial_lifecycle_hook": [],
            "instance_refresh": [],
            "launch_configuration": "",
            "launch_template": [
              {
                "id": "lt-0d6527fce7045f1d9",
                "name": "vault-deployment-lt-2021062822471677270000000c",
                "version": "1"
              }
            ],
            "load_balancers": null,
            "max_instance_lifetime": 0,
            "max_size": 2,
            "metrics_granularity": "1Minute",
            "min_elb_capacity": null,
            "min_size": 2,
            "mixed_instances_policy": [],
            "name": "vault-deployment-asg-20210628225732532700000001",
            "name_prefix": "vault-deployment-asg-",
            "placement_group": "",
            "protect_from_scale_in": false,
            "service_linked_role_arn": "arn:aws:iam::029094599989:role/aws-service-role/autoscaling.amazonaws.com/AWSServiceRoleForAutoScaling",
            "suspended_processes": null,
            "tag": [],
            "tags": [
              {
                "key": "Name",
                "propagate_at_launch": "true",
                "value": "vault-deployment-instance"
              },
              {
                "key": "Project",
                "propagate_at_launch": "true",
                "value": "vault-deployment"
              }
            ],
            "target_group_arns": [
              "arn:aws:elasticloadbalancing:us-east-1:029094599989:targetgroup/vault-2021062822471336340000000a/a56c471f8d25cf84"
            ],
            "termination_policies": [
              "OldestLaunchTemplate"
            ],
            "timeouts": null,
            "vpc_zone_identifier": [
              "subnet-066000fa1789da496",
              "subnet-095568fa4e89b7066"
            ],
            "wait_for_capacity_timeout": "0",
            "wait_for_elb_capacity": null,
            "warm_pool": []
          },
          "sensitive_attributes": [],
          "private": "eyJlMmJmYjczMC1lY2FhLTExZTYtOGY4OC0zNDM2M2JjN2M0YzAiOnsiZGVsZXRlIjo2MDAwMDAwMDAwMDB9fQ==",
          "dependencies": [
            "aws_launch_template.vault_instance",
            "aws_lb_target_group.alb_targets",
            "aws_subnet.private"
          ]
        }
      ]
    },
    {
      "mode": "managed",
      "type": "aws_dynamodb_table",
      "name": "vault_storage",
      "provider": "provider[\"registry.terraform.io/hashicorp/aws\"]",
      "instances": [
        {
          "schema_version": 1,
          "attributes": {
            "arn": "arn:aws:dynamodb:us-east-1:029094599989:table/vault_storage",
            "attribute": [
              {
                "name": "Key",
                "type": "S"
              },
              {
                "name": "Path",
                "type": "S"
              }
            ],
            "billing_mode": "PAY_PER_REQUEST",
            "global_secondary_index": [],
            "hash_key": "Path",
            "id": "vault_storage",
            "local_secondary_index": [],
            "name": "vault_storage",
            "point_in_time_recovery": [
              {
                "enabled": false
              }
            ],
            "range_key": "Key",
            "read_capacity": 0,
            "replica": [],
            "server_side_encryption": [],
            "stream_arn": "",
            "stream_enabled": false,
            "stream_label": "",
            "stream_view_type": "",
            "tags": {
              "Name": "vault_storage",
              "Project": "vault-deployment"
            },
            "tags_all": {
              "Name": "vault_storage",
              "Project": "vault-deployment"
            },
            "timeouts": null,
            "ttl": [
              {
                "attribute_name": "",
                "enabled": false,
                "kms_key_arn": ""
              }
            ],
            "write_capacity": 0
          },
          "sensitive_attributes": [],
          "private": "eyJlMmJmYjczMC1lY2FhLTExZTYtOGY4OC0zNDM2M2JjN2M0YzAiOnsiY3JlYXRlIjoxMjAwMDAwMDAwMDAwLCJkZWxldGUiOjYwMDAwMDAwMDAwMCwidXBkYXRlIjozNjAwMDAwMDAwMDAwfSwic2NoZW1hX3ZlcnNpb24iOiIxIn0="
        }
      ]
    },
    {
      "mode": "managed",
      "type": "aws_egress_only_internet_gateway",
      "name": "eigw",
      "provider": "provider[\"registry.terraform.io/hashicorp/aws\"]",
      "instances": [
        {
          "schema_version": 0,
          "attributes": {
            "id": "eigw-0f92e25403aefd225",
            "tags": {},
            "tags_all": {},
            "vpc_id": "vpc-015a1f8408c55ec30"
          },
          "sensitive_attributes": [],
          "private": "bnVsbA==",
          "dependencies": [
            "aws_vpc.vault"
          ]
        }
      ]
    },
    {
      "mode": "managed",
      "type": "aws_eip",
      "name": "nat",
      "provider": "provider[\"registry.terraform.io/hashicorp/aws\"]",
      "instances": [
        {
          "index_key": 0,
          "schema_version": 0,
          "attributes": {
            "address": null,
            "allocation_id": null,
            "associate_with_private_ip": null,
            "association_id": "eipassoc-0325b95adc6e8a2dc",
            "carrier_ip": "",
            "customer_owned_ip": "",
            "customer_owned_ipv4_pool": "",
            "domain": "vpc",
            "id": "eipalloc-0678c67e0fc5ec0e9",
            "instance": "",
            "network_border_group": "us-east-1",
            "network_interface": "eni-08d0a1212b6ed87ac",
            "private_dns": "ip-10-255-0-80.ec2.internal",
            "private_ip": "10.255.0.80",
            "public_dns": "ec2-3-211-208-233.compute-1.amazonaws.com",
            "public_ip": "3.211.208.233",
            "public_ipv4_pool": "amazon",
            "tags": {
              "Name": "vault-deployment-nat-eip",
              "Project": "vault-deployment"
            },
            "tags_all": {
              "Name": "vault-deployment-nat-eip",
              "Project": "vault-deployment"
            },
            "timeouts": null,
            "vpc": true
          },
          "sensitive_attributes": [],
          "private": "eyJlMmJmYjczMC1lY2FhLTExZTYtOGY4OC0zNDM2M2JjN2M0YzAiOnsiZGVsZXRlIjoxODAwMDAwMDAwMDAsInJlYWQiOjkwMDAwMDAwMDAwMCwidXBkYXRlIjozMDAwMDAwMDAwMDB9fQ==",
          "dependencies": [
            "aws_internet_gateway.igw",
            "aws_vpc.vault"
          ]
        }
      ]
    },
    {
      "mode": "managed",
      "type": "aws_iam_instance_profile",
      "name": "vault_instance_profile",
      "provider": "provider[\"registry.terraform.io/hashicorp/aws\"]",
      "instances": [
        {
          "schema_version": 0,
          "attributes": {
            "arn": "arn:aws:iam::029094599989:instance-profile/vault-deployment-instance-profile-20210628224658389600000003",
            "create_date": "2021-06-28T22:46:58Z",
            "id": "vault-deployment-instance-profile-20210628224658389600000003",
            "name": "vault-deployment-instance-profile-20210628224658389600000003",
            "name_prefix": "vault-deployment-instance-profile-",
            "path": "/",
            "role": "vault-deployment-instance-role-20210628224656632600000001",
            "tags": {},
            "tags_all": {},
            "unique_id": "AIPAQNRRMLU2QN24P4URS"
          },
          "sensitive_attributes": [],
          "private": "bnVsbA==",
          "dependencies": [
            "aws_iam_role.vault_instance",
            "data.aws_iam_policy_document.asg_trust_policy"
          ]
        }
      ]
    },
    {
      "mode": "managed",
      "type": "aws_iam_role",
      "name": "vault_instance",
      "provider": "provider[\"registry.terraform.io/hashicorp/aws\"]",
      "instances": [
        {
          "schema_version": 0,
          "attributes": {
            "arn": "arn:aws:iam::029094599989:role/vault-deployment-instance-role-20210628224656632600000001",
            "assume_role_policy": "{\"Version\":\"2012-10-17\",\"Statement\":[{\"Sid\":\"\",\"Effect\":\"Allow\",\"Principal\":{\"Service\":\"ec2.amazonaws.com\"},\"Action\":\"sts:AssumeRole\"}]}",
            "create_date": "2021-06-28T22:46:57Z",
            "description": "",
            "force_detach_policies": false,
            "id": "vault-deployment-instance-role-20210628224656632600000001",
            "inline_policy": [
              {
                "name": "vault-deployment-instance-dynamodb-policy-20210628224703803200000004",
                "policy": "{\n  \"Version\": \"2012-10-17\",\n  \"Statement\": [\n    {\n      \"Sid\": \"ManageTable\",\n      \"Effect\": \"Allow\",\n      \"Action\": [\n        \"dynamodb:UpdateItem\",\n        \"dynamodb:PutItem\",\n        \"dynamodb:ListTagsOfResource\",\n        \"dynamodb:GetItem\",\n        \"dynamodb:DescribeTimeToLive\",\n        \"dynamodb:DescribeTable\",\n        \"dynamodb:DeleteItem\",\n        \"dynamodb:BatchWriteItem\",\n        \"dynamodb:BatchGetItem\"\n      ],\n      \"Resource\": \"arn:aws:dynamodb:us-east-1:029094599989:table/vault_storage\"\n    },\n    {\n      \"Sid\": \"GetStreamRecords\",\n      \"Effect\": \"Allow\",\n      \"Action\": \"dynamodb:GetRecords\",\n      \"Resource\": \"arn:aws:dynamodb:us-east-1:029094599989:table/vault_storage/stream/*\"\n    },\n    {\n      \"Sid\": \"QueryAndScanTable\",\n      \"Effect\": \"Allow\",\n      \"Action\": [\n        \"dynamodb:Scan\",\n        \"dynamodb:Query\"\n      ],\n      \"Resource\": [\n        \"arn:aws:dynamodb:us-east-1:029094599989:table/vault_storage/index/*\",\n        \"arn:aws:dynamodb:us-east-1:029094599989:table/vault_storage\"\n      ]\n    }\n  ]\n}"
              },
              {
                "name": "vault-deployment-instance-kms-policy-20210628224705259400000006",
                "policy": "{\n  \"Version\": \"2012-10-17\",\n  \"Statement\": [\n    {\n      \"Sid\": \"EncryptDecryptAndDescribe\",\n      \"Effect\": \"Allow\",\n      \"Action\": [\n        \"kms:Encrypt\",\n        \"kms:DescribeKey\",\n        \"kms:Decrypt\"\n      ],\n      \"Resource\": \"arn:aws:kms:us-east-1:029094599989:key/9c02f9e2-76a9-4469-acbe-4e065015aecf\"\n    }\n  ]\n}"
              },
              {
                "name": "vault-deployment-instance-s3-policy-20210628224704418000000005",
                "policy": "{\n  \"Version\": \"2012-10-17\",\n  \"Statement\": [\n    {\n      \"Sid\": \"PutObjects\",\n      \"Effect\": \"Allow\",\n      \"Action\": \"s3:PutObject\",\n      \"Resource\": \"arn:aws:s3:::vault-deployment-20210628224656636200000002/*\"\n    }\n  ]\n}"
              }
            ],
            "managed_policy_arns": [],
            "max_session_duration": 3600,
            "name": "vault-deployment-instance-role-20210628224656632600000001",
            "name_prefix": "vault-deployment-instance-role-",
            "path": "/",
            "permissions_boundary": null,
            "tags": {},
            "tags_all": {},
            "unique_id": "AROAQNRRMLU2UXONFRNBC"
          },
          "sensitive_attributes": [],
          "private": "bnVsbA==",
          "dependencies": [
            "data.aws_iam_policy_document.asg_trust_policy"
          ]
        }
      ]
    },
    {
      "mode": "managed",
      "type": "aws_iam_role_policy",
      "name": "vault_instance_dynamodb_policy",
      "provider": "provider[\"registry.terraform.io/hashicorp/aws\"]",
      "instances": [
        {
          "schema_version": 0,
          "attributes": {
            "id": "vault-deployment-instance-role-20210628224656632600000001:vault-deployment-instance-dynamodb-policy-20210628224703803200000004",
            "name": "vault-deployment-instance-dynamodb-policy-20210628224703803200000004",
            "name_prefix": "vault-deployment-instance-dynamodb-policy-",
            "policy": "{\n  \"Version\": \"2012-10-17\",\n  \"Statement\": [\n    {\n      \"Sid\": \"ManageTable\",\n      \"Effect\": \"Allow\",\n      \"Action\": [\n        \"dynamodb:UpdateItem\",\n        \"dynamodb:PutItem\",\n        \"dynamodb:ListTagsOfResource\",\n        \"dynamodb:GetItem\",\n        \"dynamodb:DescribeTimeToLive\",\n        \"dynamodb:DescribeTable\",\n        \"dynamodb:DeleteItem\",\n        \"dynamodb:BatchWriteItem\",\n        \"dynamodb:BatchGetItem\"\n      ],\n      \"Resource\": \"arn:aws:dynamodb:us-east-1:029094599989:table/vault_storage\"\n    },\n    {\n      \"Sid\": \"GetStreamRecords\",\n      \"Effect\": \"Allow\",\n      \"Action\": \"dynamodb:GetRecords\",\n      \"Resource\": \"arn:aws:dynamodb:us-east-1:029094599989:table/vault_storage/stream/*\"\n    },\n    {\n      \"Sid\": \"QueryAndScanTable\",\n      \"Effect\": \"Allow\",\n      \"Action\": [\n        \"dynamodb:Scan\",\n        \"dynamodb:Query\"\n      ],\n      \"Resource\": [\n        \"arn:aws:dynamodb:us-east-1:029094599989:table/vault_storage/index/*\",\n        \"arn:aws:dynamodb:us-east-1:029094599989:table/vault_storage\"\n      ]\n    }\n  ]\n}",
            "role": "vault-deployment-instance-role-20210628224656632600000001"
          },
          "sensitive_attributes": [],
          "private": "bnVsbA==",
          "dependencies": [
            "aws_dynamodb_table.vault_storage",
            "aws_iam_role.vault_instance",
            "data.aws_iam_policy_document.asg_trust_policy",
            "data.aws_iam_policy_document.dynamodb_vault_policy"
          ]
        }
      ]
    },
    {
      "mode": "managed",
      "type": "aws_iam_role_policy",
      "name": "vault_instance_kms_policy",
      "provider": "provider[\"registry.terraform.io/hashicorp/aws\"]",
      "instances": [
        {
          "schema_version": 0,
          "attributes": {
            "id": "vault-deployment-instance-role-20210628224656632600000001:vault-deployment-instance-kms-policy-20210628224705259400000006",
            "name": "vault-deployment-instance-kms-policy-20210628224705259400000006",
            "name_prefix": "vault-deployment-instance-kms-policy-",
            "policy": "{\n  \"Version\": \"2012-10-17\",\n  \"Statement\": [\n    {\n      \"Sid\": \"EncryptDecryptAndDescribe\",\n      \"Effect\": \"Allow\",\n      \"Action\": [\n        \"kms:Encrypt\",\n        \"kms:DescribeKey\",\n        \"kms:Decrypt\"\n      ],\n      \"Resource\": \"arn:aws:kms:us-east-1:029094599989:key/9c02f9e2-76a9-4469-acbe-4e065015aecf\"\n    }\n  ]\n}",
            "role": "vault-deployment-instance-role-20210628224656632600000001"
          },
          "sensitive_attributes": [],
          "private": "bnVsbA==",
          "dependencies": [
            "aws_iam_role.vault_instance",
            "aws_kms_key.seal",
            "data.aws_iam_policy_document.asg_trust_policy",
            "data.aws_iam_policy_document.kms_vault_policy"
          ]
        }
      ]
    },
    {
      "mode": "managed",
      "type": "aws_iam_role_policy",
      "name": "vault_instance_s3_policy",
      "provider": "provider[\"registry.terraform.io/hashicorp/aws\"]",
      "instances": [
        {
          "schema_version": 0,
          "attributes": {
            "id": "vault-deployment-instance-role-20210628224656632600000001:vault-deployment-instance-s3-policy-20210628224704418000000005",
            "name": "vault-deployment-instance-s3-policy-20210628224704418000000005",
            "name_prefix": "vault-deployment-instance-s3-policy-",
            "policy": "{\n  \"Version\": \"2012-10-17\",\n  \"Statement\": [\n    {\n      \"Sid\": \"PutObjects\",\n      \"Effect\": \"Allow\",\n      \"Action\": \"s3:PutObject\",\n      \"Resource\": \"arn:aws:s3:::vault-deployment-20210628224656636200000002/*\"\n    }\n  ]\n}",
            "role": "vault-deployment-instance-role-20210628224656632600000001"
          },
          "sensitive_attributes": [],
          "private": "bnVsbA==",
          "dependencies": [
            "aws_iam_role.vault_instance",
            "aws_s3_bucket.vault_data",
            "data.aws_iam_policy_document.asg_trust_policy",
            "data.aws_iam_policy_document.s3_vault_policy"
          ]
        }
      ]
    },
    {
      "mode": "managed",
      "type": "aws_instance",
      "name": "bastion",
      "provider": "provider[\"registry.terraform.io/hashicorp/aws\"]",
      "instances": [
        {
          "index_key": 0,
          "schema_version": 1,
          "attributes": {
            "ami": "ami-0323c3dd2da7fb37d",
            "arn": "arn:aws:ec2:us-east-1:029094599989:instance/i-0ce0f242508d57393",
            "associate_public_ip_address": true,
            "availability_zone": "us-east-1a",
            "capacity_reservation_specification": [
              {
                "capacity_reservation_preference": "open",
                "capacity_reservation_target": []
              }
            ],
            "cpu_core_count": 1,
            "cpu_threads_per_core": 1,
            "credit_specification": [
              {
                "cpu_credits": "standard"
              }
            ],
            "disable_api_termination": false,
            "ebs_block_device": [],
            "ebs_optimized": false,
            "enclave_options": [
              {
                "enabled": false
              }
            ],
            "ephemeral_block_device": [],
            "get_password_data": false,
            "hibernation": false,
            "host_id": null,
            "iam_instance_profile": "",
            "id": "i-0ce0f242508d57393",
            "instance_initiated_shutdown_behavior": "stop",
            "instance_state": "running",
            "instance_type": "t2.micro",
            "ipv6_address_count": 1,
            "ipv6_addresses": [
              "2600:1f18:ca2:0:9e50:ef1a:c0ea:afd6"
            ],
            "key_name": "n3twork-server",
            "metadata_options": [
              {
                "http_endpoint": "enabled",
                "http_put_response_hop_limit": 1,
                "http_tokens": "optional"
              }
            ],
            "monitoring": false,
            "network_interface": [],
            "outpost_arn": "",
            "password_data": "",
            "placement_group": "",
            "primary_network_interface_id": "eni-0675646af7def6e86",
            "private_dns": "ip-10-255-0-162.ec2.internal",
            "private_ip": "10.255.0.162",
            "public_dns": "ec2-3-235-150-250.compute-1.amazonaws.com",
            "public_ip": "3.235.150.250",
            "root_block_device": [
              {
                "delete_on_termination": true,
                "device_name": "/dev/xvda",
                "encrypted": false,
                "iops": 100,
                "kms_key_id": "",
                "tags": {},
                "throughput": 0,
                "volume_id": "vol-02feb37422302887e",
                "volume_size": 8,
                "volume_type": "gp2"
              }
            ],
            "secondary_private_ips": [],
            "security_groups": [],
            "source_dest_check": true,
            "subnet_id": "subnet-0c221fee8e01edb11",
            "tags": {
              "Name": "vault-deployment-bastion",
              "Project": "vault-deployment"
            },
            "tags_all": {
              "Name": "vault-deployment-bastion",
              "Project": "vault-deployment"
            },
            "tenancy": "default",
            "timeouts": null,
            "user_data": null,
            "user_data_base64": null,
            "volume_tags": null,
            "vpc_security_group_ids": [
              "sg-092438fdf0d53e28a"
            ]
          },
          "sensitive_attributes": [],
          "private": "eyJlMmJmYjczMC1lY2FhLTExZTYtOGY4OC0zNDM2M2JjN2M0YzAiOnsiY3JlYXRlIjo2MDAwMDAwMDAwMDAsImRlbGV0ZSI6MTIwMDAwMDAwMDAwMCwidXBkYXRlIjo2MDAwMDAwMDAwMDB9LCJzY2hlbWFfdmVyc2lvbiI6IjEifQ==",
          "dependencies": [
            "aws_security_group.bastion",
            "aws_subnet.public",
            "data.aws_ssm_parameter.latest_ami"
          ]
        }
      ]
    },
    {
      "mode": "managed",
      "type": "aws_internet_gateway",
      "name": "igw",
      "provider": "provider[\"registry.terraform.io/hashicorp/aws\"]",
      "instances": [
        {
          "schema_version": 0,
          "attributes": {
            "arn": "arn:aws:ec2:us-east-1:029094599989:internet-gateway/igw-03d2959dc8ae509c6",
            "id": "igw-03d2959dc8ae509c6",
            "owner_id": "029094599989",
            "tags": {
              "Name": "vault-deployment-igw",
              "Project": "vault-deployment"
            },
            "tags_all": {
              "Name": "vault-deployment-igw",
              "Project": "vault-deployment"
            },
            "vpc_id": "vpc-015a1f8408c55ec30"
          },
          "sensitive_attributes": [],
          "private": "bnVsbA==",
          "dependencies": [
            "aws_vpc.vault"
          ]
        }
      ]
    },
    {
      "mode": "managed",
      "type": "aws_kms_alias",
      "name": "seal",
      "provider": "provider[\"registry.terraform.io/hashicorp/aws\"]",
      "instances": [
        {
          "schema_version": 0,
          "attributes": {
            "arn": "arn:aws:kms:us-east-1:029094599989:alias/vault-deployment-seal-key",
            "id": "alias/vault-deployment-seal-key",
            "name": "alias/vault-deployment-seal-key",
            "name_prefix": null,
            "target_key_arn": "arn:aws:kms:us-east-1:029094599989:key/9c02f9e2-76a9-4469-acbe-4e065015aecf",
            "target_key_id": "9c02f9e2-76a9-4469-acbe-4e065015aecf"
          },
          "sensitive_attributes": [],
          "private": "bnVsbA==",
          "dependencies": [
            "aws_kms_key.seal"
          ]
        }
      ]
    },
    {
      "mode": "managed",
      "type": "aws_kms_key",
      "name": "seal",
      "provider": "provider[\"registry.terraform.io/hashicorp/aws\"]",
      "instances": [
        {
          "schema_version": 0,
          "attributes": {
            "arn": "arn:aws:kms:us-east-1:029094599989:key/9c02f9e2-76a9-4469-acbe-4e065015aecf",
            "customer_master_key_spec": "SYMMETRIC_DEFAULT",
            "deletion_window_in_days": null,
            "description": "The KMS key to unseal Vault.",
            "enable_key_rotation": true,
            "id": "9c02f9e2-76a9-4469-acbe-4e065015aecf",
            "is_enabled": true,
            "key_id": "9c02f9e2-76a9-4469-acbe-4e065015aecf",
            "key_usage": "ENCRYPT_DECRYPT",
            "policy": "{\"Id\":\"key-default-1\",\"Statement\":[{\"Action\":\"kms:*\",\"Effect\":\"Allow\",\"Principal\":{\"AWS\":\"arn:aws:iam::029094599989:root\"},\"Resource\":\"*\",\"Sid\":\"Enable IAM User Permissions\"}],\"Version\":\"2012-10-17\"}",
            "tags": {
              "Name": "vault-deployment-seal-key",
              "Project": "vault-deployment"
            },
            "tags_all": {
              "Name": "vault-deployment-seal-key",
              "Project": "vault-deployment"
            }
          },
          "sensitive_attributes": [],
          "private": "bnVsbA=="
        }
      ]
    },
    {
      "mode": "managed",
      "type": "aws_launch_template",
      "name": "vault_instance",
      "provider": "provider[\"registry.terraform.io/hashicorp/aws\"]",
      "instances": [
        {
          "schema_version": 0,
          "attributes": {
            "arn": "arn:aws:ec2:us-east-1:029094599989:launch-template/lt-0d6527fce7045f1d9",
            "block_device_mappings": [],
            "capacity_reservation_specification": [],
            "cpu_options": [],
            "credit_specification": [],
            "default_version": 1,
            "description": "",
            "disable_api_termination": false,
            "ebs_optimized": "",
            "elastic_gpu_specifications": [],
            "elastic_inference_accelerator": [],
            "enclave_options": [],
            "hibernation_options": [],
            "iam_instance_profile": [
              {
                "arn": "arn:aws:iam::029094599989:instance-profile/vault-deployment-instance-profile-20210628224658389600000003",
                "name": ""
              }
            ],
            "id": "lt-0d6527fce7045f1d9",
            "image_id": "ami-0323c3dd2da7fb37d",
            "instance_initiated_shutdown_behavior": "",
            "instance_market_options": [],
            "instance_type": "t2.medium",
            "kernel_id": "",
            "key_name": "n3twork-server",
            "latest_version": 1,
            "license_specification": [],
            "metadata_options": [],
            "monitoring": [],
            "name": "vault-deployment-lt-2021062822471677270000000c",
            "name_prefix": "vault-deployment-lt-",
            "network_interfaces": [],
            "placement": [],
            "ram_disk_id": "",
            "security_group_names": [],
            "tag_specifications": [
              {
                "resource_type": "instance",
                "tags": {
                  "Name": "vault-deployment-instance",
                  "Project": "vault-deployment"
                }
              },
              {
                "resource_type": "volume",
                "tags": {
                  "Name": "vault-deployment-volume",
                  "Project": "vault-deployment"
                }
              }
            ],
            "tags": {
              "Name": "vault-deployment-lt",
              "Project": "vault-deployment"
            },
            "tags_all": {
              "Name": "vault-deployment-lt",
              "Project": "vault-deployment"
            },
            "update_default_version": null,
            "user_data": "Q29udGVudC1UeXBlOiBtdWx0aXBhcnQvbWl4ZWQ7IGJvdW5kYXJ5PSI9PUJPVU5EQVJZPT0iCk1JTUUtVmVyc2lvbjogMS4wCgotLT09Qk9VTkRBUlk9PQpDb250ZW50LVR5cGU6IHRleHQveC1zaGVsbHNjcmlwdDsgY2hhcnNldD0idXMtYXNjaWkiCgojIS9iaW4vYmFzaApzZXQgLWUKCiMgUnVuIE9yZGVyOiAxCiMgUnVuIEZyZXF1ZW5jeTogb25seSBvbmNlLCBvbiBmaXJzdCBib290CgojIFRhc2tzOgojIC0gSW5zdGFsbCBEZXBlbmRlbmNpZXMKIyAtIE1ha2UgdXNlcnMgYW5kIGRpcmVjdG9yaWVzCiMgLSBJbnN0YWxsIGRvd25sb2FkLCB1bnppcCwgYW5kIHNldHVwIHZhdWx0IGJpbgoKIyBOb3RlOiBkb2xsYXItc2lnbiBjdXJseSBicmFjZXMgYXJlIHRlbXBsYXRlIHZhbHVlcyBmcm9tIFRlcnJhZm9ybS4KIyBOb24gY3VybHkgYnJhY2Ugb25lcyBhcmUgbm9ybWFsIGJhc2ggdmFyaWFibGVzLi4uCgp5dW0gdXBkYXRlIC15Cnl1bSBpbnN0YWxsIC15IGpxCgojIE1ha2UgdGhlIHVzZXIKdXNlcmFkZCAtLXN5c3RlbSAtLXNoZWxsIC9zYmluL25vbG9naW4gdmF1bHQKCiMgTWFrZSB0aGUgZGlyZWN0b3JpZXMKbWtkaXIgLXAgL29wdC92YXVsdApta2RpciAtcCAvb3B0L3ZhdWx0L2Jpbgpta2RpciAtcCAvb3B0L3ZhdWx0L2NvbmZpZwpta2RpciAtcCAvb3B0L3ZhdWx0L3RscwoKIyBHaXZlIGNvcnJldCBwZXJtaXNzaW9ucwpjaG1vZCA3NTUgL29wdC92YXVsdApjaG1vZCA3NTUgL29wdC92YXVsdC9iaW4KCiMgQ2hhbmdlIG93bmVyc2hpcCB0byB2YXVsdCB1c2VyCmNob3duIC1SIHZhdWx0OnZhdWx0IC9vcHQvdmF1bHQKCiMgR2V0IHRoZSBIYXNoaUNvcnAgUEdQCmN1cmwgaHR0cHM6Ly9rZXliYXNlLmlvL2hhc2hpY29ycC9wZ3Bfa2V5cy5hc2MgfCBncGcgLS1pbXBvcnQKCiMgRG93bmxvYWQgdmF1bHQgYW5kIHNpZ25hdHVyZXMKY3VybCAtT3MgaHR0cHM6Ly9yZWxlYXNlcy5oYXNoaWNvcnAuY29tL3ZhdWx0LzEuNC4wL3ZhdWx0XzEuNC4wX2xpbnV4X2FtZDY0LnppcApjdXJsIC1PcyBodHRwczovL3JlbGVhc2VzLmhhc2hpY29ycC5jb20vdmF1bHQvMS40LjAvdmF1bHRfMS40LjBfU0hBMjU2U1VNUwpjdXJsIC1PcyBodHRwczovL3JlbGVhc2VzLmhhc2hpY29ycC5jb20vdmF1bHQvMS40LjAvdmF1bHRfMS40LjBfU0hBMjU2U1VNUy5zaWcKCiMgVmVyaWZ5IFNpZ25hdHJlcwpncGcgLS12ZXJpZnkgdmF1bHRfMS40LjBfU0hBMjU2U1VNUy5zaWcgdmF1bHRfMS40LjBfU0hBMjU2U1VNUwpjYXQgdmF1bHRfMS40LjBfU0hBMjU2U1VNUyB8IGdyZXAgdmF1bHRfMS40LjBfbGludXhfYW1kNjQuemlwIHwgc2hhMjU2c3VtIC1jCgojIHVuemlwIGFuZCBtb3ZlIHRvIC9vcHQvdmF1bHQvYmluCnVuemlwIHZhdWx0XzEuNC4wX2xpbnV4X2FtZDY0LnppcAptdiB2YXVsdCAvb3B0L3ZhdWx0L2JpbgoKIyBnaXZlIG93bmVyc2hpcCB0byB0aGUgdmF1bHQgdXNlcgpjaG93biB2YXVsdDp2YXVsdCAvb3B0L3ZhdWx0L2Jpbi92YXVsdAoKIyBjcmVhdGUgYSBzeW1saW5rCmxuIC1zIC9vcHQvdmF1bHQvYmluL3ZhdWx0IC91c3IvbG9jYWwvYmluL3ZhdWx0CgojIGFsbG93IHZhdWx0IHBlcm1pc3Npb25zIHRvIHVzZSBtbG9jayBhbmQgcHJldmVudCBtZW1vcnkgZnJvbSBzd2FwcGluZyB0byBkaXNrCnNldGNhcCBjYXBfaXBjX2xvY2s9K2VwIC9vcHQvdmF1bHQvYmluL3ZhdWx0CgojIGNsZWFudXAgZmlsZXMKcm0gdmF1bHRfMS40LjBfbGludXhfYW1kNjQuemlwCnJtIHZhdWx0XzEuNC4wX1NIQTI1NlNVTVMKcm0gdmF1bHRfMS40LjBfU0hBMjU2U1VNUy5zaWcKCi0tPT1CT1VOREFSWT09CkNvbnRlbnQtVHlwZTogdGV4dC94LXNoZWxsc2NyaXB0OyBjaGFyc2V0PSJ1cy1hc2NpaSIKCiMhL2Jpbi9iYXNoCnNldCAtZQoKIyBSdW4gT3JkZXI6IDIKIyBSdW4gRnJlcXVlbmN5OiBvbmx5IG9uY2UsIG9uIGZpcnN0IGJvb3QKCiMgVGFza3M6CiMgLSBGZXRjaCBuZWVkZWQgZGF0YQojIC0gQ3JlYXRlIFNlbGYtU2lnbmVkIENlcnRpZmljYXRlIGFuZCBLZXkKCklOU1RBTkNFX0lQX0FERFI9JChjdXJsIGh0dHA6Ly8xNjkuMjU0LjE2OS4yNTQvbGF0ZXN0L21ldGEtZGF0YS9sb2NhbC1pcHY0KQpJTlNUQU5DRV9ETlNfTkFNRT0kKGN1cmwgaHR0cDovLzE2OS4yNTQuMTY5LjI1NC9sYXRlc3QvbWV0YS1kYXRhL2xvY2FsLWhvc3RuYW1lKQoKIyBVc2VkIGZvciBlbmNyeXB0aW9uIGJldHdlZW4gdGhlIGxvYWQgYmFsYW5jZXIgYW5kIHZhdWx0IGluc3RhbmNlcy4KIyBUaCBvdGhlciBhbHRlcm5hdGl2ZXMgYXJlIGVpdGhlciBjcmVhdGluZyBhbiBlbnRpcmUsIHByaXZhdGUgQ0EgYW5kIGhvcGluZyBBV1MKIyBldmVudHVhbGx5IGFkZHMgdGhlIGFiaWxpdHkgdG8gYWRkIHRydXN0ZWQgQ0FzIHRvIGxvYWQgYmFsYW5jZXJzLi4uCiMgLi4ub3IgcGF5aW5nICQ0MDAvbW9udGggYmFzZSBmb3IgdGhlIEFDTSBwcml2YXRlIENBLgpvcGVuc3NsIHJlcSAteDUwOSAtc2hhMjU2IC1ub2RlcyBcCiAgLW5ld2tleSByc2E6NDA5NiAtZGF5cyAzNjUwIFwKICAta2V5b3V0IC9vcHQvdmF1bHQvdGxzL3ZhdWx0LmtleSAtb3V0IC9vcHQvdmF1bHQvdGxzL3ZhdWx0LmNydCBcCiAgLXN1YmogIi9DTj0kSU5TVEFOQ0VfRE5TX05BTUUiIFwKICAtZXh0ZW5zaW9ucyBzYW4gXAogIC1jb25maWcgPChjYXQgL2V0Yy9wa2kvdGxzL29wZW5zc2wuY25mIDwoZWNobyAtZSAiXG5bc2FuXVxuc3ViamVjdEFsdE5hbWU9RE5TOiRJTlNUQU5DRV9ETlNfTkFNRSxJUDokSU5TVEFOQ0VfSVBfQUREUiIpKQoKY2hvd24gdmF1bHQ6dmF1bHQgL29wdC92YXVsdC90bHMvdmF1bHQua2V5CmNob3duIHZhdWx0OnZhdWx0IC9vcHQvdmF1bHQvdGxzL3ZhdWx0LmNydAoKY2htb2QgNjQwIC9vcHQvdmF1bHQvdGxzL3ZhdWx0LmtleQpjaG1vZCA2NDQgL29wdC92YXVsdC90bHMvdmF1bHQuY3J0CgojIFRydXN0IHRoZSBjZXJ0aWZpY2F0ZQpjcCAvb3B0L3ZhdWx0L3Rscy92YXVsdC5jcnQgL2V0Yy9wa2kvdGxzL2NlcnRzL3ZhdWx0LmNydAoKLS09PUJPVU5EQVJZPT0KQ29udGVudC1UeXBlOiB0ZXh0L3gtc2hlbGxzY3JpcHQ7IGNoYXJzZXQ9InVzLWFzY2lpIgoKIyEvYmluL2Jhc2gKc2V0IC1lCgojIFJ1biBPcmRlcjogMwojIFJ1biBGcmVxdWVuY3k6IG9ubHkgb25jZSwgb24gZmlyc3QgYm9vdAoKIyBUYXNrczoKIyAtIE1ha2UgdGhlIHZhdWx0IGNvbmZpZyBmaWxlCiMgLSBNYWtlIHRoZSBzeXN0ZW1kIHNlcnZpY2UgZmlsZQoKIyBUaGUgdmF1bHQgY29uZmlnIGZpbGUKY2F0ID4gL29wdC92YXVsdC9jb25maWcvc2VydmVyLmhjbCA8PC0gRU9GCmNsdXN0ZXJfbmFtZSA9ICJ2YXVsdC1kZXBsb3ltZW50IgptYXhfbGVhc2VfdHRsID0gIjE5MmgiCmRlZmF1bHRfbGVhc2VfdHRsID0gIjE5MmgiCnVpICA9ICJ0cnVlIgoKIyBXaGVyZSBjYW4gdGhlIFZhdWx0IEFQSSBiZSByZWFjaGVkPyAgQXQgRE5TIGZvciB0aGUgbG9hZCBiYWxhbmNlciwgb3IgdGhlIENOQU1FIGNyZWF0ZWQuCiMgTm90ZTogdGhpcyBtYXBzIHRvIHRoZSBlbnZpcm9ubWVudCB2YXJpYWJsZSBWQVVMVF9BUElfQUREUiBub3QgVkFVTFRfQUREUgphcGlfYWRkciA9ICJodHRwczovL3N0YWdlLnZhdWx0Lm4zdHdvcmsuY29tIgoKIyBGb3IgZm9yd2FyZGluZyBiZXR3ZWVuIHZhdWx0IHNlcnZlcnMuICBTZXQgdG8gb3duIGlwLgpjbHVzdGVyX2FkZHIgPSAiaHR0cHM6Ly9JTlNUQU5DRV9JUF9BRERSOjgyMDEiCgojIEF1dG8gdW5zZWFsIHRoZSB2YXVsdApzZWFsICJhd3NrbXMiIHsKICByZWdpb24gPSAidXMtZWFzdC0xIgogIGttc19rZXlfaWQgPSAiOWMwMmY5ZTItNzZhOS00NDY5LWFjYmUtNGUwNjUwMTVhZWNmIgp9CgojIExpc3RlbmVyIGZvciBsb29wYmFjawpsaXN0ZW5lciAidGNwIiB7CiAgYWRkcmVzcyA9ICIxMjcuMC4wLjE6ODE5OSIKICB0bHNfZGlzYWJsZSA9ICJ0cnVlIgp9CgojIExpc3RlbmVyIGZvciBwcml2YXRlIG5ldHdvcmsKbGlzdGVuZXIgInRjcCIgewogIGFkZHJlc3MgPSAiSU5TVEFOQ0VfSVBfQUREUjo4MjAwIgogIGNsdXN0ZXJfYWRkcmVzcyA9ICJJTlNUQU5DRV9JUF9BRERSOjgyMDEiCgogIHRsc19kaXNhYmxlID0gImZhbHNlIgogIHRsc19jZXJ0X2ZpbGUgPSAiL29wdC92YXVsdC90bHMvdmF1bHQuY3J0IgogIHRsc19rZXlfZmlsZSA9ICIvb3B0L3ZhdWx0L3Rscy92YXVsdC5rZXkiCn0KCnN0b3JhZ2UgImR5bmFtb2RiIiB7CiAgaGFfZW5hYmxlZCA9ICJ0cnVlIgogIHJlZ2lvbiA9ICJ1cy1lYXN0LTEiCiAgdGFibGUgPSAidmF1bHRfc3RvcmFnZSIKfQpFT0YKCmNob3duIHZhdWx0OnZhdWx0IC9vcHQvdmF1bHQvY29uZmlnL3NlcnZlci5oY2wKCiMgVGhlIHN5c3RlbWQgc2VydmljZSBmaWxlCmNhdCA+IC9ldGMvc3lzdGVtZC9zeXN0ZW0vdmF1bHQuc2VydmljZSA8PC0gRU9GCltVbml0XQpEZXNjcmlwdGlvbj1WYXVsdCBTZXJ2ZXIgb24gQVdTClJlcXVpcmVzPW5ldHdvcmstb25saW5lLnRhcmdldApBZnRlcj1uZXR3b3JrLW9ubGluZS50YXJnZXQKCltTZXJ2aWNlXQpVc2VyPXZhdWx0Ckdyb3VwPXZhdWx0ClByb3RlY3RTeXN0ZW09ZnVsbApQcm90ZWN0SG9tZT1yZWFkLW9ubHkKUHJpdmF0ZVRtcD15ZXMKUHJpdmF0ZURldmljZXM9eWVzClNlY3VyZUJpdHM9a2VlcC1jYXBzCkFtYmllbnRDYXBhYmlsaXRpZXM9Q0FQX0lQQ19MT0NLCkNhcGFiaWxpdGllcz1DQVBfSVBDX0xPQ0srZXAKQ2FwYWJpbGl0eUJvdW5kaW5nU2V0PUNBUF9TWVNMT0cgQ0FQX0lQQ19MT0NLCk5vTmV3UHJpdmlsZWdlcz15ZXMKRXhlY1N0YXJ0PS9vcHQvdmF1bHQvYmluL3ZhdWx0IHNlcnZlciAtY29uZmlnPS9vcHQvdmF1bHQvY29uZmlnLyAtbG9nLWxldmVsPWluZm8KRXhlY1JlbG9hZD0vYmluL2tpbGwgLS1zaWduYWwgSFVQIFwkTUFJTlBJRApLaWxsTW9kZT1wcm9jZXNzCktpbGxTaWduYWw9U0lHSU5UClJlc3RhcnQ9b24tZmFpbHVyZQpSZXN0YXJ0U2VjPTUKVGltZW91dFN0b3BTZWM9MzAKU3RhcnRMaW1pdEludGVydmFsPTYwClN0YXJ0TGltaXRCdXJzdD0zCkxpbWl0Tk9GSUxFPTY1NTM2CgpbSW5zdGFsbF0KV2FudGVkQnk9bXVsdGktdXNlci50YXJnZXQKRU9GCgotLT09Qk9VTkRBUlk9PQpDb250ZW50LVR5cGU6IHRleHQveC1zaGVsbHNjcmlwdDsgY2hhcnNldD0idXMtYXNjaWkiCgojIS9iaW4vYmFzaApzZXQgLWUKCiMgUnVuIE9yZGVyOiA0CiMgUnVuIEZyZXF1ZW5jeTogb25seSBvbmNlLCBvbiBmaXJzdCBib290CgojIFRhc2tzOgojIC0gUmVwbGFjZSB2YWx1ZXMgaW4gY29uZmlndXJhdGlvbiBmaWxlcyB3aXRoIGluc3RhbmNlIG1ldGFkYXRhCiMgLSBTdGFydCB2YXVsdAoKSU5TVEFOQ0VfSVBfQUREUj0kKGN1cmwgaHR0cDovLzE2OS4yNTQuMTY5LjI1NC9sYXRlc3QvbWV0YS1kYXRhL2xvY2FsLWlwdjQpCnNlZCAtaSAtZSAicy9JTlNUQU5DRV9JUF9BRERSLyRJTlNUQU5DRV9JUF9BRERSL2ciIC9vcHQvdmF1bHQvY29uZmlnL3NlcnZlci5oY2wKCnN5c3RlbWN0bCBkYWVtb24tcmVsb2FkCnN5c3RlbWN0bCBlbmFibGUgdmF1bHQKc3lzdGVtY3RsIHJlc3RhcnQgdmF1bHQKCi0tPT1CT1VOREFSWT09CkNvbnRlbnQtVHlwZTogdGV4dC94LXNoZWxsc2NyaXB0OyBjaGFyc2V0PSJ1cy1hc2NpaSIKCiMhL2Jpbi9iYXNoCnNldCAtZQoKIyBSdW4gT3JkZXI6IDUKIyBSdW4gRnJlcXVlbmN5OiBvbmx5IG9uY2UsIG9uIGZpcnN0IGJvb3QKCiMgVGFza3M6CiMgLSBJbml0aWFsaXplIFZhdWx0CiMgLSBDcmVhdGUgY3JlZGVudGlhbHMgZmlsZQojIC0gRW5jcnlwdCB0aGUgZmlsZSB2aWEgS01TCiMgLSBTZW5kIHRoZSBmaWxlIHRvIFMzCiMgLSBEZWxldGUgdGhlIGxvY2FsIGZpbGUKIyAtIEVyYXNlIGJhc2ggaGlzdG9yeQoKIyBXb3JrYXJvdW5kIHRvIG1ha2Ugc3VyZSB0aGUgdmF1bHQgc2VydmljZSBpcyBmdWxseSBpbml0aWFsaXplZC4Kc2xlZXAgMjAKCmV4cG9ydCBWQVVMVF9BRERSPSJodHRwOi8vMTI3LjAuMC4xOjgxOTkiCmV4cG9ydCBBV1NfREVGQVVMVF9SRUdJT049InVzLWVhc3QtMSIKZXhwb3J0IFZBVUxUX0lOSVRJQUxJWkVEPSQodmF1bHQgb3BlcmF0b3IgaW5pdCAtc3RhdHVzKSAjIGF2b2lkIG5vbi16ZXJvIGV4aXQgc3RhdHVzCgpmdW5jdGlvbiBpbml0aWFsaXplX3ZhdWx0IHsKICAjIGluaXRpYWxpemUgYW5kIHBpcGUgdG8gZmlsZQogIHZhdWx0IG9wZXJhdG9yIGluaXQgPiB2YXVsdF9jcmVkZW50aWFscy50eHQKCiAgIyBlbmNyeXB0IGl0IHdpdGggdGhlIEtNUyBrZXkKICBhd3Mga21zIGVuY3J5cHQgLS1rZXktaWQgOWMwMmY5ZTItNzZhOS00NDY5LWFjYmUtNGUwNjUwMTVhZWNmIC0tcGxhaW50ZXh0IGZpbGViOi8vdmF1bHRfY3JlZGVudGlhbHMudHh0IC0tb3V0cHV0IHRleHQgLS1xdWVyeSBDaXBoZXJ0ZXh0QmxvYiB8IGJhc2U2NCAtLWRlY29kZSA+IHZhdWx0X2NyZWRzX2VuY3J5cHRlZAoKICAjIHNlbmQgdGhlIGVuY3J5cHRlZCBmaWxlIHRvIHRoZSBzMyBidWNrZXQKICBhd3MgczMgY3AgdmF1bHRfY3JlZHNfZW5jcnlwdGVkIHMzOi8vdmF1bHQtZGVwbG95bWVudC0yMDIxMDYyODIyNDY1NjYzNjIwMDAwMDAwMi8KCiAgIyBjbGVhbnVwCiAgcm0gdmF1bHRfY3JlZGVudGlhbHMudHh0CiAgcm0gdmF1bHRfY3JlZHNfZW5jcnlwdGVkCiAgaGlzdG9yeSAtYwogIGhpc3RvcnkgLXcKfQoKaWYgWyAiJFZBVUxUX0lOSVRJQUxJWkVEIiA9ICJWYXVsdCBpcyBpbml0aWFsaXplZCIgXTsgdGhlbgogIGVjaG8gIlZhdWx0IGlzIGFscmVhZHkgaW5pdGlhbGl6ZWQuIgplbHNlCiAgZWNobyAiSW5pdGlhbGl6aW5nIHZhdWx0Li4uIgogIGluaXRpYWxpemVfdmF1bHQKZmkKCi0tPT1CT1VOREFSWT09LS0=",
            "vpc_security_group_ids": [
              "sg-04270701efc20cfd7"
            ]
          },
          "sensitive_attributes": [],
          "private": "bnVsbA==",
          "dependencies": [
            "aws_iam_instance_profile.vault_instance_profile",
            "aws_iam_role.vault_instance",
            "aws_kms_key.seal",
            "aws_s3_bucket.vault_data",
            "aws_security_group.vault_instance",
            "aws_vpc.vault",
            "data.aws_iam_policy_document.asg_trust_policy",
            "data.aws_region.current",
            "data.aws_ssm_parameter.latest_ami"
          ]
        }
      ]
    },
    {
      "mode": "managed",
      "type": "aws_lb",
      "name": "alb",
      "provider": "provider[\"registry.terraform.io/hashicorp/aws\"]",
      "instances": [
        {
          "schema_version": 0,
          "attributes": {
            "access_logs": [
              {
                "bucket": "",
                "enabled": false,
                "prefix": ""
              }
            ],
            "arn": "arn:aws:elasticloadbalancing:us-east-1:029094599989:loadbalancer/app/vault-2021062822472728170000000f/b30c39cc4390892f",
            "arn_suffix": "app/vault-2021062822472728170000000f/b30c39cc4390892f",
            "customer_owned_ipv4_pool": "",
            "dns_name": "vault-2021062822472728170000000f-1579797275.us-east-1.elb.amazonaws.com",
            "drop_invalid_header_fields": false,
            "enable_cross_zone_load_balancing": null,
            "enable_deletion_protection": false,
            "enable_http2": true,
            "id": "arn:aws:elasticloadbalancing:us-east-1:029094599989:loadbalancer/app/vault-2021062822472728170000000f/b30c39cc4390892f",
            "idle_timeout": 60,
            "internal": false,
            "ip_address_type": "dualstack",
            "load_balancer_type": "application",
            "name": "vault-2021062822472728170000000f",
            "name_prefix": "vault-",
            "security_groups": [
              "sg-06a2996f2c2fdbc9b"
            ],
            "subnet_mapping": [
              {
                "allocation_id": "",
                "ipv6_address": "",
                "outpost_id": "",
                "private_ipv4_address": "",
                "subnet_id": "subnet-0b93f96c2bb48bf70"
              },
              {
                "allocation_id": "",
                "ipv6_address": "",
                "outpost_id": "",
                "private_ipv4_address": "",
                "subnet_id": "subnet-0c221fee8e01edb11"
              }
            ],
            "subnets": [
              "subnet-0b93f96c2bb48bf70",
              "subnet-0c221fee8e01edb11"
            ],
            "tags": {
              "Name": "vault-deployment-alb",
              "Project": "vault-deployment"
            },
            "tags_all": {
              "Name": "vault-deployment-alb",
              "Project": "vault-deployment"
            },
            "timeouts": null,
            "vpc_id": "vpc-015a1f8408c55ec30",
            "zone_id": "Z35SXDOTRQ7X7K"
          },
          "sensitive_attributes": [],
          "private": "eyJlMmJmYjczMC1lY2FhLTExZTYtOGY4OC0zNDM2M2JjN2M0YzAiOnsiY3JlYXRlIjo2MDAwMDAwMDAwMDAsImRlbGV0ZSI6NjAwMDAwMDAwMDAwLCJ1cGRhdGUiOjYwMDAwMDAwMDAwMH19",
          "dependencies": [
            "aws_security_group.load_balancer",
            "aws_subnet.public",
            "aws_vpc.vault",
            "data.aws_availability_zones.available"
          ]
        }
      ]
    },
    {
      "mode": "managed",
      "type": "aws_lb_listener",
      "name": "alb_http_redirect",
      "provider": "provider[\"registry.terraform.io/hashicorp/aws\"]",
      "instances": [
        {
          "schema_version": 0,
          "attributes": {
            "alpn_policy": null,
            "arn": "arn:aws:elasticloadbalancing:us-east-1:029094599989:listener/app/vault-2021062822472728170000000f/b30c39cc4390892f/9c1d9d149ddc40d3",
            "certificate_arn": null,
            "default_action": [
              {
                "authenticate_cognito": [],
                "authenticate_oidc": [],
                "fixed_response": [],
                "forward": [],
                "order": 1,
                "redirect": [
                  {
                    "host": "#{host}",
                    "path": "/#{path}",
                    "port": "443",
                    "protocol": "HTTPS",
                    "query": "#{query}",
                    "status_code": "HTTP_301"
                  }
                ],
                "target_group_arn": "",
                "type": "redirect"
              }
            ],
            "id": "arn:aws:elasticloadbalancing:us-east-1:029094599989:listener/app/vault-2021062822472728170000000f/b30c39cc4390892f/9c1d9d149ddc40d3",
            "load_balancer_arn": "arn:aws:elasticloadbalancing:us-east-1:029094599989:loadbalancer/app/vault-2021062822472728170000000f/b30c39cc4390892f",
            "port": 80,
            "protocol": "HTTP",
            "ssl_policy": "",
            "tags": {},
            "tags_all": {},
            "timeouts": null
          },
          "sensitive_attributes": [],
          "private": "eyJlMmJmYjczMC1lY2FhLTExZTYtOGY4OC0zNDM2M2JjN2M0YzAiOnsicmVhZCI6NjAwMDAwMDAwMDAwfX0=",
          "dependencies": [
            "aws_lb.alb",
            "aws_security_group.load_balancer",
            "aws_subnet.public",
            "aws_vpc.vault",
            "data.aws_availability_zones.available"
          ]
        }
      ]
    },
    {
      "mode": "managed",
      "type": "aws_lb_listener",
      "name": "alb_https",
      "provider": "provider[\"registry.terraform.io/hashicorp/aws\"]",
      "instances": [
        {
          "schema_version": 0,
          "attributes": {
            "alpn_policy": null,
            "arn": "arn:aws:elasticloadbalancing:us-east-1:029094599989:listener/app/vault-2021062822472728170000000f/b30c39cc4390892f/90b5ff2e844aead3",
            "certificate_arn": "arn:aws:acm:us-east-1:029094599989:certificate/fefbea18-98fc-42ce-8baf-acc9e26f2ff7",
            "default_action": [
              {
                "authenticate_cognito": [],
                "authenticate_oidc": [],
                "fixed_response": [],
                "forward": [],
                "order": 1,
                "redirect": [],
                "target_group_arn": "arn:aws:elasticloadbalancing:us-east-1:029094599989:targetgroup/vault-2021062822471336340000000a/a56c471f8d25cf84",
                "type": "forward"
              }
            ],
            "id": "arn:aws:elasticloadbalancing:us-east-1:029094599989:listener/app/vault-2021062822472728170000000f/b30c39cc4390892f/90b5ff2e844aead3",
            "load_balancer_arn": "arn:aws:elasticloadbalancing:us-east-1:029094599989:loadbalancer/app/vault-2021062822472728170000000f/b30c39cc4390892f",
            "port": 443,
            "protocol": "HTTPS",
            "ssl_policy": "ELBSecurityPolicy-FS-2018-06",
            "tags": {},
            "tags_all": {},
            "timeouts": null
          },
          "sensitive_attributes": [],
          "private": "eyJlMmJmYjczMC1lY2FhLTExZTYtOGY4OC0zNDM2M2JjN2M0YzAiOnsicmVhZCI6NjAwMDAwMDAwMDAwfX0=",
          "dependencies": [
            "aws_lb.alb",
            "aws_lb_target_group.alb_targets",
            "aws_security_group.load_balancer",
            "aws_subnet.public",
            "aws_vpc.vault",
            "data.aws_acm_certificate.vault_alb_cert",
            "data.aws_availability_zones.available"
          ]
        }
      ]
    },
    {
      "mode": "managed",
      "type": "aws_lb_target_group",
      "name": "alb_targets",
      "provider": "provider[\"registry.terraform.io/hashicorp/aws\"]",
      "instances": [
        {
          "schema_version": 0,
          "attributes": {
            "arn": "arn:aws:elasticloadbalancing:us-east-1:029094599989:targetgroup/vault-2021062822471336340000000a/a56c471f8d25cf84",
            "arn_suffix": "targetgroup/vault-2021062822471336340000000a/a56c471f8d25cf84",
            "deregistration_delay": 30,
            "health_check": [
              {
                "enabled": true,
                "healthy_threshold": 3,
                "interval": 10,
                "matcher": "200",
                "path": "/v1/sys/health",
                "port": "traffic-port",
                "protocol": "HTTPS",
                "timeout": 5,
                "unhealthy_threshold": 3
              }
            ],
            "id": "arn:aws:elasticloadbalancing:us-east-1:029094599989:targetgroup/vault-2021062822471336340000000a/a56c471f8d25cf84",
            "lambda_multi_value_headers_enabled": false,
            "load_balancing_algorithm_type": "round_robin",
            "name": "vault-2021062822471336340000000a",
            "name_prefix": "vault-",
            "port": 8200,
            "preserve_client_ip": null,
            "protocol": "HTTPS",
            "protocol_version": "HTTP1",
            "proxy_protocol_v2": false,
            "slow_start": 0,
            "stickiness": [
              {
                "cookie_duration": 86400,
                "cookie_name": "",
                "enabled": false,
                "type": "lb_cookie"
              }
            ],
            "tags": {
              "Name": "vault-deployment-tg",
              "Project": "vault-deployment"
            },
            "tags_all": {
              "Name": "vault-deployment-tg",
              "Project": "vault-deployment"
            },
            "target_type": "instance",
            "vpc_id": "vpc-015a1f8408c55ec30"
          },
          "sensitive_attributes": [],
          "private": "bnVsbA==",
          "dependencies": [
            "aws_vpc.vault"
          ]
        }
      ]
    },
    {
      "mode": "managed",
      "type": "aws_nat_gateway",
      "name": "nat",
      "provider": "provider[\"registry.terraform.io/hashicorp/aws\"]",
      "instances": [
        {
          "index_key": 0,
          "schema_version": 0,
          "attributes": {
            "allocation_id": "eipalloc-0678c67e0fc5ec0e9",
            "connectivity_type": "public",
            "id": "nat-04d63e47c5213513f",
            "network_interface_id": "eni-08d0a1212b6ed87ac",
            "private_ip": "10.255.0.80",
            "public_ip": "3.211.208.233",
            "subnet_id": "subnet-0c221fee8e01edb11",
            "tags": {
              "Name": "vault-deployment-nat",
              "Project": "vault-deployment"
            },
            "tags_all": {
              "Name": "vault-deployment-nat",
              "Project": "vault-deployment"
            }
          },
          "sensitive_attributes": [],
          "private": "bnVsbA==",
          "dependencies": [
            "aws_eip.nat",
            "aws_internet_gateway.igw",
            "aws_subnet.public",
            "aws_vpc.vault",
            "data.aws_availability_zones.available"
          ]
        }
      ]
    },
    {
      "mode": "managed",
      "type": "aws_route",
      "name": "private_internet_access",
      "provider": "provider[\"registry.terraform.io/hashicorp/aws\"]",
      "instances": [
        {
          "index_key": 0,
          "schema_version": 0,
          "attributes": {
            "carrier_gateway_id": "",
            "destination_cidr_block": "0.0.0.0/0",
            "destination_ipv6_cidr_block": "",
            "destination_prefix_list_id": "",
            "egress_only_gateway_id": "",
            "gateway_id": "",
            "id": "r-rtb-092a399d2b815c2901080289494",
            "instance_id": "",
            "instance_owner_id": "",
            "local_gateway_id": "",
            "nat_gateway_id": "nat-04d63e47c5213513f",
            "network_interface_id": "",
            "origin": "CreateRoute",
            "route_table_id": "rtb-092a399d2b815c290",
            "state": "active",
            "timeouts": null,
            "transit_gateway_id": "",
            "vpc_endpoint_id": "",
            "vpc_peering_connection_id": ""
          },
          "sensitive_attributes": [],
          "private": "eyJlMmJmYjczMC1lY2FhLTExZTYtOGY4OC0zNDM2M2JjN2M0YzAiOnsiY3JlYXRlIjoxMjAwMDAwMDAwMDAsImRlbGV0ZSI6MzAwMDAwMDAwMDAwfX0=",
          "dependencies": [
            "aws_eip.nat",
            "aws_internet_gateway.igw",
            "aws_nat_gateway.nat",
            "aws_route_table.private",
            "aws_subnet.public",
            "aws_vpc.vault",
            "data.aws_availability_zones.available"
          ]
        }
      ]
    },
    {
      "mode": "managed",
      "type": "aws_route",
      "name": "private_internet_access_ipv6",
      "provider": "provider[\"registry.terraform.io/hashicorp/aws\"]",
      "instances": [
        {
          "index_key": 0,
          "schema_version": 0,
          "attributes": {
            "carrier_gateway_id": "",
            "destination_cidr_block": "",
            "destination_ipv6_cidr_block": "::/0",
            "destination_prefix_list_id": "",
            "egress_only_gateway_id": "eigw-0f92e25403aefd225",
            "gateway_id": "",
            "id": "r-rtb-092a399d2b815c2902750132062",
            "instance_id": "",
            "instance_owner_id": "",
            "local_gateway_id": "",
            "nat_gateway_id": "",
            "network_interface_id": "",
            "origin": "CreateRoute",
            "route_table_id": "rtb-092a399d2b815c290",
            "state": "active",
            "timeouts": null,
            "transit_gateway_id": "",
            "vpc_endpoint_id": "",
            "vpc_peering_connection_id": ""
          },
          "sensitive_attributes": [],
          "private": "eyJlMmJmYjczMC1lY2FhLTExZTYtOGY4OC0zNDM2M2JjN2M0YzAiOnsiY3JlYXRlIjoxMjAwMDAwMDAwMDAsImRlbGV0ZSI6MzAwMDAwMDAwMDAwfX0=",
          "dependencies": [
            "aws_egress_only_internet_gateway.eigw",
            "aws_route_table.private",
            "aws_vpc.vault"
          ]
        }
      ]
    },
    {
      "mode": "managed",
      "type": "aws_route",
      "name": "public_internet_access",
      "provider": "provider[\"registry.terraform.io/hashicorp/aws\"]",
      "instances": [
        {
          "schema_version": 0,
          "attributes": {
            "carrier_gateway_id": "",
            "destination_cidr_block": "0.0.0.0/0",
            "destination_ipv6_cidr_block": "",
            "destination_prefix_list_id": "",
            "egress_only_gateway_id": "",
            "gateway_id": "igw-03d2959dc8ae509c6",
            "id": "r-rtb-00b905fde1a9e4b641080289494",
            "instance_id": "",
            "instance_owner_id": "",
            "local_gateway_id": "",
            "nat_gateway_id": "",
            "network_interface_id": "",
            "origin": "CreateRoute",
            "route_table_id": "rtb-00b905fde1a9e4b64",
            "state": "active",
            "timeouts": null,
            "transit_gateway_id": "",
            "vpc_endpoint_id": "",
            "vpc_peering_connection_id": ""
          },
          "sensitive_attributes": [],
          "private": "eyJlMmJmYjczMC1lY2FhLTExZTYtOGY4OC0zNDM2M2JjN2M0YzAiOnsiY3JlYXRlIjoxMjAwMDAwMDAwMDAsImRlbGV0ZSI6MzAwMDAwMDAwMDAwfX0=",
          "dependencies": [
            "aws_internet_gateway.igw",
            "aws_route_table.public",
            "aws_vpc.vault"
          ]
        }
      ]
    },
    {
      "mode": "managed",
      "type": "aws_route_table",
      "name": "private",
      "provider": "provider[\"registry.terraform.io/hashicorp/aws\"]",
      "instances": [
        {
          "schema_version": 0,
          "attributes": {
            "arn": "arn:aws:ec2:us-east-1:029094599989:route-table/rtb-092a399d2b815c290",
            "id": "rtb-092a399d2b815c290",
            "owner_id": "029094599989",
            "propagating_vgws": [],
            "route": [
              {
                "carrier_gateway_id": "",
                "cidr_block": "",
                "destination_prefix_list_id": "",
                "egress_only_gateway_id": "eigw-0f92e25403aefd225",
                "gateway_id": "",
                "instance_id": "",
                "ipv6_cidr_block": "::/0",
                "local_gateway_id": "",
                "nat_gateway_id": "",
                "network_interface_id": "",
                "transit_gateway_id": "",
                "vpc_endpoint_id": "",
                "vpc_peering_connection_id": ""
              },
              {
                "carrier_gateway_id": "",
                "cidr_block": "0.0.0.0/0",
                "destination_prefix_list_id": "",
                "egress_only_gateway_id": "",
                "gateway_id": "",
                "instance_id": "",
                "ipv6_cidr_block": "",
                "local_gateway_id": "",
                "nat_gateway_id": "nat-04d63e47c5213513f",
                "network_interface_id": "",
                "transit_gateway_id": "",
                "vpc_endpoint_id": "",
                "vpc_peering_connection_id": ""
              }
            ],
            "tags": {
              "Name": "vault-deployment-private-rtb",
              "Project": "vault-deployment"
            },
            "tags_all": {
              "Name": "vault-deployment-private-rtb",
              "Project": "vault-deployment"
            },
            "vpc_id": "vpc-015a1f8408c55ec30"
          },
          "sensitive_attributes": [],
          "private": "bnVsbA==",
          "dependencies": [
            "aws_vpc.vault"
          ]
        }
      ]
    },
    {
      "mode": "managed",
      "type": "aws_route_table",
      "name": "public",
      "provider": "provider[\"registry.terraform.io/hashicorp/aws\"]",
      "instances": [
        {
          "schema_version": 0,
          "attributes": {
            "arn": "arn:aws:ec2:us-east-1:029094599989:route-table/rtb-00b905fde1a9e4b64",
            "id": "rtb-00b905fde1a9e4b64",
            "owner_id": "029094599989",
            "propagating_vgws": [],
            "route": [
              {
                "carrier_gateway_id": "",
                "cidr_block": "0.0.0.0/0",
                "destination_prefix_list_id": "",
                "egress_only_gateway_id": "",
                "gateway_id": "igw-03d2959dc8ae509c6",
                "instance_id": "",
                "ipv6_cidr_block": "",
                "local_gateway_id": "",
                "nat_gateway_id": "",
                "network_interface_id": "",
                "transit_gateway_id": "",
                "vpc_endpoint_id": "",
                "vpc_peering_connection_id": ""
              }
            ],
            "tags": {
              "Name": "vault-deployment-public-rtb",
              "Project": "vault-deployment"
            },
            "tags_all": {
              "Name": "vault-deployment-public-rtb",
              "Project": "vault-deployment"
            },
            "vpc_id": "vpc-015a1f8408c55ec30"
          },
          "sensitive_attributes": [],
          "private": "bnVsbA==",
          "dependencies": [
            "aws_vpc.vault"
          ]
        }
      ]
    },
    {
      "mode": "managed",
      "type": "aws_route_table_association",
      "name": "private",
      "provider": "provider[\"registry.terraform.io/hashicorp/aws\"]",
      "instances": [
        {
          "index_key": 0,
          "schema_version": 0,
          "attributes": {
            "gateway_id": "",
            "id": "rtbassoc-0a491f27b1f653bb9",
            "route_table_id": "rtb-092a399d2b815c290",
            "subnet_id": "subnet-066000fa1789da496"
          },
          "sensitive_attributes": [],
          "private": "bnVsbA==",
          "dependencies": [
            "aws_route_table.private",
            "aws_subnet.private",
            "aws_vpc.vault",
            "data.aws_availability_zones.available"
          ]
        },
        {
          "index_key": 1,
          "schema_version": 0,
          "attributes": {
            "gateway_id": "",
            "id": "rtbassoc-0938ff5870bce0e58",
            "route_table_id": "rtb-092a399d2b815c290",
            "subnet_id": "subnet-095568fa4e89b7066"
          },
          "sensitive_attributes": [],
          "private": "bnVsbA==",
          "dependencies": [
            "aws_route_table.private",
            "aws_subnet.private",
            "aws_vpc.vault",
            "data.aws_availability_zones.available"
          ]
        }
      ]
    },
    {
      "mode": "managed",
      "type": "aws_route_table_association",
      "name": "public",
      "provider": "provider[\"registry.terraform.io/hashicorp/aws\"]",
      "instances": [
        {
          "index_key": 0,
          "schema_version": 0,
          "attributes": {
            "gateway_id": "",
            "id": "rtbassoc-0922175cb615b2649",
            "route_table_id": "rtb-00b905fde1a9e4b64",
            "subnet_id": "subnet-0c221fee8e01edb11"
          },
          "sensitive_attributes": [],
          "private": "bnVsbA==",
          "dependencies": [
            "aws_route_table.public",
            "aws_subnet.public",
            "aws_vpc.vault",
            "data.aws_availability_zones.available"
          ]
        },
        {
          "index_key": 1,
          "schema_version": 0,
          "attributes": {
            "gateway_id": "",
            "id": "rtbassoc-0e0fe8c8411a7f959",
            "route_table_id": "rtb-00b905fde1a9e4b64",
            "subnet_id": "subnet-0b93f96c2bb48bf70"
          },
          "sensitive_attributes": [],
          "private": "bnVsbA==",
          "dependencies": [
            "aws_route_table.public",
            "aws_subnet.public",
            "aws_vpc.vault",
            "data.aws_availability_zones.available"
          ]
        }
      ]
    },
    {
      "mode": "managed",
      "type": "aws_s3_bucket",
      "name": "vault_data",
      "provider": "provider[\"registry.terraform.io/hashicorp/aws\"]",
      "instances": [
        {
          "schema_version": 0,
          "attributes": {
            "acceleration_status": "",
            "acl": "private",
            "arn": "arn:aws:s3:::vault-deployment-20210628224656636200000002",
            "bucket": "vault-deployment-20210628224656636200000002",
            "bucket_domain_name": "vault-deployment-20210628224656636200000002.s3.amazonaws.com",
            "bucket_prefix": "vault-deployment-",
            "bucket_regional_domain_name": "vault-deployment-20210628224656636200000002.s3.amazonaws.com",
            "cors_rule": [],
            "force_destroy": false,
            "grant": [],
            "hosted_zone_id": "Z3AQBSTGFYJSTF",
            "id": "vault-deployment-20210628224656636200000002",
            "lifecycle_rule": [],
            "logging": [],
            "object_lock_configuration": [],
            "policy": null,
            "region": "us-east-1",
            "replication_configuration": [],
            "request_payer": "BucketOwner",
            "server_side_encryption_configuration": [
              {
                "rule": [
                  {
                    "apply_server_side_encryption_by_default": [
                      {
                        "kms_master_key_id": "",
                        "sse_algorithm": "AES256"
                      }
                    ],
                    "bucket_key_enabled": false
                  }
                ]
              }
            ],
            "tags": {
              "Project": "vault-deployment"
            },
            "tags_all": {
              "Project": "vault-deployment"
            },
            "versioning": [
              {
                "enabled": false,
                "mfa_delete": false
              }
            ],
            "website": [],
            "website_domain": null,
            "website_endpoint": null
          },
          "sensitive_attributes": [],
          "private": "bnVsbA=="
        }
      ]
    },
    {
      "mode": "managed",
      "type": "aws_s3_bucket_public_access_block",
      "name": "vault_data",
      "provider": "provider[\"registry.terraform.io/hashicorp/aws\"]",
      "instances": [
        {
          "schema_version": 0,
          "attributes": {
            "block_public_acls": true,
            "block_public_policy": true,
            "bucket": "vault-deployment-20210628224656636200000002",
            "id": "vault-deployment-20210628224656636200000002",
            "ignore_public_acls": true,
            "restrict_public_buckets": true
          },
          "sensitive_attributes": [],
          "private": "bnVsbA==",
          "dependencies": [
            "aws_s3_bucket.vault_data"
          ]
        }
      ]
    },
    {
      "mode": "managed",
      "type": "aws_security_group",
      "name": "bastion",
      "provider": "provider[\"registry.terraform.io/hashicorp/aws\"]",
      "instances": [
        {
          "schema_version": 1,
          "attributes": {
            "arn": "arn:aws:ec2:us-east-1:029094599989:security-group/sg-092438fdf0d53e28a",
            "description": "Firewall for the operator bastion instance",
            "egress": [
              {
                "cidr_blocks": [
                  "0.0.0.0/0"
                ],
                "description": "Allow any outbound traffic.",
                "from_port": 0,
                "ipv6_cidr_blocks": [],
                "prefix_list_ids": [],
                "protocol": "-1",
                "security_groups": [],
                "self": false,
                "to_port": 0
              }
            ],
            "id": "sg-092438fdf0d53e28a",
            "ingress": [
              {
                "cidr_blocks": [
                  "0.0.0.0/0"
                ],
                "description": "Allow SSH traffic.",
                "from_port": 22,
                "ipv6_cidr_blocks": [],
                "prefix_list_ids": [],
                "protocol": "tcp",
                "security_groups": [],
                "self": false,
                "to_port": 22
              }
            ],
            "name": "vault-deployment-bastion-sg2021062822471523540000000b",
            "name_prefix": "vault-deployment-bastion-sg",
            "owner_id": "029094599989",
            "revoke_rules_on_delete": false,
            "tags": {
              "Name": "vault-deployment-bastion-sg",
              "Project": "vault-deployment"
            },
            "tags_all": {
              "Name": "vault-deployment-bastion-sg",
              "Project": "vault-deployment"
            },
            "timeouts": null,
            "vpc_id": "vpc-015a1f8408c55ec30"
          },
          "sensitive_attributes": [],
          "private": "eyJlMmJmYjczMC1lY2FhLTExZTYtOGY4OC0zNDM2M2JjN2M0YzAiOnsiY3JlYXRlIjo2MDAwMDAwMDAwMDAsImRlbGV0ZSI6OTAwMDAwMDAwMDAwfSwic2NoZW1hX3ZlcnNpb24iOiIxIn0=",
          "dependencies": [
            "aws_vpc.vault"
          ]
        }
      ]
    },
    {
      "mode": "managed",
      "type": "aws_security_group",
      "name": "kms_endpoint",
      "provider": "provider[\"registry.terraform.io/hashicorp/aws\"]",
      "instances": [
        {
          "schema_version": 1,
          "attributes": {
            "arn": "arn:aws:ec2:us-east-1:029094599989:security-group/sg-0a24055260dab2e7e",
            "description": "Firewall for the KMS Endpoint.",
            "egress": [
              {
                "cidr_blocks": [
                  "0.0.0.0/0"
                ],
                "description": "Allow any outbound traffic.",
                "from_port": 0,
                "ipv6_cidr_blocks": [],
                "prefix_list_ids": [],
                "protocol": "-1",
                "security_groups": [],
                "self": false,
                "to_port": 0
              }
            ],
            "id": "sg-0a24055260dab2e7e",
            "ingress": [
              {
                "cidr_blocks": [],
                "description": "Allow HTTP traffic from vault instances.",
                "from_port": 80,
                "ipv6_cidr_blocks": [],
                "prefix_list_ids": [],
                "protocol": "tcp",
                "security_groups": [
                  "sg-04270701efc20cfd7"
                ],
                "self": false,
                "to_port": 80
              },
              {
                "cidr_blocks": [],
                "description": "Allow HTTPS traffic from vault instances.",
                "from_port": 443,
                "ipv6_cidr_blocks": [],
                "prefix_list_ids": [],
                "protocol": "tcp",
                "security_groups": [
                  "sg-04270701efc20cfd7"
                ],
                "self": false,
                "to_port": 443
              }
            ],
            "name": "vault-deployment-kms-endpoint-sg20210628224713360000000007",
            "name_prefix": "vault-deployment-kms-endpoint-sg",
            "owner_id": "029094599989",
            "revoke_rules_on_delete": false,
            "tags": {
              "Name": "vault-deployment-kms-endpoint-sg",
              "Project": "vault-deployment"
            },
            "tags_all": {
              "Name": "vault-deployment-kms-endpoint-sg",
              "Project": "vault-deployment"
            },
            "timeouts": null,
            "vpc_id": "vpc-015a1f8408c55ec30"
          },
          "sensitive_attributes": [],
          "private": "eyJlMmJmYjczMC1lY2FhLTExZTYtOGY4OC0zNDM2M2JjN2M0YzAiOnsiY3JlYXRlIjo2MDAwMDAwMDAwMDAsImRlbGV0ZSI6OTAwMDAwMDAwMDAwfSwic2NoZW1hX3ZlcnNpb24iOiIxIn0=",
          "dependencies": [
            "aws_vpc.vault"
          ]
        }
      ]
    },
    {
      "mode": "managed",
      "type": "aws_security_group",
      "name": "load_balancer",
      "provider": "provider[\"registry.terraform.io/hashicorp/aws\"]",
      "instances": [
        {
          "schema_version": 1,
          "attributes": {
            "arn": "arn:aws:ec2:us-east-1:029094599989:security-group/sg-06a2996f2c2fdbc9b",
            "description": "Firewall for the application load balancer fronting the vault instances.",
            "egress": [
              {
                "cidr_blocks": [
                  "0.0.0.0/0"
                ],
                "description": "Allow any outbound traffic.",
                "from_port": 0,
                "ipv6_cidr_blocks": [
                  "::/0"
                ],
                "prefix_list_ids": [],
                "protocol": "-1",
                "security_groups": [],
                "self": false,
                "to_port": 0
              }
            ],
            "id": "sg-06a2996f2c2fdbc9b",
            "ingress": [
              {
                "cidr_blocks": [
                  "0.0.0.0/0"
                ],
                "description": "Allow HTTP traffic.",
                "from_port": 80,
                "ipv6_cidr_blocks": [
                  "::/0"
                ],
                "prefix_list_ids": [],
                "protocol": "tcp",
                "security_groups": [],
                "self": false,
                "to_port": 80
              },
              {
                "cidr_blocks": [
                  "0.0.0.0/0"
                ],
                "description": "Allow HTTPS traffic.",
                "from_port": 443,
                "ipv6_cidr_blocks": [
                  "::/0"
                ],
                "prefix_list_ids": [],
                "protocol": "tcp",
                "security_groups": [],
                "self": false,
                "to_port": 443
              }
            ],
            "name": "vault-deployment-alb-sg20210628224713360500000008",
            "name_prefix": "vault-deployment-alb-sg",
            "owner_id": "029094599989",
            "revoke_rules_on_delete": false,
            "tags": {
              "Name": "vault-deployment-alb-sg",
              "Project": "vault-deployment"
            },
            "tags_all": {
              "Name": "vault-deployment-alb-sg",
              "Project": "vault-deployment"
            },
            "timeouts": null,
            "vpc_id": "vpc-015a1f8408c55ec30"
          },
          "sensitive_attributes": [],
          "private": "eyJlMmJmYjczMC1lY2FhLTExZTYtOGY4OC0zNDM2M2JjN2M0YzAiOnsiY3JlYXRlIjo2MDAwMDAwMDAwMDAsImRlbGV0ZSI6OTAwMDAwMDAwMDAwfSwic2NoZW1hX3ZlcnNpb24iOiIxIn0=",
          "dependencies": [
            "aws_vpc.vault"
          ]
        }
      ]
    },
    {
      "mode": "managed",
      "type": "aws_security_group",
      "name": "vault_instance",
      "provider": "provider[\"registry.terraform.io/hashicorp/aws\"]",
      "instances": [
        {
          "schema_version": 1,
          "attributes": {
            "arn": "arn:aws:ec2:us-east-1:029094599989:security-group/sg-04270701efc20cfd7",
            "description": "Firewall for the vault instances.",
            "egress": [
              {
                "cidr_blocks": [
                  "0.0.0.0/0"
                ],
                "description": "Allow any outbound traffic.",
                "from_port": 0,
                "ipv6_cidr_blocks": [],
                "prefix_list_ids": [],
                "protocol": "-1",
                "security_groups": [],
                "self": false,
                "to_port": 0
              }
            ],
            "id": "sg-04270701efc20cfd7",
            "ingress": [
              {
                "cidr_blocks": [],
                "description": "Allow SSH traffic from vault bastion.",
                "from_port": 22,
                "ipv6_cidr_blocks": [],
                "prefix_list_ids": [],
                "protocol": "tcp",
                "security_groups": [
                  "sg-092438fdf0d53e28a"
                ],
                "self": false,
                "to_port": 22
              },
              {
                "cidr_blocks": [],
                "description": "Allow traffic from Load Balancer.",
                "from_port": 8200,
                "ipv6_cidr_blocks": [],
                "prefix_list_ids": [],
                "protocol": "tcp",
                "security_groups": [
                  "sg-06a2996f2c2fdbc9b"
                ],
                "self": false,
                "to_port": 8200
              },
              {
                "cidr_blocks": [],
                "description": "Allow traffic from fellow vault instances that have this SG.",
                "from_port": 8201,
                "ipv6_cidr_blocks": [],
                "prefix_list_ids": [],
                "protocol": "tcp",
                "security_groups": [],
                "self": true,
                "to_port": 8201
              }
            ],
            "name": "vault-deployment-vault-instance-sg20210628224713362500000009",
            "name_prefix": "vault-deployment-vault-instance-sg",
            "owner_id": "029094599989",
            "revoke_rules_on_delete": false,
            "tags": {
              "Name": "vault-deployment-vault-instance-sg",
              "Project": "vault-deployment"
            },
            "tags_all": {
              "Name": "vault-deployment-vault-instance-sg",
              "Project": "vault-deployment"
            },
            "timeouts": null,
            "vpc_id": "vpc-015a1f8408c55ec30"
          },
          "sensitive_attributes": [],
          "private": "eyJlMmJmYjczMC1lY2FhLTExZTYtOGY4OC0zNDM2M2JjN2M0YzAiOnsiY3JlYXRlIjo2MDAwMDAwMDAwMDAsImRlbGV0ZSI6OTAwMDAwMDAwMDAwfSwic2NoZW1hX3ZlcnNpb24iOiIxIn0=",
          "dependencies": [
            "aws_vpc.vault"
          ]
        }
      ]
    },
    {
      "mode": "managed",
      "type": "aws_security_group_rule",
      "name": "bastion_allow_22",
      "provider": "provider[\"registry.terraform.io/hashicorp/aws\"]",
      "instances": [
        {
          "schema_version": 2,
          "attributes": {
            "cidr_blocks": [
              "0.0.0.0/0"
            ],
            "description": "Allow SSH traffic.",
            "from_port": 22,
            "id": "sgrule-2179788449",
            "ipv6_cidr_blocks": [],
            "prefix_list_ids": [],
            "protocol": "tcp",
            "security_group_id": "sg-092438fdf0d53e28a",
            "self": false,
            "source_security_group_id": null,
            "to_port": 22,
            "type": "ingress"
          },
          "sensitive_attributes": [],
          "private": "eyJzY2hlbWFfdmVyc2lvbiI6IjIifQ==",
          "dependencies": [
            "aws_security_group.bastion",
            "aws_vpc.vault"
          ]
        }
      ]
    },
    {
      "mode": "managed",
      "type": "aws_security_group_rule",
      "name": "bastion_allow_outbound",
      "provider": "provider[\"registry.terraform.io/hashicorp/aws\"]",
      "instances": [
        {
          "schema_version": 2,
          "attributes": {
            "cidr_blocks": [
              "0.0.0.0/0"
            ],
            "description": "Allow any outbound traffic.",
            "from_port": 0,
            "id": "sgrule-3474976679",
            "ipv6_cidr_blocks": [],
            "prefix_list_ids": [],
            "protocol": "-1",
            "security_group_id": "sg-092438fdf0d53e28a",
            "self": false,
            "source_security_group_id": null,
            "to_port": 0,
            "type": "egress"
          },
          "sensitive_attributes": [],
          "private": "eyJzY2hlbWFfdmVyc2lvbiI6IjIifQ==",
          "dependencies": [
            "aws_security_group.bastion",
            "aws_vpc.vault"
          ]
        }
      ]
    },
    {
      "mode": "managed",
      "type": "aws_security_group_rule",
      "name": "kms_allow_outbound",
      "provider": "provider[\"registry.terraform.io/hashicorp/aws\"]",
      "instances": [
        {
          "schema_version": 2,
          "attributes": {
            "cidr_blocks": [
              "0.0.0.0/0"
            ],
            "description": "Allow any outbound traffic.",
            "from_port": 0,
            "id": "sgrule-3137425505",
            "ipv6_cidr_blocks": [],
            "prefix_list_ids": [],
            "protocol": "-1",
            "security_group_id": "sg-0a24055260dab2e7e",
            "self": false,
            "source_security_group_id": null,
            "to_port": 0,
            "type": "egress"
          },
          "sensitive_attributes": [],
          "private": "eyJzY2hlbWFfdmVyc2lvbiI6IjIifQ==",
          "dependencies": [
            "aws_security_group.kms_endpoint",
            "aws_vpc.vault"
          ]
        }
      ]
    },
    {
      "mode": "managed",
      "type": "aws_security_group_rule",
      "name": "load_balancer_allow_443",
      "provider": "provider[\"registry.terraform.io/hashicorp/aws\"]",
      "instances": [
        {
          "schema_version": 2,
          "attributes": {
            "cidr_blocks": [
              "0.0.0.0/0"
            ],
            "description": "Allow HTTPS traffic.",
            "from_port": 443,
            "id": "sgrule-2622049931",
            "ipv6_cidr_blocks": [
              "::/0"
            ],
            "prefix_list_ids": [],
            "protocol": "tcp",
            "security_group_id": "sg-06a2996f2c2fdbc9b",
            "self": false,
            "source_security_group_id": null,
            "to_port": 443,
            "type": "ingress"
          },
          "sensitive_attributes": [],
          "private": "eyJzY2hlbWFfdmVyc2lvbiI6IjIifQ==",
          "dependencies": [
            "aws_security_group.load_balancer",
            "aws_vpc.vault"
          ]
        }
      ]
    },
    {
      "mode": "managed",
      "type": "aws_security_group_rule",
      "name": "load_balancer_allow_80",
      "provider": "provider[\"registry.terraform.io/hashicorp/aws\"]",
      "instances": [
        {
          "schema_version": 2,
          "attributes": {
            "cidr_blocks": [
              "0.0.0.0/0"
            ],
            "description": "Allow HTTP traffic.",
            "from_port": 80,
            "id": "sgrule-4065217578",
            "ipv6_cidr_blocks": [
              "::/0"
            ],
            "prefix_list_ids": [],
            "protocol": "tcp",
            "security_group_id": "sg-06a2996f2c2fdbc9b",
            "self": false,
            "source_security_group_id": null,
            "to_port": 80,
            "type": "ingress"
          },
          "sensitive_attributes": [],
          "private": "eyJzY2hlbWFfdmVyc2lvbiI6IjIifQ==",
          "dependencies": [
            "aws_security_group.load_balancer",
            "aws_vpc.vault"
          ]
        }
      ]
    },
    {
      "mode": "managed",
      "type": "aws_security_group_rule",
      "name": "load_balancer_allow_outbound",
      "provider": "provider[\"registry.terraform.io/hashicorp/aws\"]",
      "instances": [
        {
          "schema_version": 2,
          "attributes": {
            "cidr_blocks": [
              "0.0.0.0/0"
            ],
            "description": "Allow any outbound traffic.",
            "from_port": 0,
            "id": "sgrule-4275536840",
            "ipv6_cidr_blocks": [
              "::/0"
            ],
            "prefix_list_ids": [],
            "protocol": "-1",
            "security_group_id": "sg-06a2996f2c2fdbc9b",
            "self": false,
            "source_security_group_id": null,
            "to_port": 0,
            "type": "egress"
          },
          "sensitive_attributes": [],
          "private": "eyJzY2hlbWFfdmVyc2lvbiI6IjIifQ==",
          "dependencies": [
            "aws_security_group.load_balancer",
            "aws_vpc.vault"
          ]
        }
      ]
    },
    {
      "mode": "managed",
      "type": "aws_security_group_rule",
      "name": "vault_instance_allow_22_bastion",
      "provider": "provider[\"registry.terraform.io/hashicorp/aws\"]",
      "instances": [
        {
          "schema_version": 2,
          "attributes": {
            "cidr_blocks": [],
            "description": "Allow SSH traffic from vault bastion.",
            "from_port": 22,
            "id": "sgrule-3441643148",
            "ipv6_cidr_blocks": [],
            "prefix_list_ids": [],
            "protocol": "tcp",
            "security_group_id": "sg-04270701efc20cfd7",
            "self": false,
            "source_security_group_id": "sg-092438fdf0d53e28a",
            "to_port": 22,
            "type": "ingress"
          },
          "sensitive_attributes": [],
          "private": "eyJzY2hlbWFfdmVyc2lvbiI6IjIifQ==",
          "dependencies": [
            "aws_security_group.bastion",
            "aws_security_group.vault_instance",
            "aws_vpc.vault"
          ]
        }
      ]
    },
    {
      "mode": "managed",
      "type": "aws_security_group_rule",
      "name": "vault_instance_allow_443",
      "provider": "provider[\"registry.terraform.io/hashicorp/aws\"]",
      "instances": [
        {
          "schema_version": 2,
          "attributes": {
            "cidr_blocks": [],
            "description": "Allow HTTPS traffic from vault instances.",
            "from_port": 443,
            "id": "sgrule-4175511117",
            "ipv6_cidr_blocks": [],
            "prefix_list_ids": [],
            "protocol": "tcp",
            "security_group_id": "sg-0a24055260dab2e7e",
            "self": false,
            "source_security_group_id": "sg-04270701efc20cfd7",
            "to_port": 443,
            "type": "ingress"
          },
          "sensitive_attributes": [],
          "private": "eyJzY2hlbWFfdmVyc2lvbiI6IjIifQ==",
          "dependencies": [
            "aws_security_group.kms_endpoint",
            "aws_security_group.vault_instance",
            "aws_vpc.vault"
          ]
        }
      ]
    },
    {
      "mode": "managed",
      "type": "aws_security_group_rule",
      "name": "vault_instance_allow_80",
      "provider": "provider[\"registry.terraform.io/hashicorp/aws\"]",
      "instances": [
        {
          "schema_version": 2,
          "attributes": {
            "cidr_blocks": [],
            "description": "Allow HTTP traffic from vault instances.",
            "from_port": 80,
            "id": "sgrule-3154918836",
            "ipv6_cidr_blocks": [],
            "prefix_list_ids": [],
            "protocol": "tcp",
            "security_group_id": "sg-0a24055260dab2e7e",
            "self": false,
            "source_security_group_id": "sg-04270701efc20cfd7",
            "to_port": 80,
            "type": "ingress"
          },
          "sensitive_attributes": [],
          "private": "eyJzY2hlbWFfdmVyc2lvbiI6IjIifQ==",
          "dependencies": [
            "aws_security_group.kms_endpoint",
            "aws_security_group.vault_instance",
            "aws_vpc.vault"
          ]
        }
      ]
    },
    {
      "mode": "managed",
      "type": "aws_security_group_rule",
      "name": "vault_instance_allow_8200",
      "provider": "provider[\"registry.terraform.io/hashicorp/aws\"]",
      "instances": [
        {
          "schema_version": 2,
          "attributes": {
            "cidr_blocks": [],
            "description": "Allow traffic from Load Balancer.",
            "from_port": 8200,
            "id": "sgrule-2975957981",
            "ipv6_cidr_blocks": [],
            "prefix_list_ids": [],
            "protocol": "tcp",
            "security_group_id": "sg-04270701efc20cfd7",
            "self": false,
            "source_security_group_id": "sg-06a2996f2c2fdbc9b",
            "to_port": 8200,
            "type": "ingress"
          },
          "sensitive_attributes": [],
          "private": "eyJzY2hlbWFfdmVyc2lvbiI6IjIifQ==",
          "dependencies": [
            "aws_security_group.load_balancer",
            "aws_security_group.vault_instance",
            "aws_vpc.vault"
          ]
        }
      ]
    },
    {
      "mode": "managed",
      "type": "aws_security_group_rule",
      "name": "vault_instance_allow_8201",
      "provider": "provider[\"registry.terraform.io/hashicorp/aws\"]",
      "instances": [
        {
          "schema_version": 2,
          "attributes": {
            "cidr_blocks": [],
            "description": "Allow traffic from fellow vault instances that have this SG.",
            "from_port": 8201,
            "id": "sgrule-2067200383",
            "ipv6_cidr_blocks": [],
            "prefix_list_ids": [],
            "protocol": "tcp",
            "security_group_id": "sg-04270701efc20cfd7",
            "self": true,
            "source_security_group_id": "sg-04270701efc20cfd7",
            "to_port": 8201,
            "type": "ingress"
          },
          "sensitive_attributes": [],
          "private": "eyJzY2hlbWFfdmVyc2lvbiI6IjIifQ==",
          "dependencies": [
            "aws_security_group.vault_instance",
            "aws_vpc.vault"
          ]
        }
      ]
    },
    {
      "mode": "managed",
      "type": "aws_security_group_rule",
      "name": "vault_instance_allow_outbound",
      "provider": "provider[\"registry.terraform.io/hashicorp/aws\"]",
      "instances": [
        {
          "schema_version": 2,
          "attributes": {
            "cidr_blocks": [
              "0.0.0.0/0"
            ],
            "description": "Allow any outbound traffic.",
            "from_port": 0,
            "id": "sgrule-1297589967",
            "ipv6_cidr_blocks": [],
            "prefix_list_ids": [],
            "protocol": "-1",
            "security_group_id": "sg-04270701efc20cfd7",
            "self": false,
            "source_security_group_id": null,
            "to_port": 0,
            "type": "egress"
          },
          "sensitive_attributes": [],
          "private": "eyJzY2hlbWFfdmVyc2lvbiI6IjIifQ==",
          "dependencies": [
            "aws_security_group.vault_instance",
            "aws_vpc.vault"
          ]
        }
      ]
    },
    {
      "mode": "managed",
      "type": "aws_subnet",
      "name": "private",
      "provider": "provider[\"registry.terraform.io/hashicorp/aws\"]",
      "instances": [
        {
          "index_key": 0,
          "schema_version": 1,
          "attributes": {
            "arn": "arn:aws:ec2:us-east-1:029094599989:subnet/subnet-066000fa1789da496",
            "assign_ipv6_address_on_creation": false,
            "availability_zone": "us-east-1a",
            "availability_zone_id": "use1-az1",
            "cidr_block": "10.255.2.0/24",
            "customer_owned_ipv4_pool": "",
            "id": "subnet-066000fa1789da496",
            "ipv6_cidr_block": "",
            "ipv6_cidr_block_association_id": "",
            "map_customer_owned_ip_on_launch": false,
            "map_public_ip_on_launch": false,
            "outpost_arn": "",
            "owner_id": "029094599989",
            "tags": {
              "Name": "vault-deployment-private-us-east-1a",
              "Project": "vault-deployment"
            },
            "tags_all": {
              "Name": "vault-deployment-private-us-east-1a",
              "Project": "vault-deployment"
            },
            "timeouts": null,
            "vpc_id": "vpc-015a1f8408c55ec30"
          },
          "sensitive_attributes": [],
          "private": "eyJlMmJmYjczMC1lY2FhLTExZTYtOGY4OC0zNDM2M2JjN2M0YzAiOnsiY3JlYXRlIjo2MDAwMDAwMDAwMDAsImRlbGV0ZSI6MTIwMDAwMDAwMDAwMH0sInNjaGVtYV92ZXJzaW9uIjoiMSJ9",
          "dependencies": [
            "aws_vpc.vault",
            "data.aws_availability_zones.available"
          ]
        },
        {
          "index_key": 1,
          "schema_version": 1,
          "attributes": {
            "arn": "arn:aws:ec2:us-east-1:029094599989:subnet/subnet-095568fa4e89b7066",
            "assign_ipv6_address_on_creation": false,
            "availability_zone": "us-east-1b",
            "availability_zone_id": "use1-az2",
            "cidr_block": "10.255.3.0/24",
            "customer_owned_ipv4_pool": "",
            "id": "subnet-095568fa4e89b7066",
            "ipv6_cidr_block": "",
            "ipv6_cidr_block_association_id": "",
            "map_customer_owned_ip_on_launch": false,
            "map_public_ip_on_launch": false,
            "outpost_arn": "",
            "owner_id": "029094599989",
            "tags": {
              "Name": "vault-deployment-private-us-east-1b",
              "Project": "vault-deployment"
            },
            "tags_all": {
              "Name": "vault-deployment-private-us-east-1b",
              "Project": "vault-deployment"
            },
            "timeouts": null,
            "vpc_id": "vpc-015a1f8408c55ec30"
          },
          "sensitive_attributes": [],
          "private": "eyJlMmJmYjczMC1lY2FhLTExZTYtOGY4OC0zNDM2M2JjN2M0YzAiOnsiY3JlYXRlIjo2MDAwMDAwMDAwMDAsImRlbGV0ZSI6MTIwMDAwMDAwMDAwMH0sInNjaGVtYV92ZXJzaW9uIjoiMSJ9",
          "dependencies": [
            "aws_vpc.vault",
            "data.aws_availability_zones.available"
          ]
        }
      ]
    },
    {
      "mode": "managed",
      "type": "aws_subnet",
      "name": "public",
      "provider": "provider[\"registry.terraform.io/hashicorp/aws\"]",
      "instances": [
        {
          "index_key": 0,
          "schema_version": 1,
          "attributes": {
            "arn": "arn:aws:ec2:us-east-1:029094599989:subnet/subnet-0c221fee8e01edb11",
            "assign_ipv6_address_on_creation": true,
            "availability_zone": "us-east-1a",
            "availability_zone_id": "use1-az1",
            "cidr_block": "10.255.0.0/24",
            "customer_owned_ipv4_pool": "",
            "id": "subnet-0c221fee8e01edb11",
            "ipv6_cidr_block": "2600:1f18:ca2::/64",
            "ipv6_cidr_block_association_id": "subnet-cidr-assoc-0c3968b3ebab40273",
            "map_customer_owned_ip_on_launch": false,
            "map_public_ip_on_launch": true,
            "outpost_arn": "",
            "owner_id": "029094599989",
            "tags": {
              "Name": "vault-deployment-public-us-east-1a",
              "Project": "vault-deployment"
            },
            "tags_all": {
              "Name": "vault-deployment-public-us-east-1a",
              "Project": "vault-deployment"
            },
            "timeouts": null,
            "vpc_id": "vpc-015a1f8408c55ec30"
          },
          "sensitive_attributes": [],
          "private": "eyJlMmJmYjczMC1lY2FhLTExZTYtOGY4OC0zNDM2M2JjN2M0YzAiOnsiY3JlYXRlIjo2MDAwMDAwMDAwMDAsImRlbGV0ZSI6MTIwMDAwMDAwMDAwMH0sInNjaGVtYV92ZXJzaW9uIjoiMSJ9",
          "dependencies": [
            "aws_vpc.vault",
            "data.aws_availability_zones.available"
          ]
        },
        {
          "index_key": 1,
          "schema_version": 1,
          "attributes": {
            "arn": "arn:aws:ec2:us-east-1:029094599989:subnet/subnet-0b93f96c2bb48bf70",
            "assign_ipv6_address_on_creation": true,
            "availability_zone": "us-east-1b",
            "availability_zone_id": "use1-az2",
            "cidr_block": "10.255.1.0/24",
            "customer_owned_ipv4_pool": "",
            "id": "subnet-0b93f96c2bb48bf70",
            "ipv6_cidr_block": "2600:1f18:ca2:1::/64",
            "ipv6_cidr_block_association_id": "subnet-cidr-assoc-031e35a3682977a75",
            "map_customer_owned_ip_on_launch": false,
            "map_public_ip_on_launch": true,
            "outpost_arn": "",
            "owner_id": "029094599989",
            "tags": {
              "Name": "vault-deployment-public-us-east-1b",
              "Project": "vault-deployment"
            },
            "tags_all": {
              "Name": "vault-deployment-public-us-east-1b",
              "Project": "vault-deployment"
            },
            "timeouts": null,
            "vpc_id": "vpc-015a1f8408c55ec30"
          },
          "sensitive_attributes": [],
          "private": "eyJlMmJmYjczMC1lY2FhLTExZTYtOGY4OC0zNDM2M2JjN2M0YzAiOnsiY3JlYXRlIjo2MDAwMDAwMDAwMDAsImRlbGV0ZSI6MTIwMDAwMDAwMDAwMH0sInNjaGVtYV92ZXJzaW9uIjoiMSJ9",
          "dependencies": [
            "aws_vpc.vault",
            "data.aws_availability_zones.available"
          ]
        }
      ]
    },
    {
      "mode": "managed",
      "type": "aws_vpc",
      "name": "vault",
      "provider": "provider[\"registry.terraform.io/hashicorp/aws\"]",
      "instances": [
        {
          "schema_version": 1,
          "attributes": {
            "arn": "arn:aws:ec2:us-east-1:029094599989:vpc/vpc-015a1f8408c55ec30",
            "assign_generated_ipv6_cidr_block": true,
            "cidr_block": "10.255.0.0/20",
            "default_network_acl_id": "acl-0d87565beaf043914",
            "default_route_table_id": "rtb-06c3dd61762e07605",
            "default_security_group_id": "sg-0994c61b5deee97b5",
            "dhcp_options_id": "dopt-4ac69a31",
            "enable_classiclink": false,
            "enable_classiclink_dns_support": false,
            "enable_dns_hostnames": true,
            "enable_dns_support": true,
            "id": "vpc-015a1f8408c55ec30",
            "instance_tenancy": "default",
            "ipv6_association_id": "vpc-cidr-assoc-08a0065c30fb650e8",
            "ipv6_cidr_block": "2600:1f18:ca2::/56",
            "main_route_table_id": "rtb-06c3dd61762e07605",
            "owner_id": "029094599989",
            "tags": {
              "Name": "vault-deployment-vpc",
              "Project": "vault-deployment"
            },
            "tags_all": {
              "Name": "vault-deployment-vpc",
              "Project": "vault-deployment"
            }
          },
          "sensitive_attributes": [],
          "private": "eyJzY2hlbWFfdmVyc2lvbiI6IjEifQ=="
        }
      ]
    },
    {
      "mode": "managed",
      "type": "aws_vpc_endpoint",
      "name": "dynamodb",
      "provider": "provider[\"registry.terraform.io/hashicorp/aws\"]",
      "instances": [
        {
          "schema_version": 0,
          "attributes": {
            "arn": "arn:aws:ec2:us-east-1:029094599989:vpc-endpoint/vpce-05f226410481eb205",
            "auto_accept": null,
            "cidr_blocks": [
              "3.218.182.0/24",
              "3.218.180.0/23",
              "52.94.0.0/22",
              "52.119.224.0/20"
            ],
            "dns_entry": [],
            "id": "vpce-05f226410481eb205",
            "network_interface_ids": [],
            "owner_id": "029094599989",
            "policy": "{\"Statement\":[{\"Action\":\"*\",\"Effect\":\"Allow\",\"Principal\":\"*\",\"Resource\":\"*\"}],\"Version\":\"2008-10-17\"}",
            "prefix_list_id": "pl-02cd2c6b",
            "private_dns_enabled": false,
            "requester_managed": false,
            "route_table_ids": [
              "rtb-092a399d2b815c290"
            ],
            "security_group_ids": [],
            "service_name": "com.amazonaws.us-east-1.dynamodb",
            "state": "available",
            "subnet_ids": [],
            "tags": {
              "Name": "vault-deployment-dynamodb-endpoint",
              "Project": "vault-deployment"
            },
            "tags_all": {
              "Name": "vault-deployment-dynamodb-endpoint",
              "Project": "vault-deployment"
            },
            "timeouts": null,
            "vpc_endpoint_type": "Gateway",
            "vpc_id": "vpc-015a1f8408c55ec30"
          },
          "sensitive_attributes": [],
          "private": "eyJlMmJmYjczMC1lY2FhLTExZTYtOGY4OC0zNDM2M2JjN2M0YzAiOnsiY3JlYXRlIjo2MDAwMDAwMDAwMDAsImRlbGV0ZSI6NjAwMDAwMDAwMDAwLCJ1cGRhdGUiOjYwMDAwMDAwMDAwMH19",
          "dependencies": [
            "aws_route_table.private",
            "aws_vpc.vault",
            "data.aws_vpc_endpoint_service.dynamodb"
          ]
        }
      ]
    },
    {
      "mode": "managed",
      "type": "aws_vpc_endpoint",
      "name": "kms",
      "provider": "provider[\"registry.terraform.io/hashicorp/aws\"]",
      "instances": [
        {
          "schema_version": 0,
          "attributes": {
            "arn": "arn:aws:ec2:us-east-1:029094599989:vpc-endpoint/vpce-0c41f95602c077f8f",
            "auto_accept": null,
            "cidr_blocks": [],
            "dns_entry": [
              {
                "dns_name": "vpce-0c41f95602c077f8f-cvsqh4f2.kms.us-east-1.vpce.amazonaws.com",
                "hosted_zone_id": "Z7HUB22UULQXV"
              },
              {
                "dns_name": "vpce-0c41f95602c077f8f-cvsqh4f2-us-east-1b.kms.us-east-1.vpce.amazonaws.com",
                "hosted_zone_id": "Z7HUB22UULQXV"
              },
              {
                "dns_name": "vpce-0c41f95602c077f8f-cvsqh4f2-us-east-1a.kms.us-east-1.vpce.amazonaws.com",
                "hosted_zone_id": "Z7HUB22UULQXV"
              },
              {
                "dns_name": "kms.us-east-1.amazonaws.com",
                "hosted_zone_id": "Z028891229DF5PZE5L3BK"
              }
            ],
            "id": "vpce-0c41f95602c077f8f",
            "network_interface_ids": [
              "eni-043589b4bf44d7c5b",
              "eni-0c43be1095fed6843"
            ],
            "owner_id": "029094599989",
            "policy": "{\"Statement\":[{\"Action\":\"*\",\"Effect\":\"Allow\",\"Principal\":\"*\",\"Resource\":\"*\"}]}",
            "prefix_list_id": null,
            "private_dns_enabled": true,
            "requester_managed": false,
            "route_table_ids": [],
            "security_group_ids": [
              "sg-0a24055260dab2e7e"
            ],
            "service_name": "com.amazonaws.us-east-1.kms",
            "state": "available",
            "subnet_ids": [
              "subnet-066000fa1789da496",
              "subnet-095568fa4e89b7066"
            ],
            "tags": {
              "Name": "vault-deployment-kms-endpoint",
              "Project": "vault-deployment"
            },
            "tags_all": {
              "Name": "vault-deployment-kms-endpoint",
              "Project": "vault-deployment"
            },
            "timeouts": null,
            "vpc_endpoint_type": "Interface",
            "vpc_id": "vpc-015a1f8408c55ec30"
          },
          "sensitive_attributes": [],
          "private": "eyJlMmJmYjczMC1lY2FhLTExZTYtOGY4OC0zNDM2M2JjN2M0YzAiOnsiY3JlYXRlIjo2MDAwMDAwMDAwMDAsImRlbGV0ZSI6NjAwMDAwMDAwMDAwLCJ1cGRhdGUiOjYwMDAwMDAwMDAwMH19",
          "dependencies": [
            "aws_security_group.kms_endpoint",
            "aws_subnet.private",
            "aws_vpc.vault",
            "data.aws_availability_zones.available",
            "data.aws_vpc_endpoint_service.kms"
          ]
        }
      ]
    },
    {
      "mode": "managed",
      "type": "local_file",
      "name": "userdata_compiled",
      "provider": "provider[\"registry.terraform.io/hashicorp/local\"]",
      "instances": [
        {
          "schema_version": 0,
          "attributes": {
            "content": "Content-Type: multipart/mixed; boundary=\"==BOUNDARY==\"\nMIME-Version: 1.0\n\n--==BOUNDARY==\nContent-Type: text/x-shellscript; charset=\"us-ascii\"\n\n#!/bin/bash\nset -e\n\n# Run Order: 1\n# Run Frequency: only once, on first boot\n\n# Tasks:\n# - Install Dependencies\n# - Make users and directories\n# - Install download, unzip, and setup vault bin\n\n# Note: dollar-sign curly braces are template values from Terraform.\n# Non curly brace ones are normal bash variables...\n\nyum update -y\nyum install -y jq\n\n# Make the user\nuseradd --system --shell /sbin/nologin vault\n\n# Make the directories\nmkdir -p /opt/vault\nmkdir -p /opt/vault/bin\nmkdir -p /opt/vault/config\nmkdir -p /opt/vault/tls\n\n# Give corret permissions\nchmod 755 /opt/vault\nchmod 755 /opt/vault/bin\n\n# Change ownership to vault user\nchown -R vault:vault /opt/vault\n\n# Get the HashiCorp PGP\ncurl https://keybase.io/hashicorp/pgp_keys.asc | gpg --import\n\n# Download vault and signatures\ncurl -Os https://releases.hashicorp.com/vault/1.4.0/vault_1.4.0_linux_amd64.zip\ncurl -Os https://releases.hashicorp.com/vault/1.4.0/vault_1.4.0_SHA256SUMS\ncurl -Os https://releases.hashicorp.com/vault/1.4.0/vault_1.4.0_SHA256SUMS.sig\n\n# Verify Signatres\ngpg --verify vault_1.4.0_SHA256SUMS.sig vault_1.4.0_SHA256SUMS\ncat vault_1.4.0_SHA256SUMS | grep vault_1.4.0_linux_amd64.zip | sha256sum -c\n\n# unzip and move to /opt/vault/bin\nunzip vault_1.4.0_linux_amd64.zip\nmv vault /opt/vault/bin\n\n# give ownership to the vault user\nchown vault:vault /opt/vault/bin/vault\n\n# create a symlink\nln -s /opt/vault/bin/vault /usr/local/bin/vault\n\n# allow vault permissions to use mlock and prevent memory from swapping to disk\nsetcap cap_ipc_lock=+ep /opt/vault/bin/vault\n\n# cleanup files\nrm vault_1.4.0_linux_amd64.zip\nrm vault_1.4.0_SHA256SUMS\nrm vault_1.4.0_SHA256SUMS.sig\n\n--==BOUNDARY==\nContent-Type: text/x-shellscript; charset=\"us-ascii\"\n\n#!/bin/bash\nset -e\n\n# Run Order: 2\n# Run Frequency: only once, on first boot\n\n# Tasks:\n# - Fetch needed data\n# - Create Self-Signed Certificate and Key\n\nINSTANCE_IP_ADDR=$(curl http://169.254.169.254/latest/meta-data/local-ipv4)\nINSTANCE_DNS_NAME=$(curl http://169.254.169.254/latest/meta-data/local-hostname)\n\n# Used for encryption between the load balancer and vault instances.\n# Th other alternatives are either creating an entire, private CA and hoping AWS\n# eventually adds the ability to add trusted CAs to load balancers...\n# ...or paying $400/month base for the ACM private CA.\nopenssl req -x509 -sha256 -nodes \\\n  -newkey rsa:4096 -days 3650 \\\n  -keyout /opt/vault/tls/vault.key -out /opt/vault/tls/vault.crt \\\n  -subj \"/CN=$INSTANCE_DNS_NAME\" \\\n  -extensions san \\\n  -config \u003c(cat /etc/pki/tls/openssl.cnf \u003c(echo -e \"\\n[san]\\nsubjectAltName=DNS:$INSTANCE_DNS_NAME,IP:$INSTANCE_IP_ADDR\"))\n\nchown vault:vault /opt/vault/tls/vault.key\nchown vault:vault /opt/vault/tls/vault.crt\n\nchmod 640 /opt/vault/tls/vault.key\nchmod 644 /opt/vault/tls/vault.crt\n\n# Trust the certificate\ncp /opt/vault/tls/vault.crt /etc/pki/tls/certs/vault.crt\n\n--==BOUNDARY==\nContent-Type: text/x-shellscript; charset=\"us-ascii\"\n\n#!/bin/bash\nset -e\n\n# Run Order: 3\n# Run Frequency: only once, on first boot\n\n# Tasks:\n# - Make the vault config file\n# - Make the systemd service file\n\n# The vault config file\ncat \u003e /opt/vault/config/server.hcl \u003c\u003c- EOF\ncluster_name = \"vault-deployment\"\nmax_lease_ttl = \"192h\"\ndefault_lease_ttl = \"192h\"\nui  = \"true\"\n\n# Where can the Vault API be reached?  At DNS for the load balancer, or the CNAME created.\n# Note: this maps to the environment variable VAULT_API_ADDR not VAULT_ADDR\napi_addr = \"https://stage.vault.n3twork.com\"\n\n# For forwarding between vault servers.  Set to own ip.\ncluster_addr = \"https://INSTANCE_IP_ADDR:8201\"\n\n# Auto unseal the vault\nseal \"awskms\" {\n  region = \"us-east-1\"\n  kms_key_id = \"9c02f9e2-76a9-4469-acbe-4e065015aecf\"\n}\n\n# Listener for loopback\nlistener \"tcp\" {\n  address = \"127.0.0.1:8199\"\n  tls_disable = \"true\"\n}\n\n# Listener for private network\nlistener \"tcp\" {\n  address = \"INSTANCE_IP_ADDR:8200\"\n  cluster_address = \"INSTANCE_IP_ADDR:8201\"\n\n  tls_disable = \"false\"\n  tls_cert_file = \"/opt/vault/tls/vault.crt\"\n  tls_key_file = \"/opt/vault/tls/vault.key\"\n}\n\nstorage \"dynamodb\" {\n  ha_enabled = \"true\"\n  region = \"us-east-1\"\n  table = \"vault_storage\"\n}\nEOF\n\nchown vault:vault /opt/vault/config/server.hcl\n\n# The systemd service file\ncat \u003e /etc/systemd/system/vault.service \u003c\u003c- EOF\n[Unit]\nDescription=Vault Server on AWS\nRequires=network-online.target\nAfter=network-online.target\n\n[Service]\nUser=vault\nGroup=vault\nProtectSystem=full\nProtectHome=read-only\nPrivateTmp=yes\nPrivateDevices=yes\nSecureBits=keep-caps\nAmbientCapabilities=CAP_IPC_LOCK\nCapabilities=CAP_IPC_LOCK+ep\nCapabilityBoundingSet=CAP_SYSLOG CAP_IPC_LOCK\nNoNewPrivileges=yes\nExecStart=/opt/vault/bin/vault server -config=/opt/vault/config/ -log-level=info\nExecReload=/bin/kill --signal HUP \\$MAINPID\nKillMode=process\nKillSignal=SIGINT\nRestart=on-failure\nRestartSec=5\nTimeoutStopSec=30\nStartLimitInterval=60\nStartLimitBurst=3\nLimitNOFILE=65536\n\n[Install]\nWantedBy=multi-user.target\nEOF\n\n--==BOUNDARY==\nContent-Type: text/x-shellscript; charset=\"us-ascii\"\n\n#!/bin/bash\nset -e\n\n# Run Order: 4\n# Run Frequency: only once, on first boot\n\n# Tasks:\n# - Replace values in configuration files with instance metadata\n# - Start vault\n\nINSTANCE_IP_ADDR=$(curl http://169.254.169.254/latest/meta-data/local-ipv4)\nsed -i -e \"s/INSTANCE_IP_ADDR/$INSTANCE_IP_ADDR/g\" /opt/vault/config/server.hcl\n\nsystemctl daemon-reload\nsystemctl enable vault\nsystemctl restart vault\n\n--==BOUNDARY==\nContent-Type: text/x-shellscript; charset=\"us-ascii\"\n\n#!/bin/bash\nset -e\n\n# Run Order: 5\n# Run Frequency: only once, on first boot\n\n# Tasks:\n# - Initialize Vault\n# - Create credentials file\n# - Encrypt the file via KMS\n# - Send the file to S3\n# - Delete the local file\n# - Erase bash history\n\n# Workaround to make sure the vault service is fully initialized.\nsleep 20\n\nexport VAULT_ADDR=\"http://127.0.0.1:8199\"\nexport AWS_DEFAULT_REGION=\"us-east-1\"\nexport VAULT_INITIALIZED=$(vault operator init -status) # avoid non-zero exit status\n\nfunction initialize_vault {\n  # initialize and pipe to file\n  vault operator init \u003e vault_credentials.txt\n\n  # encrypt it with the KMS key\n  aws kms encrypt --key-id 9c02f9e2-76a9-4469-acbe-4e065015aecf --plaintext fileb://vault_credentials.txt --output text --query CiphertextBlob | base64 --decode \u003e vault_creds_encrypted\n\n  # send the encrypted file to the s3 bucket\n  aws s3 cp vault_creds_encrypted s3://vault-deployment-20210628224656636200000002/\n\n  # cleanup\n  rm vault_credentials.txt\n  rm vault_creds_encrypted\n  history -c\n  history -w\n}\n\nif [ \"$VAULT_INITIALIZED\" = \"Vault is initialized\" ]; then\n  echo \"Vault is already initialized.\"\nelse\n  echo \"Initializing vault...\"\n  initialize_vault\nfi\n\n--==BOUNDARY==--",
            "content_base64": null,
            "directory_permission": "0777",
            "file_permission": "0777",
            "filename": "./temp/userdata_compiled.sh",
            "id": "0930a00524cbf306818932bc37f2397a1416d87a",
            "sensitive_content": null,
            "source": null
          },
          "sensitive_attributes": [],
          "private": "bnVsbA==",
          "dependencies": [
            "aws_kms_key.seal",
            "aws_s3_bucket.vault_data",
            "data.aws_region.current"
          ]
        }
      ]
    },
    {
      "mode": "managed",
      "type": "local_file",
      "name": "vault_credentials",
      "provider": "provider[\"registry.terraform.io/hashicorp/local\"]",
      "instances": [
        {
          "schema_version": 0,
          "attributes": {
            "content": "#!/bin/bash\n\n# This grabs the encrypted credentials file and decrypts it.\n\naws --profile vault --region us-east-1 s3 cp s3://vault-deployment-20210628224656636200000002/vault_creds_encrypted ./temp/vault_creds_encrypted\naws --profile vault --region us-east-1 kms decrypt --key-id 9c02f9e2-76a9-4469-acbe-4e065015aecf --ciphertext-blob fileb://temp/vault_creds_encrypted --output text --query Plaintext | base64 --decode \u003e ./temp/vault_creds_decrypted\n\necho \"\"\necho \"Vault crednetials decrypted.  Find them at ./temp/vault_creds_decrypted\"\necho \"----\"\necho \"Load Balancer DNS Name: vault-2021062822472728170000000f-1579797275.us-east-1.elb.amazonaws.com\"\necho \"\"",
            "content_base64": null,
            "directory_permission": "0777",
            "file_permission": "0777",
            "filename": "./temp/vault_credentials.sh",
            "id": "324ad3bb49e5d2b7f48b18b21cbd6b25e233c9fa",
            "sensitive_content": null,
            "source": null
          },
          "sensitive_attributes": [],
          "private": "bnVsbA==",
          "dependencies": [
            "aws_kms_key.seal",
            "aws_lb.alb",
            "aws_s3_bucket.vault_data",
            "aws_security_group.load_balancer",
            "aws_subnet.public",
            "aws_vpc.vault",
            "data.aws_availability_zones.available",
            "data.aws_region.current"
          ]
        }
      ]
    }
  ]
}
