{
  "version": 4,
  "terraform_version": "0.14.4",
  "serial": 131,
  "lineage": "8ae2cf69-d356-8252-8583-1a99a56fb346",
  "outputs": {},
  "resources": [
    {
      "module": "module.vault",
      "mode": "data",
      "type": "aws_acm_certificate",
      "name": "vault_alb_cert",
      "provider": "module.vault.provider[\"registry.terraform.io/hashicorp/aws\"]",
      "instances": [
        {
          "schema_version": 0,
          "attributes": {
            "arn": "arn:aws:acm:us-east-1:029094599989:certificate/6c931d00-5781-4c25-8fb4-14f657774948",
            "domain": "prod.vault.n3twork.com",
            "id": "arn:aws:acm:us-east-1:029094599989:certificate/6c931d00-5781-4c25-8fb4-14f657774948",
            "key_types": null,
            "most_recent": false,
            "status": "ISSUED",
            "statuses": null,
            "tags": {},
            "types": null
          },
          "sensitive_attributes": []
        }
      ]
    },
    {
      "module": "module.vault",
      "mode": "data",
      "type": "aws_availability_zones",
      "name": "available",
      "provider": "module.vault.provider[\"registry.terraform.io/hashicorp/aws\"]",
      "instances": [
        {
          "schema_version": 0,
          "attributes": {
            "all_availability_zones": null,
            "exclude_names": null,
            "exclude_zone_ids": null,
            "filter": null,
            "group_names": [
              "us-east-1"
            ],
            "id": "us-east-1",
            "names": [
              "us-east-1a",
              "us-east-1b",
              "us-east-1c",
              "us-east-1d",
              "us-east-1e",
              "us-east-1f"
            ],
            "state": "available",
            "zone_ids": [
              "use1-az1",
              "use1-az2",
              "use1-az4",
              "use1-az6",
              "use1-az3",
              "use1-az5"
            ]
          },
          "sensitive_attributes": []
        }
      ]
    },
    {
      "module": "module.vault",
      "mode": "data",
      "type": "aws_caller_identity",
      "name": "current",
      "provider": "module.vault.provider[\"registry.terraform.io/hashicorp/aws\"]",
      "instances": [
        {
          "schema_version": 0,
          "attributes": {
            "account_id": "029094599989",
            "arn": "arn:aws:sts::029094599989:assumed-role/OneLogin_Admin/mark@n3twork.com",
            "id": "029094599989",
            "user_id": "AROAJ4DMMXXAQDIQXV2WW:mark@n3twork.com"
          },
          "sensitive_attributes": []
        }
      ]
    },
    {
      "module": "module.vault",
      "mode": "data",
      "type": "aws_iam_policy_document",
      "name": "asg_trust_policy",
      "provider": "module.vault.provider[\"registry.terraform.io/hashicorp/aws\"]",
      "instances": [
        {
          "schema_version": 0,
          "attributes": {
            "id": "1903849331",
            "json": "{\n  \"Version\": \"2012-10-17\",\n  \"Statement\": [\n    {\n      \"Sid\": \"\",\n      \"Effect\": \"Allow\",\n      \"Action\": \"sts:AssumeRole\",\n      \"Principal\": {\n        \"Service\": \"ec2.amazonaws.com\"\n      }\n    }\n  ]\n}",
            "override_json": null,
            "override_policy_documents": null,
            "policy_id": null,
            "source_json": null,
            "source_policy_documents": null,
            "statement": [
              {
                "actions": [
                  "sts:AssumeRole"
                ],
                "condition": [],
                "effect": "Allow",
                "not_actions": [],
                "not_principals": [],
                "not_resources": [],
                "principals": [
                  {
                    "identifiers": [
                      "ec2.amazonaws.com"
                    ],
                    "type": "Service"
                  }
                ],
                "resources": [],
                "sid": ""
              }
            ],
            "version": "2012-10-17"
          },
          "sensitive_attributes": []
        }
      ]
    },
    {
      "module": "module.vault",
      "mode": "data",
      "type": "aws_iam_policy_document",
      "name": "dynamodb_vault_policy",
      "provider": "module.vault.provider[\"registry.terraform.io/hashicorp/aws\"]",
      "instances": [
        {
          "schema_version": 0,
          "attributes": {
            "id": "2815652478",
            "json": "{\n  \"Version\": \"2012-10-17\",\n  \"Statement\": [\n    {\n      \"Sid\": \"ManageTable\",\n      \"Effect\": \"Allow\",\n      \"Action\": [\n        \"dynamodb:UpdateItem\",\n        \"dynamodb:PutItem\",\n        \"dynamodb:ListTagsOfResource\",\n        \"dynamodb:GetItem\",\n        \"dynamodb:DescribeTimeToLive\",\n        \"dynamodb:DescribeTable\",\n        \"dynamodb:DeleteItem\",\n        \"dynamodb:BatchWriteItem\",\n        \"dynamodb:BatchGetItem\"\n      ],\n      \"Resource\": \"arn:aws:dynamodb:us-east-1:029094599989:table/vault_prod_storage\"\n    },\n    {\n      \"Sid\": \"GetStreamRecords\",\n      \"Effect\": \"Allow\",\n      \"Action\": \"dynamodb:GetRecords\",\n      \"Resource\": \"arn:aws:dynamodb:us-east-1:029094599989:table/vault_prod_storage/stream/*\"\n    },\n    {\n      \"Sid\": \"QueryAndScanTable\",\n      \"Effect\": \"Allow\",\n      \"Action\": [\n        \"dynamodb:Scan\",\n        \"dynamodb:Query\"\n      ],\n      \"Resource\": [\n        \"arn:aws:dynamodb:us-east-1:029094599989:table/vault_prod_storage/index/*\",\n        \"arn:aws:dynamodb:us-east-1:029094599989:table/vault_prod_storage\"\n      ]\n    }\n  ]\n}",
            "override_json": null,
            "override_policy_documents": null,
            "policy_id": null,
            "source_json": null,
            "source_policy_documents": null,
            "statement": [
              {
                "actions": [
                  "dynamodb:BatchGetItem",
                  "dynamodb:BatchWriteItem",
                  "dynamodb:DeleteItem",
                  "dynamodb:DescribeTable",
                  "dynamodb:DescribeTimeToLive",
                  "dynamodb:GetItem",
                  "dynamodb:ListTagsOfResource",
                  "dynamodb:PutItem",
                  "dynamodb:UpdateItem"
                ],
                "condition": [],
                "effect": "Allow",
                "not_actions": [],
                "not_principals": [],
                "not_resources": [],
                "principals": [],
                "resources": [
                  "arn:aws:dynamodb:us-east-1:029094599989:table/vault_prod_storage"
                ],
                "sid": "ManageTable"
              },
              {
                "actions": [
                  "dynamodb:GetRecords"
                ],
                "condition": [],
                "effect": "Allow",
                "not_actions": [],
                "not_principals": [],
                "not_resources": [],
                "principals": [],
                "resources": [
                  "arn:aws:dynamodb:us-east-1:029094599989:table/vault_prod_storage/stream/*"
                ],
                "sid": "GetStreamRecords"
              },
              {
                "actions": [
                  "dynamodb:Query",
                  "dynamodb:Scan"
                ],
                "condition": [],
                "effect": "Allow",
                "not_actions": [],
                "not_principals": [],
                "not_resources": [],
                "principals": [],
                "resources": [
                  "arn:aws:dynamodb:us-east-1:029094599989:table/vault_prod_storage",
                  "arn:aws:dynamodb:us-east-1:029094599989:table/vault_prod_storage/index/*"
                ],
                "sid": "QueryAndScanTable"
              }
            ],
            "version": "2012-10-17"
          },
          "sensitive_attributes": []
        }
      ]
    },
    {
      "module": "module.vault",
      "mode": "data",
      "type": "aws_iam_policy_document",
      "name": "kms_vault_policy",
      "provider": "module.vault.provider[\"registry.terraform.io/hashicorp/aws\"]",
      "instances": [
        {
          "schema_version": 0,
          "attributes": {
            "id": "3210822039",
            "json": "{\n  \"Version\": \"2012-10-17\",\n  \"Statement\": [\n    {\n      \"Sid\": \"EncryptDecryptAndDescribe\",\n      \"Effect\": \"Allow\",\n      \"Action\": [\n        \"kms:Encrypt\",\n        \"kms:DescribeKey\",\n        \"kms:Decrypt\"\n      ],\n      \"Resource\": \"arn:aws:kms:us-east-1:029094599989:key/f6803787-d232-4f5a-aeac-db7ced848cb7\"\n    }\n  ]\n}",
            "override_json": null,
            "override_policy_documents": null,
            "policy_id": null,
            "source_json": null,
            "source_policy_documents": null,
            "statement": [
              {
                "actions": [
                  "kms:Decrypt",
                  "kms:DescribeKey",
                  "kms:Encrypt"
                ],
                "condition": [],
                "effect": "Allow",
                "not_actions": [],
                "not_principals": [],
                "not_resources": [],
                "principals": [],
                "resources": [
                  "arn:aws:kms:us-east-1:029094599989:key/f6803787-d232-4f5a-aeac-db7ced848cb7"
                ],
                "sid": "EncryptDecryptAndDescribe"
              }
            ],
            "version": "2012-10-17"
          },
          "sensitive_attributes": []
        }
      ]
    },
    {
      "module": "module.vault",
      "mode": "data",
      "type": "aws_iam_policy_document",
      "name": "s3_vault_policy",
      "provider": "module.vault.provider[\"registry.terraform.io/hashicorp/aws\"]",
      "instances": [
        {
          "schema_version": 0,
          "attributes": {
            "id": "113780134",
            "json": "{\n  \"Version\": \"2012-10-17\",\n  \"Statement\": [\n    {\n      \"Sid\": \"PutObjects\",\n      \"Effect\": \"Allow\",\n      \"Action\": \"s3:PutObject\",\n      \"Resource\": \"arn:aws:s3:::vault-prod-20210816231714519900000007/*\"\n    }\n  ]\n}",
            "override_json": null,
            "override_policy_documents": null,
            "policy_id": null,
            "source_json": null,
            "source_policy_documents": null,
            "statement": [
              {
                "actions": [
                  "s3:PutObject"
                ],
                "condition": [],
                "effect": "Allow",
                "not_actions": [],
                "not_principals": [],
                "not_resources": [],
                "principals": [],
                "resources": [
                  "arn:aws:s3:::vault-prod-20210816231714519900000007/*"
                ],
                "sid": "PutObjects"
              }
            ],
            "version": "2012-10-17"
          },
          "sensitive_attributes": []
        }
      ]
    },
    {
      "module": "module.vault",
      "mode": "data",
      "type": "aws_region",
      "name": "current",
      "provider": "module.vault.provider[\"registry.terraform.io/hashicorp/aws\"]",
      "instances": [
        {
          "schema_version": 0,
          "attributes": {
            "description": "US East (N. Virginia)",
            "endpoint": "ec2.us-east-1.amazonaws.com",
            "id": "us-east-1",
            "name": "us-east-1"
          },
          "sensitive_attributes": []
        }
      ]
    },
    {
      "module": "module.vault",
      "mode": "data",
      "type": "aws_ssm_parameter",
      "name": "latest_ami",
      "provider": "module.vault.provider[\"registry.terraform.io/hashicorp/aws\"]",
      "instances": [
        {
          "schema_version": 0,
          "attributes": {
            "arn": "arn:aws:ssm:us-east-1::parameter/aws/service/ami-amazon-linux-latest/amzn2-ami-hvm-x86_64-gp2",
            "id": "/aws/service/ami-amazon-linux-latest/amzn2-ami-hvm-x86_64-gp2",
            "name": "/aws/service/ami-amazon-linux-latest/amzn2-ami-hvm-x86_64-gp2",
            "type": "String",
            "value": "ami-0c2b8ca1dad447f8a",
            "version": 50,
            "with_decryption": true
          },
          "sensitive_attributes": []
        }
      ]
    },
    {
      "module": "module.vault",
      "mode": "data",
      "type": "aws_subnet_ids",
      "name": "private",
      "provider": "module.vault.provider[\"registry.terraform.io/hashicorp/aws\"]",
      "instances": [
        {
          "schema_version": 0,
          "attributes": {
            "filter": null,
            "id": "vpc-068e9f8d29b3c62cc",
            "ids": [
              "subnet-023c2725d2cdab1a9",
              "subnet-04d3ca55f328d0e7b"
            ],
            "tags": {
              "visibility": "private"
            },
            "vpc_id": "vpc-068e9f8d29b3c62cc"
          },
          "sensitive_attributes": []
        }
      ]
    },
    {
      "module": "module.vault",
      "mode": "data",
      "type": "aws_subnet_ids",
      "name": "public",
      "provider": "module.vault.provider[\"registry.terraform.io/hashicorp/aws\"]",
      "instances": [
        {
          "schema_version": 0,
          "attributes": {
            "filter": null,
            "id": "vpc-068e9f8d29b3c62cc",
            "ids": [
              "subnet-07ac94322be7189ee",
              "subnet-0a116dad9979b2776"
            ],
            "tags": {
              "visibility": "public"
            },
            "vpc_id": "vpc-068e9f8d29b3c62cc"
          },
          "sensitive_attributes": []
        }
      ]
    },
    {
      "module": "module.vault",
      "mode": "data",
      "type": "aws_vpc",
      "name": "vault",
      "provider": "module.vault.provider[\"registry.terraform.io/hashicorp/aws\"]",
      "instances": [
        {
          "schema_version": 0,
          "attributes": {
            "arn": "arn:aws:ec2:us-east-1:029094599989:vpc/vpc-068e9f8d29b3c62cc",
            "cidr_block": "172.37.0.0/16",
            "cidr_block_associations": [
              {
                "association_id": "vpc-cidr-assoc-07abe63057e1c7c1f",
                "cidr_block": "172.37.0.0/16",
                "state": "associated"
              }
            ],
            "default": false,
            "dhcp_options_id": "dopt-4ac69a31",
            "enable_dns_hostnames": true,
            "enable_dns_support": true,
            "filter": null,
            "id": "vpc-068e9f8d29b3c62cc",
            "instance_tenancy": "default",
            "ipv6_association_id": null,
            "ipv6_cidr_block": null,
            "main_route_table_id": "rtb-0d8ea3b450e0d6f0c",
            "owner_id": "029094599989",
            "state": "available",
            "tags": {}
          },
          "sensitive_attributes": []
        }
      ]
    },
    {
      "module": "module.vault",
      "mode": "managed",
      "type": "aws_autoscaling_group",
      "name": "vault-asg",
      "provider": "module.vault.provider[\"registry.terraform.io/hashicorp/aws\"]",
      "instances": [
        {
          "schema_version": 0,
          "attributes": {
            "arn": "arn:aws:autoscaling:us-east-1:029094599989:autoScalingGroup:bd28c69f-ca79-4e85-b7fe-882705f1ae84:autoScalingGroupName/vault-prod-asg-2021081623173144590000000f",
            "availability_zones": [
              "us-east-1b",
              "us-east-1c"
            ],
            "capacity_rebalance": false,
            "default_cooldown": 300,
            "desired_capacity": 2,
            "enabled_metrics": [
              "GroupDesiredCapacity",
              "GroupInServiceCapacity",
              "GroupInServiceInstances",
              "GroupMaxSize",
              "GroupMinSize",
              "GroupPendingCapacity",
              "GroupPendingInstances",
              "GroupStandbyCapacity",
              "GroupStandbyInstances",
              "GroupTerminatingCapacity",
              "GroupTerminatingInstances",
              "GroupTotalCapacity",
              "GroupTotalInstances"
            ],
            "force_delete": false,
            "force_delete_warm_pool": false,
            "health_check_grace_period": 300,
            "health_check_type": "EC2",
            "id": "vault-prod-asg-2021081623173144590000000f",
            "initial_lifecycle_hook": [],
            "instance_refresh": [],
            "launch_configuration": "",
            "launch_template": [
              {
                "id": "lt-02a7e6d74364ae2d2",
                "name": "vault-prod-lt-2021081623172918720000000d",
                "version": "1"
              }
            ],
            "load_balancers": null,
            "max_instance_lifetime": 0,
            "max_size": 2,
            "metrics_granularity": "1Minute",
            "min_elb_capacity": null,
            "min_size": 2,
            "mixed_instances_policy": [],
            "name": "vault-prod-asg-2021081623173144590000000f",
            "name_prefix": "vault-prod-asg-",
            "placement_group": "",
            "protect_from_scale_in": false,
            "service_linked_role_arn": "arn:aws:iam::029094599989:role/aws-service-role/autoscaling.amazonaws.com/AWSServiceRoleForAutoScaling",
            "suspended_processes": null,
            "tag": [],
            "tags": [
              {
                "key": "Name",
                "propagate_at_launch": "true",
                "value": "vault-prod-instance"
              },
              {
                "key": "Project",
                "propagate_at_launch": "true",
                "value": "vault-prod"
              }
            ],
            "target_group_arns": [
              "arn:aws:elasticloadbalancing:us-east-1:029094599989:targetgroup/vault-20210816231714519700000006/bc422b653346199e"
            ],
            "termination_policies": [
              "OldestLaunchTemplate"
            ],
            "timeouts": null,
            "vpc_zone_identifier": [
              "subnet-023c2725d2cdab1a9",
              "subnet-04d3ca55f328d0e7b"
            ],
            "wait_for_capacity_timeout": "0",
            "wait_for_elb_capacity": null,
            "warm_pool": []
          },
          "sensitive_attributes": [],
          "private": "eyJlMmJmYjczMC1lY2FhLTExZTYtOGY4OC0zNDM2M2JjN2M0YzAiOnsiZGVsZXRlIjo2MDAwMDAwMDAwMDB9fQ==",
          "dependencies": [
            "module.vault.aws_iam_instance_profile.vault_instance_profile",
            "module.vault.aws_iam_role.vault_instance",
            "module.vault.aws_kms_key.seal",
            "module.vault.aws_launch_template.vault_instance",
            "module.vault.aws_lb_target_group.alb_targets",
            "module.vault.aws_s3_bucket.vault_data",
            "module.vault.aws_security_group.vault_instance",
            "module.vault.data.aws_iam_policy_document.asg_trust_policy",
            "module.vault.data.aws_region.current",
            "module.vault.data.aws_ssm_parameter.latest_ami",
            "module.vault.data.aws_subnet_ids.private",
            "module.vault.data.aws_vpc.vault"
          ]
        }
      ]
    },
    {
      "module": "module.vault",
      "mode": "managed",
      "type": "aws_dynamodb_table",
      "name": "vault_storage",
      "provider": "module.vault.provider[\"registry.terraform.io/hashicorp/aws\"]",
      "instances": [
        {
          "schema_version": 1,
          "attributes": {
            "arn": "arn:aws:dynamodb:us-east-1:029094599989:table/vault_prod_storage",
            "attribute": [
              {
                "name": "Key",
                "type": "S"
              },
              {
                "name": "Path",
                "type": "S"
              }
            ],
            "billing_mode": "PAY_PER_REQUEST",
            "global_secondary_index": [],
            "hash_key": "Path",
            "id": "vault_prod_storage",
            "local_secondary_index": [],
            "name": "vault_prod_storage",
            "point_in_time_recovery": [
              {
                "enabled": false
              }
            ],
            "range_key": "Key",
            "read_capacity": 0,
            "replica": [],
            "server_side_encryption": [],
            "stream_arn": "",
            "stream_enabled": false,
            "stream_label": "",
            "stream_view_type": "",
            "tags": {
              "Name": "vault_prod_storage",
              "Project": "vault-prod"
            },
            "tags_all": {
              "Name": "vault_prod_storage",
              "Project": "vault-prod"
            },
            "timeouts": null,
            "ttl": [
              {
                "attribute_name": "",
                "enabled": false,
                "kms_key_arn": ""
              }
            ],
            "write_capacity": 0
          },
          "sensitive_attributes": [],
          "private": "eyJlMmJmYjczMC1lY2FhLTExZTYtOGY4OC0zNDM2M2JjN2M0YzAiOnsiY3JlYXRlIjoxMjAwMDAwMDAwMDAwLCJkZWxldGUiOjYwMDAwMDAwMDAwMCwidXBkYXRlIjozNjAwMDAwMDAwMDAwfSwic2NoZW1hX3ZlcnNpb24iOiIxIn0="
        }
      ]
    },
    {
      "module": "module.vault",
      "mode": "managed",
      "type": "aws_iam_instance_profile",
      "name": "vault_instance_profile",
      "provider": "module.vault.provider[\"registry.terraform.io/hashicorp/aws\"]",
      "instances": [
        {
          "schema_version": 0,
          "attributes": {
            "arn": "arn:aws:iam::029094599989:instance-profile/vault-prod-instance-profile-20210816231716272100000008",
            "create_date": "2021-08-16T23:17:16Z",
            "id": "vault-prod-instance-profile-20210816231716272100000008",
            "name": "vault-prod-instance-profile-20210816231716272100000008",
            "name_prefix": "vault-prod-instance-profile-",
            "path": "/",
            "role": "vault-prod-instance-role-20210816231714516500000001",
            "tags": null,
            "tags_all": {},
            "unique_id": "AIPAQNRRMLU2TT7QM2XUV"
          },
          "sensitive_attributes": [],
          "private": "bnVsbA==",
          "dependencies": [
            "module.vault.aws_iam_role.vault_instance",
            "module.vault.data.aws_iam_policy_document.asg_trust_policy"
          ]
        }
      ]
    },
    {
      "module": "module.vault",
      "mode": "managed",
      "type": "aws_iam_role",
      "name": "vault_instance",
      "provider": "module.vault.provider[\"registry.terraform.io/hashicorp/aws\"]",
      "instances": [
        {
          "schema_version": 0,
          "attributes": {
            "arn": "arn:aws:iam::029094599989:role/vault-prod-instance-role-20210816231714516500000001",
            "assume_role_policy": "{\"Version\":\"2012-10-17\",\"Statement\":[{\"Sid\":\"\",\"Effect\":\"Allow\",\"Principal\":{\"Service\":\"ec2.amazonaws.com\"},\"Action\":\"sts:AssumeRole\"}]}",
            "create_date": "2021-08-16T23:17:14Z",
            "description": "",
            "force_detach_policies": false,
            "id": "vault-prod-instance-role-20210816231714516500000001",
            "inline_policy": [
              {
                "name": "",
                "policy": ""
              }
            ],
            "managed_policy_arns": [],
            "max_session_duration": 3600,
            "name": "vault-prod-instance-role-20210816231714516500000001",
            "name_prefix": "vault-prod-instance-role-",
            "path": "/",
            "permissions_boundary": null,
            "tags": null,
            "tags_all": {},
            "unique_id": "AROAQNRRMLU2ZGSVUSV32"
          },
          "sensitive_attributes": [],
          "private": "bnVsbA==",
          "dependencies": [
            "module.vault.data.aws_iam_policy_document.asg_trust_policy"
          ]
        }
      ]
    },
    {
      "module": "module.vault",
      "mode": "managed",
      "type": "aws_iam_role_policy",
      "name": "vault_instance_dynamodb_policy",
      "provider": "module.vault.provider[\"registry.terraform.io/hashicorp/aws\"]",
      "instances": [
        {
          "schema_version": 0,
          "attributes": {
            "id": "vault-prod-instance-role-20210816231714516500000001:vault-prod-instance-dynamodb-policy-2021081623172535830000000b",
            "name": "vault-prod-instance-dynamodb-policy-2021081623172535830000000b",
            "name_prefix": "vault-prod-instance-dynamodb-policy-",
            "policy": "{\n  \"Version\": \"2012-10-17\",\n  \"Statement\": [\n    {\n      \"Sid\": \"ManageTable\",\n      \"Effect\": \"Allow\",\n      \"Action\": [\n        \"dynamodb:UpdateItem\",\n        \"dynamodb:PutItem\",\n        \"dynamodb:ListTagsOfResource\",\n        \"dynamodb:GetItem\",\n        \"dynamodb:DescribeTimeToLive\",\n        \"dynamodb:DescribeTable\",\n        \"dynamodb:DeleteItem\",\n        \"dynamodb:BatchWriteItem\",\n        \"dynamodb:BatchGetItem\"\n      ],\n      \"Resource\": \"arn:aws:dynamodb:us-east-1:029094599989:table/vault_prod_storage\"\n    },\n    {\n      \"Sid\": \"GetStreamRecords\",\n      \"Effect\": \"Allow\",\n      \"Action\": \"dynamodb:GetRecords\",\n      \"Resource\": \"arn:aws:dynamodb:us-east-1:029094599989:table/vault_prod_storage/stream/*\"\n    },\n    {\n      \"Sid\": \"QueryAndScanTable\",\n      \"Effect\": \"Allow\",\n      \"Action\": [\n        \"dynamodb:Scan\",\n        \"dynamodb:Query\"\n      ],\n      \"Resource\": [\n        \"arn:aws:dynamodb:us-east-1:029094599989:table/vault_prod_storage/index/*\",\n        \"arn:aws:dynamodb:us-east-1:029094599989:table/vault_prod_storage\"\n      ]\n    }\n  ]\n}",
            "role": "vault-prod-instance-role-20210816231714516500000001"
          },
          "sensitive_attributes": [],
          "private": "bnVsbA==",
          "dependencies": [
            "module.vault.aws_dynamodb_table.vault_storage",
            "module.vault.aws_iam_role.vault_instance",
            "module.vault.data.aws_iam_policy_document.asg_trust_policy",
            "module.vault.data.aws_iam_policy_document.dynamodb_vault_policy"
          ]
        }
      ]
    },
    {
      "module": "module.vault",
      "mode": "managed",
      "type": "aws_iam_role_policy",
      "name": "vault_instance_kms_policy",
      "provider": "module.vault.provider[\"registry.terraform.io/hashicorp/aws\"]",
      "instances": [
        {
          "schema_version": 0,
          "attributes": {
            "id": "vault-prod-instance-role-20210816231714516500000001:vault-prod-instance-kms-policy-2021081623172918370000000c",
            "name": "vault-prod-instance-kms-policy-2021081623172918370000000c",
            "name_prefix": "vault-prod-instance-kms-policy-",
            "policy": "{\n  \"Version\": \"2012-10-17\",\n  \"Statement\": [\n    {\n      \"Sid\": \"EncryptDecryptAndDescribe\",\n      \"Effect\": \"Allow\",\n      \"Action\": [\n        \"kms:Encrypt\",\n        \"kms:DescribeKey\",\n        \"kms:Decrypt\"\n      ],\n      \"Resource\": \"arn:aws:kms:us-east-1:029094599989:key/f6803787-d232-4f5a-aeac-db7ced848cb7\"\n    }\n  ]\n}",
            "role": "vault-prod-instance-role-20210816231714516500000001"
          },
          "sensitive_attributes": [],
          "private": "bnVsbA==",
          "dependencies": [
            "module.vault.aws_iam_role.vault_instance",
            "module.vault.aws_kms_key.seal",
            "module.vault.data.aws_iam_policy_document.asg_trust_policy",
            "module.vault.data.aws_iam_policy_document.kms_vault_policy"
          ]
        }
      ]
    },
    {
      "module": "module.vault",
      "mode": "managed",
      "type": "aws_iam_role_policy",
      "name": "vault_instance_s3_policy",
      "provider": "module.vault.provider[\"registry.terraform.io/hashicorp/aws\"]",
      "instances": [
        {
          "schema_version": 0,
          "attributes": {
            "id": "vault-prod-instance-role-20210816231714516500000001:vault-prod-instance-s3-policy-2021081623172249170000000a",
            "name": "vault-prod-instance-s3-policy-2021081623172249170000000a",
            "name_prefix": "vault-prod-instance-s3-policy-",
            "policy": "{\n  \"Version\": \"2012-10-17\",\n  \"Statement\": [\n    {\n      \"Sid\": \"PutObjects\",\n      \"Effect\": \"Allow\",\n      \"Action\": \"s3:PutObject\",\n      \"Resource\": \"arn:aws:s3:::vault-prod-20210816231714519900000007/*\"\n    }\n  ]\n}",
            "role": "vault-prod-instance-role-20210816231714516500000001"
          },
          "sensitive_attributes": [],
          "private": "bnVsbA==",
          "dependencies": [
            "module.vault.aws_iam_role.vault_instance",
            "module.vault.aws_s3_bucket.vault_data",
            "module.vault.data.aws_iam_policy_document.asg_trust_policy",
            "module.vault.data.aws_iam_policy_document.s3_vault_policy"
          ]
        }
      ]
    },
    {
      "module": "module.vault",
      "mode": "managed",
      "type": "aws_instance",
      "name": "bastion",
      "provider": "module.vault.provider[\"registry.terraform.io/hashicorp/aws\"]",
      "instances": [
        {
          "index_key": 0,
          "schema_version": 1,
          "attributes": {
            "ami": "ami-0323c3dd2da7fb37d",
            "arn": "arn:aws:ec2:us-east-1:029094599989:instance/i-06d4ce72845c9a360",
            "associate_public_ip_address": true,
            "availability_zone": "us-east-1c",
            "capacity_reservation_specification": [
              {
                "capacity_reservation_preference": "open",
                "capacity_reservation_target": []
              }
            ],
            "cpu_core_count": 1,
            "cpu_threads_per_core": 1,
            "credit_specification": [
              {
                "cpu_credits": "standard"
              }
            ],
            "disable_api_termination": false,
            "ebs_block_device": [],
            "ebs_optimized": false,
            "enclave_options": [
              {
                "enabled": false
              }
            ],
            "ephemeral_block_device": [],
            "get_password_data": false,
            "hibernation": false,
            "host_id": null,
            "iam_instance_profile": "",
            "id": "i-06d4ce72845c9a360",
            "instance_initiated_shutdown_behavior": "stop",
            "instance_state": "running",
            "instance_type": "t2.micro",
            "ipv6_address_count": 0,
            "ipv6_addresses": [],
            "key_name": "n3twork-server",
            "launch_template": [],
            "metadata_options": [
              {
                "http_endpoint": "enabled",
                "http_put_response_hop_limit": 1,
                "http_tokens": "optional"
              }
            ],
            "monitoring": false,
            "network_interface": [],
            "outpost_arn": "",
            "password_data": "",
            "placement_group": "",
            "primary_network_interface_id": "eni-0d2631a2d8eb91f16",
            "private_dns": "ip-172-37-24-111.ec2.internal",
            "private_ip": "172.37.24.111",
            "public_dns": "ec2-54-234-163-159.compute-1.amazonaws.com",
            "public_ip": "54.234.163.159",
            "root_block_device": [
              {
                "delete_on_termination": true,
                "device_name": "/dev/xvda",
                "encrypted": false,
                "iops": 100,
                "kms_key_id": "",
                "tags": {},
                "throughput": 0,
                "volume_id": "vol-012f0e63277756e5a",
                "volume_size": 8,
                "volume_type": "gp2"
              }
            ],
            "secondary_private_ips": [],
            "security_groups": [],
            "source_dest_check": true,
            "subnet_id": "subnet-07ac94322be7189ee",
            "tags": {
              "Name": "vault-prod-bastion",
              "Project": "vault-prod"
            },
            "tags_all": {
              "Name": "vault-prod-bastion",
              "Project": "vault-prod"
            },
            "tenancy": "default",
            "timeouts": null,
            "user_data": null,
            "user_data_base64": null,
            "volume_tags": null,
            "vpc_security_group_ids": [
              "sg-065f74c0227880cdc"
            ]
          },
          "sensitive_attributes": [],
          "private": "eyJlMmJmYjczMC1lY2FhLTExZTYtOGY4OC0zNDM2M2JjN2M0YzAiOnsiY3JlYXRlIjo2MDAwMDAwMDAwMDAsImRlbGV0ZSI6MTIwMDAwMDAwMDAwMCwidXBkYXRlIjo2MDAwMDAwMDAwMDB9LCJzY2hlbWFfdmVyc2lvbiI6IjEifQ==",
          "dependencies": [
            "module.vault.aws_security_group.bastion",
            "module.vault.data.aws_ssm_parameter.latest_ami",
            "module.vault.data.aws_subnet_ids.public",
            "module.vault.data.aws_vpc.vault"
          ]
        }
      ]
    },
    {
      "module": "module.vault",
      "mode": "managed",
      "type": "aws_kms_alias",
      "name": "seal",
      "provider": "module.vault.provider[\"registry.terraform.io/hashicorp/aws\"]",
      "instances": [
        {
          "schema_version": 0,
          "attributes": {
            "arn": "arn:aws:kms:us-east-1:029094599989:alias/vault-prod-seal-key",
            "id": "alias/vault-prod-seal-key",
            "name": "alias/vault-prod-seal-key",
            "name_prefix": "",
            "target_key_arn": "arn:aws:kms:us-east-1:029094599989:key/f6803787-d232-4f5a-aeac-db7ced848cb7",
            "target_key_id": "f6803787-d232-4f5a-aeac-db7ced848cb7"
          },
          "sensitive_attributes": [],
          "private": "bnVsbA==",
          "dependencies": [
            "module.vault.aws_kms_key.seal"
          ]
        }
      ]
    },
    {
      "module": "module.vault",
      "mode": "managed",
      "type": "aws_kms_key",
      "name": "seal",
      "provider": "module.vault.provider[\"registry.terraform.io/hashicorp/aws\"]",
      "instances": [
        {
          "schema_version": 0,
          "attributes": {
            "arn": "arn:aws:kms:us-east-1:029094599989:key/f6803787-d232-4f5a-aeac-db7ced848cb7",
            "bypass_policy_lockout_safety_check": false,
            "customer_master_key_spec": "SYMMETRIC_DEFAULT",
            "deletion_window_in_days": null,
            "description": "The KMS key to unseal Vault.",
            "enable_key_rotation": true,
            "id": "f6803787-d232-4f5a-aeac-db7ced848cb7",
            "is_enabled": true,
            "key_id": "f6803787-d232-4f5a-aeac-db7ced848cb7",
            "key_usage": "ENCRYPT_DECRYPT",
            "policy": "{\"Id\":\"key-default-1\",\"Statement\":[{\"Action\":\"kms:*\",\"Effect\":\"Allow\",\"Principal\":{\"AWS\":\"arn:aws:iam::029094599989:root\"},\"Resource\":\"*\",\"Sid\":\"Enable IAM User Permissions\"}],\"Version\":\"2012-10-17\"}",
            "tags": {
              "Name": "vault-prod-seal-key",
              "Project": "vault-prod"
            },
            "tags_all": {
              "Name": "vault-prod-seal-key",
              "Project": "vault-prod"
            }
          },
          "sensitive_attributes": [],
          "private": "bnVsbA=="
        }
      ]
    },
    {
      "module": "module.vault",
      "mode": "managed",
      "type": "aws_launch_template",
      "name": "vault_instance",
      "provider": "module.vault.provider[\"registry.terraform.io/hashicorp/aws\"]",
      "instances": [
        {
          "schema_version": 0,
          "attributes": {
            "arn": "arn:aws:ec2:us-east-1:029094599989:launch-template/lt-02a7e6d74364ae2d2",
            "block_device_mappings": [],
            "capacity_reservation_specification": [],
            "cpu_options": [],
            "credit_specification": [],
            "default_version": 1,
            "description": "",
            "disable_api_termination": false,
            "ebs_optimized": "",
            "elastic_gpu_specifications": [],
            "elastic_inference_accelerator": [],
            "enclave_options": [],
            "hibernation_options": [],
            "iam_instance_profile": [
              {
                "arn": "arn:aws:iam::029094599989:instance-profile/vault-prod-instance-profile-20210816231716272100000008",
                "name": ""
              }
            ],
            "id": "lt-02a7e6d74364ae2d2",
            "image_id": "ami-0323c3dd2da7fb37d",
            "instance_initiated_shutdown_behavior": "",
            "instance_market_options": [],
            "instance_type": "t2.medium",
            "kernel_id": "",
            "key_name": "n3twork-server",
            "latest_version": 1,
            "license_specification": [],
            "metadata_options": [],
            "monitoring": [],
            "name": "vault-prod-lt-2021081623172918720000000d",
            "name_prefix": "vault-prod-lt-",
            "network_interfaces": [],
            "placement": [],
            "ram_disk_id": "",
            "security_group_names": null,
            "tag_specifications": [
              {
                "resource_type": "instance",
                "tags": {
                  "Name": "vault-prod-instance",
                  "Project": "vault-prod"
                }
              },
              {
                "resource_type": "volume",
                "tags": {
                  "Name": "vault-prod-volume",
                  "Project": "vault-prod"
                }
              }
            ],
            "tags": {
              "Name": "vault-prod-lt",
              "Project": "vault-prod"
            },
            "tags_all": {
              "Name": "vault-prod-lt",
              "Project": "vault-prod"
            },
            "update_default_version": null,
            "user_data": "Q29udGVudC1UeXBlOiBtdWx0aXBhcnQvbWl4ZWQ7IGJvdW5kYXJ5PSI9PUJPVU5EQVJZPT0iCk1JTUUtVmVyc2lvbjogMS4wCgotLT09Qk9VTkRBUlk9PQpDb250ZW50LVR5cGU6IHRleHQveC1zaGVsbHNjcmlwdDsgY2hhcnNldD0idXMtYXNjaWkiCgojIS9iaW4vYmFzaApzZXQgLWUKCiMgUnVuIE9yZGVyOiAxCiMgUnVuIEZyZXF1ZW5jeTogb25seSBvbmNlLCBvbiBmaXJzdCBib290CgojIFRhc2tzOgojIC0gSW5zdGFsbCBEZXBlbmRlbmNpZXMKIyAtIE1ha2UgdXNlcnMgYW5kIGRpcmVjdG9yaWVzCiMgLSBJbnN0YWxsIGRvd25sb2FkLCB1bnppcCwgYW5kIHNldHVwIHZhdWx0IGJpbgoKIyBOb3RlOiBkb2xsYXItc2lnbiBjdXJseSBicmFjZXMgYXJlIHRlbXBsYXRlIHZhbHVlcyBmcm9tIFRlcnJhZm9ybS4KIyBOb24gY3VybHkgYnJhY2Ugb25lcyBhcmUgbm9ybWFsIGJhc2ggdmFyaWFibGVzLi4uCgp5dW0gdXBkYXRlIC15Cnl1bSBpbnN0YWxsIC15IGpxCgojIE1ha2UgdGhlIHVzZXIKdXNlcmFkZCAtLXN5c3RlbSAtLXNoZWxsIC9zYmluL25vbG9naW4gdmF1bHQKCiMgTWFrZSB0aGUgZGlyZWN0b3JpZXMKbWtkaXIgLXAgL29wdC92YXVsdApta2RpciAtcCAvb3B0L3ZhdWx0L2Jpbgpta2RpciAtcCAvb3B0L3ZhdWx0L2NvbmZpZwpta2RpciAtcCAvb3B0L3ZhdWx0L3RscwoKIyBHaXZlIGNvcnJldCBwZXJtaXNzaW9ucwpjaG1vZCA3NTUgL29wdC92YXVsdApjaG1vZCA3NTUgL29wdC92YXVsdC9iaW4KCiMgQ2hhbmdlIG93bmVyc2hpcCB0byB2YXVsdCB1c2VyCmNob3duIC1SIHZhdWx0OnZhdWx0IC9vcHQvdmF1bHQKCiMgR2V0IHRoZSBIYXNoaUNvcnAgUEdQCmN1cmwgaHR0cHM6Ly9rZXliYXNlLmlvL2hhc2hpY29ycC9wZ3Bfa2V5cy5hc2MgfCBncGcgLS1pbXBvcnQKCiMgRG93bmxvYWQgdmF1bHQgYW5kIHNpZ25hdHVyZXMKY3VybCAtT3MgaHR0cHM6Ly9yZWxlYXNlcy5oYXNoaWNvcnAuY29tL3ZhdWx0LzEuNy4xL3ZhdWx0XzEuNy4xX2xpbnV4X2FtZDY0LnppcApjdXJsIC1PcyBodHRwczovL3JlbGVhc2VzLmhhc2hpY29ycC5jb20vdmF1bHQvMS43LjEvdmF1bHRfMS43LjFfU0hBMjU2U1VNUwpjdXJsIC1PcyBodHRwczovL3JlbGVhc2VzLmhhc2hpY29ycC5jb20vdmF1bHQvMS43LjEvdmF1bHRfMS43LjFfU0hBMjU2U1VNUy5zaWcKCiMgVmVyaWZ5IFNpZ25hdHJlcwpncGcgLS12ZXJpZnkgdmF1bHRfMS43LjFfU0hBMjU2U1VNUy5zaWcgdmF1bHRfMS43LjFfU0hBMjU2U1VNUwpjYXQgdmF1bHRfMS43LjFfU0hBMjU2U1VNUyB8IGdyZXAgdmF1bHRfMS43LjFfbGludXhfYW1kNjQuemlwIHwgc2hhMjU2c3VtIC1jCgojIHVuemlwIGFuZCBtb3ZlIHRvIC9vcHQvdmF1bHQvYmluCnVuemlwIHZhdWx0XzEuNy4xX2xpbnV4X2FtZDY0LnppcAptdiB2YXVsdCAvb3B0L3ZhdWx0L2JpbgoKIyBnaXZlIG93bmVyc2hpcCB0byB0aGUgdmF1bHQgdXNlcgpjaG93biB2YXVsdDp2YXVsdCAvb3B0L3ZhdWx0L2Jpbi92YXVsdAoKIyBjcmVhdGUgYSBzeW1saW5rCmxuIC1zIC9vcHQvdmF1bHQvYmluL3ZhdWx0IC91c3IvbG9jYWwvYmluL3ZhdWx0CgojIGFsbG93IHZhdWx0IHBlcm1pc3Npb25zIHRvIHVzZSBtbG9jayBhbmQgcHJldmVudCBtZW1vcnkgZnJvbSBzd2FwcGluZyB0byBkaXNrCnNldGNhcCBjYXBfaXBjX2xvY2s9K2VwIC9vcHQvdmF1bHQvYmluL3ZhdWx0CgojIGNsZWFudXAgZmlsZXMKcm0gdmF1bHRfMS43LjFfbGludXhfYW1kNjQuemlwCnJtIHZhdWx0XzEuNy4xX1NIQTI1NlNVTVMKcm0gdmF1bHRfMS43LjFfU0hBMjU2U1VNUy5zaWcKCi0tPT1CT1VOREFSWT09CkNvbnRlbnQtVHlwZTogdGV4dC94LXNoZWxsc2NyaXB0OyBjaGFyc2V0PSJ1cy1hc2NpaSIKCiMhL2Jpbi9iYXNoCnNldCAtZQoKIyBSdW4gT3JkZXI6IDIKIyBSdW4gRnJlcXVlbmN5OiBvbmx5IG9uY2UsIG9uIGZpcnN0IGJvb3QKCiMgVGFza3M6CiMgLSBGZXRjaCBuZWVkZWQgZGF0YQojIC0gQ3JlYXRlIFNlbGYtU2lnbmVkIENlcnRpZmljYXRlIGFuZCBLZXkKCklOU1RBTkNFX0lQX0FERFI9JChjdXJsIGh0dHA6Ly8xNjkuMjU0LjE2OS4yNTQvbGF0ZXN0L21ldGEtZGF0YS9sb2NhbC1pcHY0KQpJTlNUQU5DRV9ETlNfTkFNRT0kKGN1cmwgaHR0cDovLzE2OS4yNTQuMTY5LjI1NC9sYXRlc3QvbWV0YS1kYXRhL2xvY2FsLWhvc3RuYW1lKQoKIyBVc2VkIGZvciBlbmNyeXB0aW9uIGJldHdlZW4gdGhlIGxvYWQgYmFsYW5jZXIgYW5kIHZhdWx0IGluc3RhbmNlcy4KIyBUaCBvdGhlciBhbHRlcm5hdGl2ZXMgYXJlIGVpdGhlciBjcmVhdGluZyBhbiBlbnRpcmUsIHByaXZhdGUgQ0EgYW5kIGhvcGluZyBBV1MKIyBldmVudHVhbGx5IGFkZHMgdGhlIGFiaWxpdHkgdG8gYWRkIHRydXN0ZWQgQ0FzIHRvIGxvYWQgYmFsYW5jZXJzLi4uCiMgLi4ub3IgcGF5aW5nICQ0MDAvbW9udGggYmFzZSBmb3IgdGhlIEFDTSBwcml2YXRlIENBLgpvcGVuc3NsIHJlcSAteDUwOSAtc2hhMjU2IC1ub2RlcyBcCiAgLW5ld2tleSByc2E6NDA5NiAtZGF5cyAzNjUwIFwKICAta2V5b3V0IC9vcHQvdmF1bHQvdGxzL3ZhdWx0LmtleSAtb3V0IC9vcHQvdmF1bHQvdGxzL3ZhdWx0LmNydCBcCiAgLXN1YmogIi9DTj0kSU5TVEFOQ0VfRE5TX05BTUUiIFwKICAtZXh0ZW5zaW9ucyBzYW4gXAogIC1jb25maWcgPChjYXQgL2V0Yy9wa2kvdGxzL29wZW5zc2wuY25mIDwoZWNobyAtZSAiXG5bc2FuXVxuc3ViamVjdEFsdE5hbWU9RE5TOiRJTlNUQU5DRV9ETlNfTkFNRSxJUDokSU5TVEFOQ0VfSVBfQUREUiIpKQoKY2hvd24gdmF1bHQ6dmF1bHQgL29wdC92YXVsdC90bHMvdmF1bHQua2V5CmNob3duIHZhdWx0OnZhdWx0IC9vcHQvdmF1bHQvdGxzL3ZhdWx0LmNydAoKY2htb2QgNjQwIC9vcHQvdmF1bHQvdGxzL3ZhdWx0LmtleQpjaG1vZCA2NDQgL29wdC92YXVsdC90bHMvdmF1bHQuY3J0CgojIFRydXN0IHRoZSBjZXJ0aWZpY2F0ZQpjcCAvb3B0L3ZhdWx0L3Rscy92YXVsdC5jcnQgL2V0Yy9wa2kvdGxzL2NlcnRzL3ZhdWx0LmNydAoKLS09PUJPVU5EQVJZPT0KQ29udGVudC1UeXBlOiB0ZXh0L3gtc2hlbGxzY3JpcHQ7IGNoYXJzZXQ9InVzLWFzY2lpIgoKIyEvYmluL2Jhc2gKc2V0IC1lCgojIFJ1biBPcmRlcjogMwojIFJ1biBGcmVxdWVuY3k6IG9ubHkgb25jZSwgb24gZmlyc3QgYm9vdAoKIyBUYXNrczoKIyAtIE1ha2UgdGhlIHZhdWx0IGNvbmZpZyBmaWxlCiMgLSBNYWtlIHRoZSBzeXN0ZW1kIHNlcnZpY2UgZmlsZQoKIyBUaGUgdmF1bHQgY29uZmlnIGZpbGUKY2F0ID4gL29wdC92YXVsdC9jb25maWcvc2VydmVyLmhjbCA8PC0gRU9GCmNsdXN0ZXJfbmFtZSA9ICJ2YXVsdC1wcm9kIgptYXhfbGVhc2VfdHRsID0gIjE5MmgiCmRlZmF1bHRfbGVhc2VfdHRsID0gIjE5MmgiCnVpICA9ICJ0cnVlIgoKIyBXaGVyZSBjYW4gdGhlIFZhdWx0IEFQSSBiZSByZWFjaGVkPyAgQXQgRE5TIGZvciB0aGUgbG9hZCBiYWxhbmNlciwgb3IgdGhlIENOQU1FIGNyZWF0ZWQuCiMgTm90ZTogdGhpcyBtYXBzIHRvIHRoZSBlbnZpcm9ubWVudCB2YXJpYWJsZSBWQVVMVF9BUElfQUREUiBub3QgVkFVTFRfQUREUgphcGlfYWRkciA9ICJodHRwczovL3Byb2QudmF1bHQubjN0d29yay5jb20iCgojIEZvciBmb3J3YXJkaW5nIGJldHdlZW4gdmF1bHQgc2VydmVycy4gIFNldCB0byBvd24gaXAuCmNsdXN0ZXJfYWRkciA9ICJodHRwczovL0lOU1RBTkNFX0lQX0FERFI6ODIwMSIKCiMgQXV0byB1bnNlYWwgdGhlIHZhdWx0CnNlYWwgImF3c2ttcyIgewogIHJlZ2lvbiA9ICJ1cy1lYXN0LTEiCiAga21zX2tleV9pZCA9ICJmNjgwMzc4Ny1kMjMyLTRmNWEtYWVhYy1kYjdjZWQ4NDhjYjciCn0KCiMgTGlzdGVuZXIgZm9yIGxvb3BiYWNrCmxpc3RlbmVyICJ0Y3AiIHsKICBhZGRyZXNzID0gIjEyNy4wLjAuMTo4MTk5IgogIHRsc19kaXNhYmxlID0gInRydWUiCn0KCiMgTGlzdGVuZXIgZm9yIHByaXZhdGUgbmV0d29yawpsaXN0ZW5lciAidGNwIiB7CiAgYWRkcmVzcyA9ICJJTlNUQU5DRV9JUF9BRERSOjgyMDAiCiAgY2x1c3Rlcl9hZGRyZXNzID0gIklOU1RBTkNFX0lQX0FERFI6ODIwMSIKCiAgdGxzX2Rpc2FibGUgPSAiZmFsc2UiCiAgdGxzX2NlcnRfZmlsZSA9ICIvb3B0L3ZhdWx0L3Rscy92YXVsdC5jcnQiCiAgdGxzX2tleV9maWxlID0gIi9vcHQvdmF1bHQvdGxzL3ZhdWx0LmtleSIKfQoKc3RvcmFnZSAiZHluYW1vZGIiIHsKICBoYV9lbmFibGVkID0gInRydWUiCiAgcmVnaW9uID0gInVzLWVhc3QtMSIKICB0YWJsZSA9ICJ2YXVsdF9wcm9kX3N0b3JhZ2UiCn0KRU9GCgpjaG93biB2YXVsdDp2YXVsdCAvb3B0L3ZhdWx0L2NvbmZpZy9zZXJ2ZXIuaGNsCgojIFRoZSBzeXN0ZW1kIHNlcnZpY2UgZmlsZQpjYXQgPiAvZXRjL3N5c3RlbWQvc3lzdGVtL3ZhdWx0LnNlcnZpY2UgPDwtIEVPRgpbVW5pdF0KRGVzY3JpcHRpb249VmF1bHQgU2VydmVyIG9uIEFXUwpSZXF1aXJlcz1uZXR3b3JrLW9ubGluZS50YXJnZXQKQWZ0ZXI9bmV0d29yay1vbmxpbmUudGFyZ2V0CgpbU2VydmljZV0KVXNlcj12YXVsdApHcm91cD12YXVsdApQcm90ZWN0U3lzdGVtPWZ1bGwKUHJvdGVjdEhvbWU9cmVhZC1vbmx5ClByaXZhdGVUbXA9eWVzClByaXZhdGVEZXZpY2VzPXllcwpTZWN1cmVCaXRzPWtlZXAtY2FwcwpBbWJpZW50Q2FwYWJpbGl0aWVzPUNBUF9JUENfTE9DSwpDYXBhYmlsaXRpZXM9Q0FQX0lQQ19MT0NLK2VwCkNhcGFiaWxpdHlCb3VuZGluZ1NldD1DQVBfU1lTTE9HIENBUF9JUENfTE9DSwpOb05ld1ByaXZpbGVnZXM9eWVzCkV4ZWNTdGFydD0vb3B0L3ZhdWx0L2Jpbi92YXVsdCBzZXJ2ZXIgLWNvbmZpZz0vb3B0L3ZhdWx0L2NvbmZpZy8gLWxvZy1sZXZlbD1pbmZvCkV4ZWNSZWxvYWQ9L2Jpbi9raWxsIC0tc2lnbmFsIEhVUCBcJE1BSU5QSUQKS2lsbE1vZGU9cHJvY2VzcwpLaWxsU2lnbmFsPVNJR0lOVApSZXN0YXJ0PW9uLWZhaWx1cmUKUmVzdGFydFNlYz01ClRpbWVvdXRTdG9wU2VjPTMwClN0YXJ0TGltaXRJbnRlcnZhbD02MApTdGFydExpbWl0QnVyc3Q9MwpMaW1pdE5PRklMRT02NTUzNgoKW0luc3RhbGxdCldhbnRlZEJ5PW11bHRpLXVzZXIudGFyZ2V0CkVPRgoKLS09PUJPVU5EQVJZPT0KQ29udGVudC1UeXBlOiB0ZXh0L3gtc2hlbGxzY3JpcHQ7IGNoYXJzZXQ9InVzLWFzY2lpIgoKIyEvYmluL2Jhc2gKc2V0IC1lCgojIFJ1biBPcmRlcjogNAojIFJ1biBGcmVxdWVuY3k6IG9ubHkgb25jZSwgb24gZmlyc3QgYm9vdAoKIyBUYXNrczoKIyAtIFJlcGxhY2UgdmFsdWVzIGluIGNvbmZpZ3VyYXRpb24gZmlsZXMgd2l0aCBpbnN0YW5jZSBtZXRhZGF0YQojIC0gU3RhcnQgdmF1bHQKCklOU1RBTkNFX0lQX0FERFI9JChjdXJsIGh0dHA6Ly8xNjkuMjU0LjE2OS4yNTQvbGF0ZXN0L21ldGEtZGF0YS9sb2NhbC1pcHY0KQpzZWQgLWkgLWUgInMvSU5TVEFOQ0VfSVBfQUREUi8kSU5TVEFOQ0VfSVBfQUREUi9nIiAvb3B0L3ZhdWx0L2NvbmZpZy9zZXJ2ZXIuaGNsCgpzeXN0ZW1jdGwgZGFlbW9uLXJlbG9hZApzeXN0ZW1jdGwgZW5hYmxlIHZhdWx0CnN5c3RlbWN0bCByZXN0YXJ0IHZhdWx0CgotLT09Qk9VTkRBUlk9PQpDb250ZW50LVR5cGU6IHRleHQveC1zaGVsbHNjcmlwdDsgY2hhcnNldD0idXMtYXNjaWkiCgojIS9iaW4vYmFzaApzZXQgLWUKCiMgUnVuIE9yZGVyOiA1CiMgUnVuIEZyZXF1ZW5jeTogb25seSBvbmNlLCBvbiBmaXJzdCBib290CgojIFRhc2tzOgojIC0gSW5pdGlhbGl6ZSBWYXVsdAojIC0gQ3JlYXRlIGNyZWRlbnRpYWxzIGZpbGUKIyAtIEVuY3J5cHQgdGhlIGZpbGUgdmlhIEtNUwojIC0gU2VuZCB0aGUgZmlsZSB0byBTMwojIC0gRGVsZXRlIHRoZSBsb2NhbCBmaWxlCiMgLSBFcmFzZSBiYXNoIGhpc3RvcnkKCiMgV29ya2Fyb3VuZCB0byBtYWtlIHN1cmUgdGhlIHZhdWx0IHNlcnZpY2UgaXMgZnVsbHkgaW5pdGlhbGl6ZWQuCnNsZWVwIDIwCgpleHBvcnQgVkFVTFRfQUREUj0iaHR0cDovLzEyNy4wLjAuMTo4MTk5IgpleHBvcnQgQVdTX0RFRkFVTFRfUkVHSU9OPSJ1cy1lYXN0LTEiCmV4cG9ydCBWQVVMVF9JTklUSUFMSVpFRD0kKHZhdWx0IG9wZXJhdG9yIGluaXQgLXN0YXR1cykgIyBhdm9pZCBub24temVybyBleGl0IHN0YXR1cwoKZnVuY3Rpb24gaW5pdGlhbGl6ZV92YXVsdCB7CiAgIyBpbml0aWFsaXplIGFuZCBwaXBlIHRvIGZpbGUKICB2YXVsdCBvcGVyYXRvciBpbml0ID4gdmF1bHRfY3JlZGVudGlhbHMudHh0CgogICMgZW5jcnlwdCBpdCB3aXRoIHRoZSBLTVMga2V5CiAgYXdzIGttcyBlbmNyeXB0IC0ta2V5LWlkIGY2ODAzNzg3LWQyMzItNGY1YS1hZWFjLWRiN2NlZDg0OGNiNyAtLXBsYWludGV4dCBmaWxlYjovL3ZhdWx0X2NyZWRlbnRpYWxzLnR4dCAtLW91dHB1dCB0ZXh0IC0tcXVlcnkgQ2lwaGVydGV4dEJsb2IgfCBiYXNlNjQgLS1kZWNvZGUgPiB2YXVsdF9jcmVkc19lbmNyeXB0ZWQKCiAgIyBzZW5kIHRoZSBlbmNyeXB0ZWQgZmlsZSB0byB0aGUgczMgYnVja2V0CiAgYXdzIHMzIGNwIHZhdWx0X2NyZWRzX2VuY3J5cHRlZCBzMzovL3ZhdWx0LXByb2QtMjAyMTA4MTYyMzE3MTQ1MTk5MDAwMDAwMDcvCgogICMgY2xlYW51cAogIHJtIHZhdWx0X2NyZWRlbnRpYWxzLnR4dAogIHJtIHZhdWx0X2NyZWRzX2VuY3J5cHRlZAogIGhpc3RvcnkgLWMKICBoaXN0b3J5IC13Cn0KCmlmIFsgIiRWQVVMVF9JTklUSUFMSVpFRCIgPSAiVmF1bHQgaXMgaW5pdGlhbGl6ZWQiIF07IHRoZW4KICBlY2hvICJWYXVsdCBpcyBhbHJlYWR5IGluaXRpYWxpemVkLiIKZWxzZQogIGVjaG8gIkluaXRpYWxpemluZyB2YXVsdC4uLiIKICBpbml0aWFsaXplX3ZhdWx0CmZpCgotLT09Qk9VTkRBUlk9PS0t",
            "vpc_security_group_ids": [
              "sg-0a344dd9a36440b11"
            ]
          },
          "sensitive_attributes": [],
          "private": "bnVsbA==",
          "dependencies": [
            "module.vault.aws_iam_instance_profile.vault_instance_profile",
            "module.vault.aws_iam_role.vault_instance",
            "module.vault.aws_kms_key.seal",
            "module.vault.aws_s3_bucket.vault_data",
            "module.vault.aws_security_group.vault_instance",
            "module.vault.data.aws_iam_policy_document.asg_trust_policy",
            "module.vault.data.aws_region.current",
            "module.vault.data.aws_ssm_parameter.latest_ami",
            "module.vault.data.aws_vpc.vault"
          ]
        }
      ]
    },
    {
      "module": "module.vault",
      "mode": "managed",
      "type": "aws_lb",
      "name": "alb",
      "provider": "module.vault.provider[\"registry.terraform.io/hashicorp/aws\"]",
      "instances": [
        {
          "schema_version": 0,
          "attributes": {
            "access_logs": [
              {
                "bucket": "",
                "enabled": false,
                "prefix": ""
              }
            ],
            "arn": "arn:aws:elasticloadbalancing:us-east-1:029094599989:loadbalancer/app/vault-20210816231720450000000009/f5d24174f0a31d98",
            "arn_suffix": "app/vault-20210816231720450000000009/f5d24174f0a31d98",
            "customer_owned_ipv4_pool": "",
            "dns_name": "vault-20210816231720450000000009-1312653588.us-east-1.elb.amazonaws.com",
            "drop_invalid_header_fields": false,
            "enable_cross_zone_load_balancing": null,
            "enable_deletion_protection": false,
            "enable_http2": true,
            "id": "arn:aws:elasticloadbalancing:us-east-1:029094599989:loadbalancer/app/vault-20210816231720450000000009/f5d24174f0a31d98",
            "idle_timeout": 60,
            "internal": false,
            "ip_address_type": "ipv4",
            "load_balancer_type": "application",
            "name": "vault-20210816231720450000000009",
            "name_prefix": "vault-",
            "security_groups": [
              "sg-029f8b5c3230b6b07"
            ],
            "subnet_mapping": [
              {
                "allocation_id": "",
                "ipv6_address": "",
                "outpost_id": "",
                "private_ipv4_address": "",
                "subnet_id": "subnet-07ac94322be7189ee"
              },
              {
                "allocation_id": "",
                "ipv6_address": "",
                "outpost_id": "",
                "private_ipv4_address": "",
                "subnet_id": "subnet-0a116dad9979b2776"
              }
            ],
            "subnets": [
              "subnet-07ac94322be7189ee",
              "subnet-0a116dad9979b2776"
            ],
            "tags": {
              "Name": "vault-prod-alb",
              "Project": "vault-prod"
            },
            "tags_all": {
              "Name": "vault-prod-alb",
              "Project": "vault-prod"
            },
            "timeouts": null,
            "vpc_id": "vpc-068e9f8d29b3c62cc",
            "zone_id": "Z35SXDOTRQ7X7K"
          },
          "sensitive_attributes": [],
          "private": "eyJlMmJmYjczMC1lY2FhLTExZTYtOGY4OC0zNDM2M2JjN2M0YzAiOnsiY3JlYXRlIjo2MDAwMDAwMDAwMDAsImRlbGV0ZSI6NjAwMDAwMDAwMDAwLCJ1cGRhdGUiOjYwMDAwMDAwMDAwMH19",
          "dependencies": [
            "module.vault.aws_security_group.load_balancer",
            "module.vault.data.aws_subnet_ids.public",
            "module.vault.data.aws_vpc.vault"
          ]
        }
      ]
    },
    {
      "module": "module.vault",
      "mode": "managed",
      "type": "aws_lb_listener",
      "name": "alb_http_redirect",
      "provider": "module.vault.provider[\"registry.terraform.io/hashicorp/aws\"]",
      "instances": [
        {
          "schema_version": 0,
          "attributes": {
            "alpn_policy": null,
            "arn": "arn:aws:elasticloadbalancing:us-east-1:029094599989:listener/app/vault-20210816231720450000000009/f5d24174f0a31d98/8f6465fe0313d023",
            "certificate_arn": null,
            "default_action": [
              {
                "authenticate_cognito": [],
                "authenticate_oidc": [],
                "fixed_response": [],
                "forward": [],
                "order": 1,
                "redirect": [
                  {
                    "host": "#{host}",
                    "path": "/#{path}",
                    "port": "443",
                    "protocol": "HTTPS",
                    "query": "#{query}",
                    "status_code": "HTTP_301"
                  }
                ],
                "target_group_arn": "",
                "type": "redirect"
              }
            ],
            "id": "arn:aws:elasticloadbalancing:us-east-1:029094599989:listener/app/vault-20210816231720450000000009/f5d24174f0a31d98/8f6465fe0313d023",
            "load_balancer_arn": "arn:aws:elasticloadbalancing:us-east-1:029094599989:loadbalancer/app/vault-20210816231720450000000009/f5d24174f0a31d98",
            "port": 80,
            "protocol": "HTTP",
            "ssl_policy": "",
            "tags": null,
            "tags_all": {},
            "timeouts": null
          },
          "sensitive_attributes": [],
          "private": "eyJlMmJmYjczMC1lY2FhLTExZTYtOGY4OC0zNDM2M2JjN2M0YzAiOnsicmVhZCI6NjAwMDAwMDAwMDAwfX0=",
          "dependencies": [
            "module.vault.aws_lb.alb",
            "module.vault.aws_security_group.load_balancer",
            "module.vault.data.aws_subnet_ids.public",
            "module.vault.data.aws_vpc.vault"
          ]
        }
      ]
    },
    {
      "module": "module.vault",
      "mode": "managed",
      "type": "aws_lb_listener",
      "name": "alb_https",
      "provider": "module.vault.provider[\"registry.terraform.io/hashicorp/aws\"]",
      "instances": [
        {
          "schema_version": 0,
          "attributes": {
            "alpn_policy": null,
            "arn": "arn:aws:elasticloadbalancing:us-east-1:029094599989:listener/app/vault-20210816231720450000000009/f5d24174f0a31d98/c3c6f28e226e7609",
            "certificate_arn": "arn:aws:acm:us-east-1:029094599989:certificate/6c931d00-5781-4c25-8fb4-14f657774948",
            "default_action": [
              {
                "authenticate_cognito": [],
                "authenticate_oidc": [],
                "fixed_response": [],
                "forward": [],
                "order": 1,
                "redirect": [],
                "target_group_arn": "arn:aws:elasticloadbalancing:us-east-1:029094599989:targetgroup/vault-20210816231714519700000006/bc422b653346199e",
                "type": "forward"
              }
            ],
            "id": "arn:aws:elasticloadbalancing:us-east-1:029094599989:listener/app/vault-20210816231720450000000009/f5d24174f0a31d98/c3c6f28e226e7609",
            "load_balancer_arn": "arn:aws:elasticloadbalancing:us-east-1:029094599989:loadbalancer/app/vault-20210816231720450000000009/f5d24174f0a31d98",
            "port": 443,
            "protocol": "HTTPS",
            "ssl_policy": "ELBSecurityPolicy-FS-2018-06",
            "tags": null,
            "tags_all": {},
            "timeouts": null
          },
          "sensitive_attributes": [],
          "private": "eyJlMmJmYjczMC1lY2FhLTExZTYtOGY4OC0zNDM2M2JjN2M0YzAiOnsicmVhZCI6NjAwMDAwMDAwMDAwfX0=",
          "dependencies": [
            "module.vault.aws_lb.alb",
            "module.vault.aws_lb_target_group.alb_targets",
            "module.vault.aws_security_group.load_balancer",
            "module.vault.data.aws_acm_certificate.vault_alb_cert",
            "module.vault.data.aws_subnet_ids.public",
            "module.vault.data.aws_vpc.vault"
          ]
        }
      ]
    },
    {
      "module": "module.vault",
      "mode": "managed",
      "type": "aws_lb_target_group",
      "name": "alb_targets",
      "provider": "module.vault.provider[\"registry.terraform.io/hashicorp/aws\"]",
      "instances": [
        {
          "schema_version": 0,
          "attributes": {
            "arn": "arn:aws:elasticloadbalancing:us-east-1:029094599989:targetgroup/vault-20210816231714519700000006/bc422b653346199e",
            "arn_suffix": "targetgroup/vault-20210816231714519700000006/bc422b653346199e",
            "deregistration_delay": 30,
            "health_check": [
              {
                "enabled": true,
                "healthy_threshold": 3,
                "interval": 10,
                "matcher": "200",
                "path": "/v1/sys/health",
                "port": "traffic-port",
                "protocol": "HTTPS",
                "timeout": 5,
                "unhealthy_threshold": 3
              }
            ],
            "id": "arn:aws:elasticloadbalancing:us-east-1:029094599989:targetgroup/vault-20210816231714519700000006/bc422b653346199e",
            "lambda_multi_value_headers_enabled": false,
            "load_balancing_algorithm_type": "round_robin",
            "name": "vault-20210816231714519700000006",
            "name_prefix": "vault-",
            "port": 8200,
            "preserve_client_ip": null,
            "protocol": "HTTPS",
            "protocol_version": "HTTP1",
            "proxy_protocol_v2": false,
            "slow_start": 0,
            "stickiness": [
              {
                "cookie_duration": 86400,
                "cookie_name": "",
                "enabled": false,
                "type": "lb_cookie"
              }
            ],
            "tags": {
              "Name": "vault-prod-tg",
              "Project": "vault-prod"
            },
            "tags_all": {
              "Name": "vault-prod-tg",
              "Project": "vault-prod"
            },
            "target_type": "instance",
            "vpc_id": "vpc-068e9f8d29b3c62cc"
          },
          "sensitive_attributes": [],
          "private": "bnVsbA==",
          "dependencies": [
            "module.vault.data.aws_vpc.vault"
          ]
        }
      ]
    },
    {
      "module": "module.vault",
      "mode": "managed",
      "type": "aws_s3_bucket",
      "name": "vault_data",
      "provider": "module.vault.provider[\"registry.terraform.io/hashicorp/aws\"]",
      "instances": [
        {
          "schema_version": 0,
          "attributes": {
            "acceleration_status": "",
            "acl": "private",
            "arn": "arn:aws:s3:::vault-prod-20210816231714519900000007",
            "bucket": "vault-prod-20210816231714519900000007",
            "bucket_domain_name": "vault-prod-20210816231714519900000007.s3.amazonaws.com",
            "bucket_prefix": "vault-prod-",
            "bucket_regional_domain_name": "vault-prod-20210816231714519900000007.s3.amazonaws.com",
            "cors_rule": [],
            "force_destroy": false,
            "grant": [],
            "hosted_zone_id": "Z3AQBSTGFYJSTF",
            "id": "vault-prod-20210816231714519900000007",
            "lifecycle_rule": [],
            "logging": [],
            "object_lock_configuration": [],
            "policy": null,
            "region": "us-east-1",
            "replication_configuration": [],
            "request_payer": "BucketOwner",
            "server_side_encryption_configuration": [
              {
                "rule": [
                  {
                    "apply_server_side_encryption_by_default": [
                      {
                        "kms_master_key_id": "",
                        "sse_algorithm": "AES256"
                      }
                    ],
                    "bucket_key_enabled": false
                  }
                ]
              }
            ],
            "tags": {
              "Project": "vault-prod"
            },
            "tags_all": {
              "Project": "vault-prod"
            },
            "versioning": [
              {
                "enabled": false,
                "mfa_delete": false
              }
            ],
            "website": [],
            "website_domain": null,
            "website_endpoint": null
          },
          "sensitive_attributes": [],
          "private": "bnVsbA=="
        }
      ]
    },
    {
      "module": "module.vault",
      "mode": "managed",
      "type": "aws_s3_bucket_public_access_block",
      "name": "vault_data",
      "provider": "module.vault.provider[\"registry.terraform.io/hashicorp/aws\"]",
      "instances": [
        {
          "schema_version": 0,
          "attributes": {
            "block_public_acls": true,
            "block_public_policy": true,
            "bucket": "vault-prod-20210816231714519900000007",
            "id": "vault-prod-20210816231714519900000007",
            "ignore_public_acls": true,
            "restrict_public_buckets": true
          },
          "sensitive_attributes": [],
          "private": "bnVsbA==",
          "dependencies": [
            "module.vault.aws_s3_bucket.vault_data"
          ]
        }
      ]
    },
    {
      "module": "module.vault",
      "mode": "managed",
      "type": "aws_security_group",
      "name": "bastion",
      "provider": "module.vault.provider[\"registry.terraform.io/hashicorp/aws\"]",
      "instances": [
        {
          "schema_version": 1,
          "attributes": {
            "arn": "arn:aws:ec2:us-east-1:029094599989:security-group/sg-065f74c0227880cdc",
            "description": "Firewall for the operator bastion instance",
            "egress": [],
            "id": "sg-065f74c0227880cdc",
            "ingress": [],
            "name": "vault-prod-bastion-sg20210816231714518400000002",
            "name_prefix": "vault-prod-bastion-sg",
            "owner_id": "029094599989",
            "revoke_rules_on_delete": false,
            "tags": {
              "Name": "vault-prod-bastion-sg",
              "Project": "vault-prod"
            },
            "tags_all": {
              "Name": "vault-prod-bastion-sg",
              "Project": "vault-prod"
            },
            "timeouts": null,
            "vpc_id": "vpc-068e9f8d29b3c62cc"
          },
          "sensitive_attributes": [],
          "private": "eyJlMmJmYjczMC1lY2FhLTExZTYtOGY4OC0zNDM2M2JjN2M0YzAiOnsiY3JlYXRlIjo2MDAwMDAwMDAwMDAsImRlbGV0ZSI6OTAwMDAwMDAwMDAwfSwic2NoZW1hX3ZlcnNpb24iOiIxIn0=",
          "dependencies": [
            "module.vault.data.aws_vpc.vault"
          ]
        }
      ]
    },
    {
      "module": "module.vault",
      "mode": "managed",
      "type": "aws_security_group",
      "name": "kms_endpoint",
      "provider": "module.vault.provider[\"registry.terraform.io/hashicorp/aws\"]",
      "instances": [
        {
          "schema_version": 1,
          "attributes": {
            "arn": "arn:aws:ec2:us-east-1:029094599989:security-group/sg-09af9e005bae45721",
            "description": "Firewall for the KMS Endpoint.",
            "egress": [],
            "id": "sg-09af9e005bae45721",
            "ingress": [],
            "name": "vault-prod-kms-endpoint-sg20210816231714518400000003",
            "name_prefix": "vault-prod-kms-endpoint-sg",
            "owner_id": "029094599989",
            "revoke_rules_on_delete": false,
            "tags": {
              "Name": "vault-prod-kms-endpoint-sg",
              "Project": "vault-prod"
            },
            "tags_all": {
              "Name": "vault-prod-kms-endpoint-sg",
              "Project": "vault-prod"
            },
            "timeouts": null,
            "vpc_id": "vpc-068e9f8d29b3c62cc"
          },
          "sensitive_attributes": [],
          "private": "eyJlMmJmYjczMC1lY2FhLTExZTYtOGY4OC0zNDM2M2JjN2M0YzAiOnsiY3JlYXRlIjo2MDAwMDAwMDAwMDAsImRlbGV0ZSI6OTAwMDAwMDAwMDAwfSwic2NoZW1hX3ZlcnNpb24iOiIxIn0=",
          "dependencies": [
            "module.vault.data.aws_vpc.vault"
          ]
        }
      ]
    },
    {
      "module": "module.vault",
      "mode": "managed",
      "type": "aws_security_group",
      "name": "load_balancer",
      "provider": "module.vault.provider[\"registry.terraform.io/hashicorp/aws\"]",
      "instances": [
        {
          "schema_version": 1,
          "attributes": {
            "arn": "arn:aws:ec2:us-east-1:029094599989:security-group/sg-029f8b5c3230b6b07",
            "description": "Firewall for the application load balancer fronting the vault instances.",
            "egress": [],
            "id": "sg-029f8b5c3230b6b07",
            "ingress": [],
            "name": "vault-prod-alb-sg20210816231714518600000004",
            "name_prefix": "vault-prod-alb-sg",
            "owner_id": "029094599989",
            "revoke_rules_on_delete": false,
            "tags": {
              "Name": "vault-prod-alb-sg",
              "Project": "vault-prod"
            },
            "tags_all": {
              "Name": "vault-prod-alb-sg",
              "Project": "vault-prod"
            },
            "timeouts": null,
            "vpc_id": "vpc-068e9f8d29b3c62cc"
          },
          "sensitive_attributes": [],
          "private": "eyJlMmJmYjczMC1lY2FhLTExZTYtOGY4OC0zNDM2M2JjN2M0YzAiOnsiY3JlYXRlIjo2MDAwMDAwMDAwMDAsImRlbGV0ZSI6OTAwMDAwMDAwMDAwfSwic2NoZW1hX3ZlcnNpb24iOiIxIn0=",
          "dependencies": [
            "module.vault.data.aws_vpc.vault"
          ]
        }
      ]
    },
    {
      "module": "module.vault",
      "mode": "managed",
      "type": "aws_security_group",
      "name": "vault_instance",
      "provider": "module.vault.provider[\"registry.terraform.io/hashicorp/aws\"]",
      "instances": [
        {
          "schema_version": 1,
          "attributes": {
            "arn": "arn:aws:ec2:us-east-1:029094599989:security-group/sg-0a344dd9a36440b11",
            "description": "Firewall for the vault instances.",
            "egress": [],
            "id": "sg-0a344dd9a36440b11",
            "ingress": [],
            "name": "vault-prod-vault-instance-sg20210816231714518600000005",
            "name_prefix": "vault-prod-vault-instance-sg",
            "owner_id": "029094599989",
            "revoke_rules_on_delete": false,
            "tags": {
              "Name": "vault-prod-vault-instance-sg",
              "Project": "vault-prod"
            },
            "tags_all": {
              "Name": "vault-prod-vault-instance-sg",
              "Project": "vault-prod"
            },
            "timeouts": null,
            "vpc_id": "vpc-068e9f8d29b3c62cc"
          },
          "sensitive_attributes": [],
          "private": "eyJlMmJmYjczMC1lY2FhLTExZTYtOGY4OC0zNDM2M2JjN2M0YzAiOnsiY3JlYXRlIjo2MDAwMDAwMDAwMDAsImRlbGV0ZSI6OTAwMDAwMDAwMDAwfSwic2NoZW1hX3ZlcnNpb24iOiIxIn0=",
          "dependencies": [
            "module.vault.data.aws_vpc.vault"
          ]
        }
      ]
    },
    {
      "module": "module.vault",
      "mode": "managed",
      "type": "aws_security_group_rule",
      "name": "bastion_allow_22",
      "provider": "module.vault.provider[\"registry.terraform.io/hashicorp/aws\"]",
      "instances": [
        {
          "schema_version": 2,
          "attributes": {
            "cidr_blocks": [
              "0.0.0.0/0"
            ],
            "description": "Allow SSH traffic.",
            "from_port": 22,
            "id": "sgrule-1218635587",
            "ipv6_cidr_blocks": null,
            "prefix_list_ids": null,
            "protocol": "tcp",
            "security_group_id": "sg-065f74c0227880cdc",
            "self": false,
            "source_security_group_id": null,
            "to_port": 22,
            "type": "ingress"
          },
          "sensitive_attributes": [],
          "private": "eyJzY2hlbWFfdmVyc2lvbiI6IjIifQ==",
          "dependencies": [
            "module.vault.aws_security_group.bastion",
            "module.vault.data.aws_vpc.vault"
          ]
        }
      ]
    },
    {
      "module": "module.vault",
      "mode": "managed",
      "type": "aws_security_group_rule",
      "name": "bastion_allow_outbound",
      "provider": "module.vault.provider[\"registry.terraform.io/hashicorp/aws\"]",
      "instances": [
        {
          "schema_version": 2,
          "attributes": {
            "cidr_blocks": [
              "0.0.0.0/0"
            ],
            "description": "Allow any outbound traffic.",
            "from_port": 0,
            "id": "sgrule-3848719513",
            "ipv6_cidr_blocks": null,
            "prefix_list_ids": null,
            "protocol": "-1",
            "security_group_id": "sg-065f74c0227880cdc",
            "self": false,
            "source_security_group_id": null,
            "to_port": 0,
            "type": "egress"
          },
          "sensitive_attributes": [],
          "private": "eyJzY2hlbWFfdmVyc2lvbiI6IjIifQ==",
          "dependencies": [
            "module.vault.aws_security_group.bastion",
            "module.vault.data.aws_vpc.vault"
          ]
        }
      ]
    },
    {
      "module": "module.vault",
      "mode": "managed",
      "type": "aws_security_group_rule",
      "name": "kms_allow_outbound",
      "provider": "module.vault.provider[\"registry.terraform.io/hashicorp/aws\"]",
      "instances": [
        {
          "schema_version": 2,
          "attributes": {
            "cidr_blocks": [
              "0.0.0.0/0"
            ],
            "description": "Allow any outbound traffic.",
            "from_port": 0,
            "id": "sgrule-3997204743",
            "ipv6_cidr_blocks": null,
            "prefix_list_ids": null,
            "protocol": "-1",
            "security_group_id": "sg-09af9e005bae45721",
            "self": false,
            "source_security_group_id": null,
            "to_port": 0,
            "type": "egress"
          },
          "sensitive_attributes": [],
          "private": "eyJzY2hlbWFfdmVyc2lvbiI6IjIifQ==",
          "dependencies": [
            "module.vault.aws_security_group.kms_endpoint",
            "module.vault.data.aws_vpc.vault"
          ]
        }
      ]
    },
    {
      "module": "module.vault",
      "mode": "managed",
      "type": "aws_security_group_rule",
      "name": "load_balancer_allow_443",
      "provider": "module.vault.provider[\"registry.terraform.io/hashicorp/aws\"]",
      "instances": [
        {
          "schema_version": 2,
          "attributes": {
            "cidr_blocks": [
              "0.0.0.0/0"
            ],
            "description": "Allow HTTPS traffic.",
            "from_port": 443,
            "id": "sgrule-3820731861",
            "ipv6_cidr_blocks": [
              "::/0"
            ],
            "prefix_list_ids": null,
            "protocol": "tcp",
            "security_group_id": "sg-029f8b5c3230b6b07",
            "self": false,
            "source_security_group_id": null,
            "to_port": 443,
            "type": "ingress"
          },
          "sensitive_attributes": [],
          "private": "eyJzY2hlbWFfdmVyc2lvbiI6IjIifQ==",
          "dependencies": [
            "module.vault.aws_security_group.load_balancer",
            "module.vault.data.aws_vpc.vault"
          ]
        }
      ]
    },
    {
      "module": "module.vault",
      "mode": "managed",
      "type": "aws_security_group_rule",
      "name": "load_balancer_allow_80",
      "provider": "module.vault.provider[\"registry.terraform.io/hashicorp/aws\"]",
      "instances": [
        {
          "schema_version": 2,
          "attributes": {
            "cidr_blocks": [
              "0.0.0.0/0"
            ],
            "description": "Allow HTTP traffic.",
            "from_port": 80,
            "id": "sgrule-3733699688",
            "ipv6_cidr_blocks": [
              "::/0"
            ],
            "prefix_list_ids": null,
            "protocol": "tcp",
            "security_group_id": "sg-029f8b5c3230b6b07",
            "self": false,
            "source_security_group_id": null,
            "to_port": 80,
            "type": "ingress"
          },
          "sensitive_attributes": [],
          "private": "eyJzY2hlbWFfdmVyc2lvbiI6IjIifQ==",
          "dependencies": [
            "module.vault.aws_security_group.load_balancer",
            "module.vault.data.aws_vpc.vault"
          ]
        }
      ]
    },
    {
      "module": "module.vault",
      "mode": "managed",
      "type": "aws_security_group_rule",
      "name": "load_balancer_allow_outbound",
      "provider": "module.vault.provider[\"registry.terraform.io/hashicorp/aws\"]",
      "instances": [
        {
          "schema_version": 2,
          "attributes": {
            "cidr_blocks": [
              "0.0.0.0/0"
            ],
            "description": "Allow any outbound traffic.",
            "from_port": 0,
            "id": "sgrule-2955349685",
            "ipv6_cidr_blocks": [
              "::/0"
            ],
            "prefix_list_ids": null,
            "protocol": "-1",
            "security_group_id": "sg-029f8b5c3230b6b07",
            "self": false,
            "source_security_group_id": null,
            "to_port": 0,
            "type": "egress"
          },
          "sensitive_attributes": [],
          "private": "eyJzY2hlbWFfdmVyc2lvbiI6IjIifQ==",
          "dependencies": [
            "module.vault.aws_security_group.load_balancer",
            "module.vault.data.aws_vpc.vault"
          ]
        }
      ]
    },
    {
      "module": "module.vault",
      "mode": "managed",
      "type": "aws_security_group_rule",
      "name": "vault_instance_allow_22_bastion",
      "provider": "module.vault.provider[\"registry.terraform.io/hashicorp/aws\"]",
      "instances": [
        {
          "schema_version": 2,
          "attributes": {
            "cidr_blocks": null,
            "description": "Allow SSH traffic from vault bastion.",
            "from_port": 22,
            "id": "sgrule-255373822",
            "ipv6_cidr_blocks": null,
            "prefix_list_ids": null,
            "protocol": "tcp",
            "security_group_id": "sg-0a344dd9a36440b11",
            "self": false,
            "source_security_group_id": "sg-065f74c0227880cdc",
            "to_port": 22,
            "type": "ingress"
          },
          "sensitive_attributes": [],
          "private": "eyJzY2hlbWFfdmVyc2lvbiI6IjIifQ==",
          "dependencies": [
            "module.vault.aws_security_group.bastion",
            "module.vault.aws_security_group.vault_instance",
            "module.vault.data.aws_vpc.vault"
          ]
        }
      ]
    },
    {
      "module": "module.vault",
      "mode": "managed",
      "type": "aws_security_group_rule",
      "name": "vault_instance_allow_443",
      "provider": "module.vault.provider[\"registry.terraform.io/hashicorp/aws\"]",
      "instances": [
        {
          "schema_version": 2,
          "attributes": {
            "cidr_blocks": null,
            "description": "Allow HTTPS traffic from vault instances.",
            "from_port": 443,
            "id": "sgrule-1218744235",
            "ipv6_cidr_blocks": null,
            "prefix_list_ids": null,
            "protocol": "tcp",
            "security_group_id": "sg-09af9e005bae45721",
            "self": false,
            "source_security_group_id": "sg-0a344dd9a36440b11",
            "to_port": 443,
            "type": "ingress"
          },
          "sensitive_attributes": [],
          "private": "eyJzY2hlbWFfdmVyc2lvbiI6IjIifQ==",
          "dependencies": [
            "module.vault.aws_security_group.kms_endpoint",
            "module.vault.aws_security_group.vault_instance",
            "module.vault.data.aws_vpc.vault"
          ]
        }
      ]
    },
    {
      "module": "module.vault",
      "mode": "managed",
      "type": "aws_security_group_rule",
      "name": "vault_instance_allow_80",
      "provider": "module.vault.provider[\"registry.terraform.io/hashicorp/aws\"]",
      "instances": [
        {
          "schema_version": 2,
          "attributes": {
            "cidr_blocks": null,
            "description": "Allow HTTP traffic from vault instances.",
            "from_port": 80,
            "id": "sgrule-1302516568",
            "ipv6_cidr_blocks": null,
            "prefix_list_ids": null,
            "protocol": "tcp",
            "security_group_id": "sg-09af9e005bae45721",
            "self": false,
            "source_security_group_id": "sg-0a344dd9a36440b11",
            "to_port": 80,
            "type": "ingress"
          },
          "sensitive_attributes": [],
          "private": "eyJzY2hlbWFfdmVyc2lvbiI6IjIifQ==",
          "dependencies": [
            "module.vault.aws_security_group.kms_endpoint",
            "module.vault.aws_security_group.vault_instance",
            "module.vault.data.aws_vpc.vault"
          ]
        }
      ]
    },
    {
      "module": "module.vault",
      "mode": "managed",
      "type": "aws_security_group_rule",
      "name": "vault_instance_allow_8200",
      "provider": "module.vault.provider[\"registry.terraform.io/hashicorp/aws\"]",
      "instances": [
        {
          "schema_version": 2,
          "attributes": {
            "cidr_blocks": null,
            "description": "Allow traffic from Load Balancer.",
            "from_port": 8200,
            "id": "sgrule-1691535051",
            "ipv6_cidr_blocks": null,
            "prefix_list_ids": null,
            "protocol": "tcp",
            "security_group_id": "sg-0a344dd9a36440b11",
            "self": false,
            "source_security_group_id": "sg-029f8b5c3230b6b07",
            "to_port": 8200,
            "type": "ingress"
          },
          "sensitive_attributes": [],
          "private": "eyJzY2hlbWFfdmVyc2lvbiI6IjIifQ==",
          "dependencies": [
            "module.vault.aws_security_group.load_balancer",
            "module.vault.aws_security_group.vault_instance",
            "module.vault.data.aws_vpc.vault"
          ]
        }
      ]
    },
    {
      "module": "module.vault",
      "mode": "managed",
      "type": "aws_security_group_rule",
      "name": "vault_instance_allow_8201",
      "provider": "module.vault.provider[\"registry.terraform.io/hashicorp/aws\"]",
      "instances": [
        {
          "schema_version": 2,
          "attributes": {
            "cidr_blocks": null,
            "description": "Allow traffic from fellow vault instances that have this SG.",
            "from_port": 8201,
            "id": "sgrule-2383388505",
            "ipv6_cidr_blocks": null,
            "prefix_list_ids": null,
            "protocol": "tcp",
            "security_group_id": "sg-0a344dd9a36440b11",
            "self": true,
            "source_security_group_id": null,
            "to_port": 8201,
            "type": "ingress"
          },
          "sensitive_attributes": [],
          "private": "eyJzY2hlbWFfdmVyc2lvbiI6IjIifQ==",
          "dependencies": [
            "module.vault.aws_security_group.vault_instance",
            "module.vault.data.aws_vpc.vault"
          ]
        }
      ]
    },
    {
      "module": "module.vault",
      "mode": "managed",
      "type": "aws_security_group_rule",
      "name": "vault_instance_allow_outbound",
      "provider": "module.vault.provider[\"registry.terraform.io/hashicorp/aws\"]",
      "instances": [
        {
          "schema_version": 2,
          "attributes": {
            "cidr_blocks": [
              "0.0.0.0/0"
            ],
            "description": "Allow any outbound traffic.",
            "from_port": 0,
            "id": "sgrule-2748486390",
            "ipv6_cidr_blocks": null,
            "prefix_list_ids": null,
            "protocol": "-1",
            "security_group_id": "sg-0a344dd9a36440b11",
            "self": false,
            "source_security_group_id": null,
            "to_port": 0,
            "type": "egress"
          },
          "sensitive_attributes": [],
          "private": "eyJzY2hlbWFfdmVyc2lvbiI6IjIifQ==",
          "dependencies": [
            "module.vault.aws_security_group.vault_instance",
            "module.vault.data.aws_vpc.vault"
          ]
        }
      ]
    },
    {
      "module": "module.vault",
      "mode": "managed",
      "type": "local_file",
      "name": "userdata_compiled",
      "provider": "provider[\"registry.terraform.io/hashicorp/local\"]",
      "instances": [
        {
          "schema_version": 0,
          "attributes": {
            "content": "Content-Type: multipart/mixed; boundary=\"==BOUNDARY==\"\nMIME-Version: 1.0\n\n--==BOUNDARY==\nContent-Type: text/x-shellscript; charset=\"us-ascii\"\n\n#!/bin/bash\nset -e\n\n# Run Order: 1\n# Run Frequency: only once, on first boot\n\n# Tasks:\n# - Install Dependencies\n# - Make users and directories\n# - Install download, unzip, and setup vault bin\n\n# Note: dollar-sign curly braces are template values from Terraform.\n# Non curly brace ones are normal bash variables...\n\nyum update -y\nyum install -y jq\n\n# Make the user\nuseradd --system --shell /sbin/nologin vault\n\n# Make the directories\nmkdir -p /opt/vault\nmkdir -p /opt/vault/bin\nmkdir -p /opt/vault/config\nmkdir -p /opt/vault/tls\n\n# Give corret permissions\nchmod 755 /opt/vault\nchmod 755 /opt/vault/bin\n\n# Change ownership to vault user\nchown -R vault:vault /opt/vault\n\n# Get the HashiCorp PGP\ncurl https://keybase.io/hashicorp/pgp_keys.asc | gpg --import\n\n# Download vault and signatures\ncurl -Os https://releases.hashicorp.com/vault/1.7.1/vault_1.7.1_linux_amd64.zip\ncurl -Os https://releases.hashicorp.com/vault/1.7.1/vault_1.7.1_SHA256SUMS\ncurl -Os https://releases.hashicorp.com/vault/1.7.1/vault_1.7.1_SHA256SUMS.sig\n\n# Verify Signatres\ngpg --verify vault_1.7.1_SHA256SUMS.sig vault_1.7.1_SHA256SUMS\ncat vault_1.7.1_SHA256SUMS | grep vault_1.7.1_linux_amd64.zip | sha256sum -c\n\n# unzip and move to /opt/vault/bin\nunzip vault_1.7.1_linux_amd64.zip\nmv vault /opt/vault/bin\n\n# give ownership to the vault user\nchown vault:vault /opt/vault/bin/vault\n\n# create a symlink\nln -s /opt/vault/bin/vault /usr/local/bin/vault\n\n# allow vault permissions to use mlock and prevent memory from swapping to disk\nsetcap cap_ipc_lock=+ep /opt/vault/bin/vault\n\n# cleanup files\nrm vault_1.7.1_linux_amd64.zip\nrm vault_1.7.1_SHA256SUMS\nrm vault_1.7.1_SHA256SUMS.sig\n\n--==BOUNDARY==\nContent-Type: text/x-shellscript; charset=\"us-ascii\"\n\n#!/bin/bash\nset -e\n\n# Run Order: 2\n# Run Frequency: only once, on first boot\n\n# Tasks:\n# - Fetch needed data\n# - Create Self-Signed Certificate and Key\n\nINSTANCE_IP_ADDR=$(curl http://169.254.169.254/latest/meta-data/local-ipv4)\nINSTANCE_DNS_NAME=$(curl http://169.254.169.254/latest/meta-data/local-hostname)\n\n# Used for encryption between the load balancer and vault instances.\n# Th other alternatives are either creating an entire, private CA and hoping AWS\n# eventually adds the ability to add trusted CAs to load balancers...\n# ...or paying $400/month base for the ACM private CA.\nopenssl req -x509 -sha256 -nodes \\\n  -newkey rsa:4096 -days 3650 \\\n  -keyout /opt/vault/tls/vault.key -out /opt/vault/tls/vault.crt \\\n  -subj \"/CN=$INSTANCE_DNS_NAME\" \\\n  -extensions san \\\n  -config \u003c(cat /etc/pki/tls/openssl.cnf \u003c(echo -e \"\\n[san]\\nsubjectAltName=DNS:$INSTANCE_DNS_NAME,IP:$INSTANCE_IP_ADDR\"))\n\nchown vault:vault /opt/vault/tls/vault.key\nchown vault:vault /opt/vault/tls/vault.crt\n\nchmod 640 /opt/vault/tls/vault.key\nchmod 644 /opt/vault/tls/vault.crt\n\n# Trust the certificate\ncp /opt/vault/tls/vault.crt /etc/pki/tls/certs/vault.crt\n\n--==BOUNDARY==\nContent-Type: text/x-shellscript; charset=\"us-ascii\"\n\n#!/bin/bash\nset -e\n\n# Run Order: 3\n# Run Frequency: only once, on first boot\n\n# Tasks:\n# - Make the vault config file\n# - Make the systemd service file\n\n# The vault config file\ncat \u003e /opt/vault/config/server.hcl \u003c\u003c- EOF\ncluster_name = \"vault-prod\"\nmax_lease_ttl = \"192h\"\ndefault_lease_ttl = \"192h\"\nui  = \"true\"\n\n# Where can the Vault API be reached?  At DNS for the load balancer, or the CNAME created.\n# Note: this maps to the environment variable VAULT_API_ADDR not VAULT_ADDR\napi_addr = \"https://prod.vault.n3twork.com\"\n\n# For forwarding between vault servers.  Set to own ip.\ncluster_addr = \"https://INSTANCE_IP_ADDR:8201\"\n\n# Auto unseal the vault\nseal \"awskms\" {\n  region = \"us-east-1\"\n  kms_key_id = \"f6803787-d232-4f5a-aeac-db7ced848cb7\"\n}\n\n# Listener for loopback\nlistener \"tcp\" {\n  address = \"127.0.0.1:8199\"\n  tls_disable = \"true\"\n}\n\n# Listener for private network\nlistener \"tcp\" {\n  address = \"INSTANCE_IP_ADDR:8200\"\n  cluster_address = \"INSTANCE_IP_ADDR:8201\"\n\n  tls_disable = \"false\"\n  tls_cert_file = \"/opt/vault/tls/vault.crt\"\n  tls_key_file = \"/opt/vault/tls/vault.key\"\n}\n\nstorage \"dynamodb\" {\n  ha_enabled = \"true\"\n  region = \"us-east-1\"\n  table = \"vault_prod_storage\"\n}\nEOF\n\nchown vault:vault /opt/vault/config/server.hcl\n\n# The systemd service file\ncat \u003e /etc/systemd/system/vault.service \u003c\u003c- EOF\n[Unit]\nDescription=Vault Server on AWS\nRequires=network-online.target\nAfter=network-online.target\n\n[Service]\nUser=vault\nGroup=vault\nProtectSystem=full\nProtectHome=read-only\nPrivateTmp=yes\nPrivateDevices=yes\nSecureBits=keep-caps\nAmbientCapabilities=CAP_IPC_LOCK\nCapabilities=CAP_IPC_LOCK+ep\nCapabilityBoundingSet=CAP_SYSLOG CAP_IPC_LOCK\nNoNewPrivileges=yes\nExecStart=/opt/vault/bin/vault server -config=/opt/vault/config/ -log-level=info\nExecReload=/bin/kill --signal HUP \\$MAINPID\nKillMode=process\nKillSignal=SIGINT\nRestart=on-failure\nRestartSec=5\nTimeoutStopSec=30\nStartLimitInterval=60\nStartLimitBurst=3\nLimitNOFILE=65536\n\n[Install]\nWantedBy=multi-user.target\nEOF\n\n--==BOUNDARY==\nContent-Type: text/x-shellscript; charset=\"us-ascii\"\n\n#!/bin/bash\nset -e\n\n# Run Order: 4\n# Run Frequency: only once, on first boot\n\n# Tasks:\n# - Replace values in configuration files with instance metadata\n# - Start vault\n\nINSTANCE_IP_ADDR=$(curl http://169.254.169.254/latest/meta-data/local-ipv4)\nsed -i -e \"s/INSTANCE_IP_ADDR/$INSTANCE_IP_ADDR/g\" /opt/vault/config/server.hcl\n\nsystemctl daemon-reload\nsystemctl enable vault\nsystemctl restart vault\n\n--==BOUNDARY==\nContent-Type: text/x-shellscript; charset=\"us-ascii\"\n\n#!/bin/bash\nset -e\n\n# Run Order: 5\n# Run Frequency: only once, on first boot\n\n# Tasks:\n# - Initialize Vault\n# - Create credentials file\n# - Encrypt the file via KMS\n# - Send the file to S3\n# - Delete the local file\n# - Erase bash history\n\n# Workaround to make sure the vault service is fully initialized.\nsleep 20\n\nexport VAULT_ADDR=\"http://127.0.0.1:8199\"\nexport AWS_DEFAULT_REGION=\"us-east-1\"\nexport VAULT_INITIALIZED=$(vault operator init -status) # avoid non-zero exit status\n\nfunction initialize_vault {\n  # initialize and pipe to file\n  vault operator init \u003e vault_credentials.txt\n\n  # encrypt it with the KMS key\n  aws kms encrypt --key-id f6803787-d232-4f5a-aeac-db7ced848cb7 --plaintext fileb://vault_credentials.txt --output text --query CiphertextBlob | base64 --decode \u003e vault_creds_encrypted\n\n  # send the encrypted file to the s3 bucket\n  aws s3 cp vault_creds_encrypted s3://vault-prod-20210816231714519900000007/\n\n  # cleanup\n  rm vault_credentials.txt\n  rm vault_creds_encrypted\n  history -c\n  history -w\n}\n\nif [ \"$VAULT_INITIALIZED\" = \"Vault is initialized\" ]; then\n  echo \"Vault is already initialized.\"\nelse\n  echo \"Initializing vault...\"\n  initialize_vault\nfi\n\n--==BOUNDARY==--",
            "content_base64": null,
            "directory_permission": "0777",
            "file_permission": "0777",
            "filename": "../../temp/vault-prod/userdata_compiled.sh",
            "id": "d2074b0a59cf24c201fc59736819052cf981f299",
            "sensitive_content": null,
            "source": null
          },
          "sensitive_attributes": [],
          "private": "bnVsbA==",
          "dependencies": [
            "module.vault.aws_kms_key.seal",
            "module.vault.aws_s3_bucket.vault_data",
            "module.vault.data.aws_region.current"
          ]
        }
      ]
    },
    {
      "module": "module.vault",
      "mode": "managed",
      "type": "local_file",
      "name": "vault_credentials",
      "provider": "provider[\"registry.terraform.io/hashicorp/local\"]",
      "instances": [
        {
          "schema_version": 0,
          "attributes": {
            "content": "#!/bin/bash\n\n# This grabs the encrypted credentials file and decrypts it.\n\naws --profile vault --region us-east-1 s3 cp s3://vault-prod-20210816231714519900000007/vault_creds_encrypted ./temp/vault_creds_encrypted\naws --profile vault --region us-east-1 kms decrypt --key-id f6803787-d232-4f5a-aeac-db7ced848cb7 --ciphertext-blob fileb://temp/vault_creds_encrypted --output text --query Plaintext | base64 --decode \u003e ./temp/vault_creds_decrypted\n\necho \"\"\necho \"Vault crednetials decrypted.  Find them at ./temp/vault_creds_decrypted\"\necho \"----\"\necho \"Load Balancer DNS Name: vault-20210816231720450000000009-1312653588.us-east-1.elb.amazonaws.com\"\necho \"\"",
            "content_base64": null,
            "directory_permission": "0777",
            "file_permission": "0777",
            "filename": "../../temp/vault-prod/vault_credentials.sh",
            "id": "b0f51ce9d3ed32ff91b459d8a837e5a4ae59a442",
            "sensitive_content": null,
            "source": null
          },
          "sensitive_attributes": [],
          "private": "bnVsbA==",
          "dependencies": [
            "module.vault.aws_kms_key.seal",
            "module.vault.aws_lb.alb",
            "module.vault.aws_s3_bucket.vault_data",
            "module.vault.aws_security_group.load_balancer",
            "module.vault.data.aws_region.current",
            "module.vault.data.aws_subnet_ids.public",
            "module.vault.data.aws_vpc.vault"
          ]
        }
      ]
    }
  ]
}
